{
    "version": 3,
    "terraform_version": "0.11.13",
    "serial": 154,
    "lineage": "e2ac14a9-7271-7adc-88f5-7ab2c3df4313",
    "modules": [
        {
            "path": [
                "root"
            ],
            "outputs": {
                "ansible_ip": {
                    "sensitive": false,
                    "type": "string",
                    "value": "18.195.47.4"
                },
                "db_cluster_address": {
                    "sensitive": false,
                    "type": "string",
                    "value": "sportal-prod-cluster.cluster-ctap8klh1uup.eu-central-1.rds.amazonaws.com"
                },
                "dns_nameserver": {
                    "sensitive": false,
                    "type": "list",
                    "value": [
                        "ns-0.awsdns-00.com.",
                        "ns-1024.awsdns-00.org.",
                        "ns-1536.awsdns-00.co.uk.",
                        "ns-512.awsdns-00.net."
                    ]
                },
                "efs_cms_dns": {
                    "sensitive": false,
                    "type": "string",
                    "value": "fs-2261ff7b.efs.eu-central-1.amazonaws.com"
                },
                "efs_web_dns": {
                    "sensitive": false,
                    "type": "string",
                    "value": "fs-2161ff78.efs.eu-central-1.amazonaws.com"
                },
                "openvpn_ip": {
                    "sensitive": false,
                    "type": "string",
                    "value": "3.122.96.162"
                },
                "sportal_web_sg": {
                    "sensitive": false,
                    "type": "string",
                    "value": "sg-0d2de14d420ad42b6"
                }
            },
            "resources": {
                "aws_db_subnet_group.sportal_subnet_group": {
                    "type": "aws_db_subnet_group",
                    "depends_on": [
                        "aws_subnet.db_subnet_a",
                        "aws_subnet.db_subnet_b",
                        "aws_subnet.db_subnet_c"
                    ],
                    "primary": {
                        "id": "sportal-prod_aurora_db_subnet_group",
                        "attributes": {
                            "arn": "arn:aws:rds:eu-central-1:884237813524:subgrp:sportal-prod_aurora_db_subnet_group",
                            "description": "Allowed subnets for Aurora DB cluster instances",
                            "id": "sportal-prod_aurora_db_subnet_group",
                            "name": "sportal-prod_aurora_db_subnet_group",
                            "subnet_ids.#": "3",
                            "subnet_ids.2580309650": "subnet-03a85e5a1c073c63e",
                            "subnet_ids.3597603419": "subnet-009978f7ad234ba51",
                            "subnet_ids.994857389": "subnet-0b58400b0db9a3c44",
                            "tags.%": "4",
                            "tags.Application": "sportal",
                            "tags.Environment": "sportal-prod",
                            "tags.ManagedBy": "terraform",
                            "tags.Name": "sportal-prod-Aurora-DB-Subnet-Group"
                        },
                        "meta": {},
                        "tainted": false
                    },
                    "deposed": [],
                    "provider": "provider.aws"
                },
                "aws_dynamodb_table.dynamodb-terraform-state-lock": {
                    "type": "aws_dynamodb_table",
                    "depends_on": [],
                    "primary": {
                        "id": "terraform.dynamo.lock",
                        "attributes": {
                            "arn": "arn:aws:dynamodb:eu-central-1:884237813524:table/terraform.dynamo.lock",
                            "attribute.#": "1",
                            "attribute.2068930648.name": "LockID",
                            "attribute.2068930648.type": "S",
                            "billing_mode": "PROVISIONED",
                            "global_secondary_index.#": "0",
                            "hash_key": "LockID",
                            "id": "terraform.dynamo.lock",
                            "local_secondary_index.#": "0",
                            "name": "terraform.dynamo.lock",
                            "point_in_time_recovery.#": "1",
                            "point_in_time_recovery.0.enabled": "false",
                            "read_capacity": "20",
                            "server_side_encryption.#": "0",
                            "stream_arn": "",
                            "stream_enabled": "false",
                            "stream_label": "",
                            "stream_view_type": "",
                            "tags.%": "1",
                            "tags.Name": "DynamoDB Terraform State Lock Table",
                            "ttl.#": "0",
                            "write_capacity": "20"
                        },
                        "meta": {
                            "e2bfb730-ecaa-11e6-8f88-34363bc7c4c0": {
                                "create": 600000000000,
                                "delete": 600000000000,
                                "update": 600000000000
                            },
                            "schema_version": "1"
                        },
                        "tainted": false
                    },
                    "deposed": [],
                    "provider": "provider.aws"
                },
                "aws_efs_file_system.sportal-cms": {
                    "type": "aws_efs_file_system",
                    "depends_on": [],
                    "primary": {
                        "id": "fs-2261ff7b",
                        "attributes": {
                            "arn": "arn:aws:elasticfilesystem:eu-central-1:884237813524:file-system/fs-2261ff7b",
                            "creation_token": "sportalcms",
                            "dns_name": "fs-2261ff7b.efs.eu-central-1.amazonaws.com",
                            "encrypted": "true",
                            "id": "fs-2261ff7b",
                            "kms_key_id": "arn:aws:kms:eu-central-1:884237813524:key/77b0ecc2-3313-4bd9-ac4a-e3af3a5bcd00",
                            "performance_mode": "generalPurpose",
                            "provisioned_throughput_in_mibps": "0",
                            "tags.%": "2",
                            "tags.Application": "sportal",
                            "tags.Name": "Sportal_cms_EFS",
                            "throughput_mode": "bursting"
                        },
                        "meta": {},
                        "tainted": false
                    },
                    "deposed": [],
                    "provider": "provider.aws"
                },
                "aws_efs_file_system.sportal-web": {
                    "type": "aws_efs_file_system",
                    "depends_on": [],
                    "primary": {
                        "id": "fs-2161ff78",
                        "attributes": {
                            "arn": "arn:aws:elasticfilesystem:eu-central-1:884237813524:file-system/fs-2161ff78",
                            "creation_token": "sportalweb",
                            "dns_name": "fs-2161ff78.efs.eu-central-1.amazonaws.com",
                            "encrypted": "true",
                            "id": "fs-2161ff78",
                            "kms_key_id": "arn:aws:kms:eu-central-1:884237813524:key/77b0ecc2-3313-4bd9-ac4a-e3af3a5bcd00",
                            "performance_mode": "generalPurpose",
                            "provisioned_throughput_in_mibps": "256",
                            "tags.%": "2",
                            "tags.Application": "sportal",
                            "tags.Name": "Sportal_web_EFS",
                            "throughput_mode": "provisioned"
                        },
                        "meta": {},
                        "tainted": false
                    },
                    "deposed": [],
                    "provider": "provider.aws"
                },
                "aws_efs_file_system.sportal-web2": {
                    "type": "aws_efs_file_system",
                    "depends_on": [],
                    "primary": {
                        "id": "fs-bb7e1ce2",
                        "attributes": {
                            "arn": "arn:aws:elasticfilesystem:eu-central-1:884237813524:file-system/fs-bb7e1ce2",
                            "creation_token": "sportalweb2",
                            "dns_name": "fs-bb7e1ce2.efs.eu-central-1.amazonaws.com",
                            "encrypted": "false",
                            "id": "fs-bb7e1ce2",
                            "kms_key_id": "",
                            "performance_mode": "maxIO",
                            "provisioned_throughput_in_mibps": "0",
                            "tags.%": "2",
                            "tags.Application": "sportal",
                            "tags.Name": "Sportal_web_EFS2",
                            "throughput_mode": "bursting"
                        },
                        "meta": {},
                        "tainted": false
                    },
                    "deposed": [],
                    "provider": "provider.aws"
                },
                "aws_efs_mount_target.sportal-cms-efs-mount-a": {
                    "type": "aws_efs_mount_target",
                    "depends_on": [
                        "aws_efs_file_system.sportal-cms",
                        "aws_security_group.sportal_cms_efs",
                        "aws_subnet.sportal_cms_efs_a"
                    ],
                    "primary": {
                        "id": "fsmt-730dad2a",
                        "attributes": {
                            "dns_name": "fs-2261ff7b.efs.eu-central-1.amazonaws.com",
                            "file_system_arn": "arn:aws:elasticfilesystem:eu-central-1:884237813524:file-system/fs-2261ff7b",
                            "file_system_id": "fs-2261ff7b",
                            "id": "fsmt-730dad2a",
                            "ip_address": "172.24.1.136",
                            "network_interface_id": "eni-06a0a3d8c09d62a1a",
                            "security_groups.#": "1",
                            "security_groups.2828345436": "sg-087c39b73f04941ee",
                            "subnet_id": "subnet-0741fa406770aecd2"
                        },
                        "meta": {},
                        "tainted": false
                    },
                    "deposed": [],
                    "provider": "provider.aws"
                },
                "aws_efs_mount_target.sportal-cms-efs-mount-b": {
                    "type": "aws_efs_mount_target",
                    "depends_on": [
                        "aws_efs_file_system.sportal-cms",
                        "aws_security_group.sportal_cms_efs",
                        "aws_subnet.sportal_cms_efs_b"
                    ],
                    "primary": {
                        "id": "fsmt-750dad2c",
                        "attributes": {
                            "dns_name": "fs-2261ff7b.efs.eu-central-1.amazonaws.com",
                            "file_system_arn": "arn:aws:elasticfilesystem:eu-central-1:884237813524:file-system/fs-2261ff7b",
                            "file_system_id": "fs-2261ff7b",
                            "id": "fsmt-750dad2c",
                            "ip_address": "172.24.1.156",
                            "network_interface_id": "eni-0166671743f934079",
                            "security_groups.#": "1",
                            "security_groups.2828345436": "sg-087c39b73f04941ee",
                            "subnet_id": "subnet-02975ab8183840c9e"
                        },
                        "meta": {},
                        "tainted": false
                    },
                    "deposed": [],
                    "provider": "provider.aws"
                },
                "aws_efs_mount_target.sportal-cms-efs-mount-c": {
                    "type": "aws_efs_mount_target",
                    "depends_on": [
                        "aws_efs_file_system.sportal-cms",
                        "aws_security_group.sportal_cms_efs",
                        "aws_subnet.sportal_cms_efs_c"
                    ],
                    "primary": {
                        "id": "fsmt-770dad2e",
                        "attributes": {
                            "dns_name": "fs-2261ff7b.efs.eu-central-1.amazonaws.com",
                            "file_system_arn": "arn:aws:elasticfilesystem:eu-central-1:884237813524:file-system/fs-2261ff7b",
                            "file_system_id": "fs-2261ff7b",
                            "id": "fsmt-770dad2e",
                            "ip_address": "172.24.1.174",
                            "network_interface_id": "eni-0257855248b16b258",
                            "security_groups.#": "1",
                            "security_groups.2828345436": "sg-087c39b73f04941ee",
                            "subnet_id": "subnet-03b3eb00de0f176e7"
                        },
                        "meta": {},
                        "tainted": false
                    },
                    "deposed": [],
                    "provider": "provider.aws"
                },
                "aws_efs_mount_target.sportal-web-efs-mount-a": {
                    "type": "aws_efs_mount_target",
                    "depends_on": [
                        "aws_efs_file_system.sportal-web",
                        "aws_security_group.sportal_web_efs",
                        "aws_subnet.sportal_web_efs_a"
                    ],
                    "primary": {
                        "id": "fsmt-7f0dad26",
                        "attributes": {
                            "dns_name": "fs-2161ff78.efs.eu-central-1.amazonaws.com",
                            "file_system_arn": "arn:aws:elasticfilesystem:eu-central-1:884237813524:file-system/fs-2161ff78",
                            "file_system_id": "fs-2161ff78",
                            "id": "fsmt-7f0dad26",
                            "ip_address": "172.24.1.85",
                            "network_interface_id": "eni-09a8b34613b328905",
                            "security_groups.#": "1",
                            "security_groups.188943129": "sg-0cdbb4032ad4e938f",
                            "subnet_id": "subnet-05d4e355a5770aceb"
                        },
                        "meta": {},
                        "tainted": false
                    },
                    "deposed": [],
                    "provider": "provider.aws"
                },
                "aws_efs_mount_target.sportal-web-efs-mount-b": {
                    "type": "aws_efs_mount_target",
                    "depends_on": [
                        "aws_efs_file_system.sportal-web",
                        "aws_security_group.sportal_web_efs",
                        "aws_subnet.sportal_web_efs_b"
                    ],
                    "primary": {
                        "id": "fsmt-710dad28",
                        "attributes": {
                            "dns_name": "fs-2161ff78.efs.eu-central-1.amazonaws.com",
                            "file_system_arn": "arn:aws:elasticfilesystem:eu-central-1:884237813524:file-system/fs-2161ff78",
                            "file_system_id": "fs-2161ff78",
                            "id": "fsmt-710dad28",
                            "ip_address": "172.24.1.103",
                            "network_interface_id": "eni-0912dd64185c9561f",
                            "security_groups.#": "1",
                            "security_groups.188943129": "sg-0cdbb4032ad4e938f",
                            "subnet_id": "subnet-03862aedbcd22ea46"
                        },
                        "meta": {},
                        "tainted": false
                    },
                    "deposed": [],
                    "provider": "provider.aws"
                },
                "aws_efs_mount_target.sportal-web-efs-mount-c": {
                    "type": "aws_efs_mount_target",
                    "depends_on": [
                        "aws_efs_file_system.sportal-web",
                        "aws_security_group.sportal_web_efs",
                        "aws_subnet.sportal_web_efs_c"
                    ],
                    "primary": {
                        "id": "fsmt-700dad29",
                        "attributes": {
                            "dns_name": "fs-2161ff78.efs.eu-central-1.amazonaws.com",
                            "file_system_arn": "arn:aws:elasticfilesystem:eu-central-1:884237813524:file-system/fs-2161ff78",
                            "file_system_id": "fs-2161ff78",
                            "id": "fsmt-700dad29",
                            "ip_address": "172.24.1.116",
                            "network_interface_id": "eni-0bbf74c091952143b",
                            "security_groups.#": "1",
                            "security_groups.188943129": "sg-0cdbb4032ad4e938f",
                            "subnet_id": "subnet-04408bd973f28f7f2"
                        },
                        "meta": {},
                        "tainted": false
                    },
                    "deposed": [],
                    "provider": "provider.aws"
                },
                "aws_efs_mount_target.sportal-web-efs2-mount-a": {
                    "type": "aws_efs_mount_target",
                    "depends_on": [
                        "aws_efs_file_system.sportal-web2",
                        "aws_security_group.sportal_web_efs",
                        "aws_subnet.sportal_web_efs_a"
                    ],
                    "primary": {
                        "id": "fsmt-ff8d23a6",
                        "attributes": {
                            "dns_name": "fs-bb7e1ce2.efs.eu-central-1.amazonaws.com",
                            "file_system_arn": "arn:aws:elasticfilesystem:eu-central-1:884237813524:file-system/fs-bb7e1ce2",
                            "file_system_id": "fs-bb7e1ce2",
                            "id": "fsmt-ff8d23a6",
                            "ip_address": "172.24.1.93",
                            "network_interface_id": "eni-03e6610725eb40165",
                            "security_groups.#": "1",
                            "security_groups.188943129": "sg-0cdbb4032ad4e938f",
                            "subnet_id": "subnet-05d4e355a5770aceb"
                        },
                        "meta": {},
                        "tainted": false
                    },
                    "deposed": [],
                    "provider": "provider.aws"
                },
                "aws_efs_mount_target.sportal-web-efs2-mount-b": {
                    "type": "aws_efs_mount_target",
                    "depends_on": [
                        "aws_efs_file_system.sportal-web2",
                        "aws_security_group.sportal_web_efs",
                        "aws_subnet.sportal_web_efs_b"
                    ],
                    "primary": {
                        "id": "fsmt-fe8d23a7",
                        "attributes": {
                            "dns_name": "fs-bb7e1ce2.efs.eu-central-1.amazonaws.com",
                            "file_system_arn": "arn:aws:elasticfilesystem:eu-central-1:884237813524:file-system/fs-bb7e1ce2",
                            "file_system_id": "fs-bb7e1ce2",
                            "id": "fsmt-fe8d23a7",
                            "ip_address": "172.24.1.104",
                            "network_interface_id": "eni-03079fb5da6cf3e22",
                            "security_groups.#": "1",
                            "security_groups.188943129": "sg-0cdbb4032ad4e938f",
                            "subnet_id": "subnet-03862aedbcd22ea46"
                        },
                        "meta": {},
                        "tainted": false
                    },
                    "deposed": [],
                    "provider": "provider.aws"
                },
                "aws_efs_mount_target.sportal-web-efs2-mount-c": {
                    "type": "aws_efs_mount_target",
                    "depends_on": [
                        "aws_efs_file_system.sportal-web2",
                        "aws_security_group.sportal_web_efs",
                        "aws_subnet.sportal_web_efs_c"
                    ],
                    "primary": {
                        "id": "fsmt-f08d23a9",
                        "attributes": {
                            "dns_name": "fs-bb7e1ce2.efs.eu-central-1.amazonaws.com",
                            "file_system_arn": "arn:aws:elasticfilesystem:eu-central-1:884237813524:file-system/fs-bb7e1ce2",
                            "file_system_id": "fs-bb7e1ce2",
                            "id": "fsmt-f08d23a9",
                            "ip_address": "172.24.1.119",
                            "network_interface_id": "eni-013b777c7ae30dc34",
                            "security_groups.#": "1",
                            "security_groups.188943129": "sg-0cdbb4032ad4e938f",
                            "subnet_id": "subnet-04408bd973f28f7f2"
                        },
                        "meta": {},
                        "tainted": false
                    },
                    "deposed": [],
                    "provider": "provider.aws"
                },
                "aws_eip.ansible_host_ip": {
                    "type": "aws_eip",
                    "depends_on": [
                        "aws_instance.Sportal_Ansible_Host"
                    ],
                    "primary": {
                        "id": "eipalloc-0d56fdf53565cc7c2",
                        "attributes": {
                            "association_id": "eipassoc-07b6ffd7f330619f7",
                            "domain": "vpc",
                            "id": "eipalloc-0d56fdf53565cc7c2",
                            "instance": "i-07442e163c1cf0cfe",
                            "network_interface": "eni-0d7852b2c0e226753",
                            "private_ip": "172.24.0.120",
                            "public_ip": "18.195.47.4",
                            "public_ipv4_pool": "amazon",
                            "tags.%": "0",
                            "vpc": "true"
                        },
                        "meta": {
                            "e2bfb730-ecaa-11e6-8f88-34363bc7c4c0": {
                                "delete": 180000000000,
                                "read": 900000000000,
                                "update": 300000000000
                            }
                        },
                        "tainted": false
                    },
                    "deposed": [],
                    "provider": "provider.aws"
                },
                "aws_eip.csportal-cms-aza-eip": {
                    "type": "aws_eip",
                    "depends_on": [
                        "aws_instance.csportal-cms-aza"
                    ],
                    "primary": {
                        "id": "eipalloc-0b218c4f6555e24c2",
                        "attributes": {
                            "association_id": "eipassoc-04cd6a57871ebf1db",
                            "domain": "vpc",
                            "id": "eipalloc-0b218c4f6555e24c2",
                            "instance": "i-0f167e748a183dec6",
                            "network_interface": "eni-001ab2440e2961371",
                            "private_ip": "172.24.1.57",
                            "public_ip": "54.93.183.105",
                            "public_ipv4_pool": "amazon",
                            "tags.%": "0",
                            "vpc": "true"
                        },
                        "meta": {
                            "e2bfb730-ecaa-11e6-8f88-34363bc7c4c0": {
                                "delete": 180000000000,
                                "read": 900000000000,
                                "update": 300000000000
                            }
                        },
                        "tainted": false
                    },
                    "deposed": [],
                    "provider": "provider.aws"
                },
                "aws_eip.main-nat": {
                    "type": "aws_eip",
                    "depends_on": [],
                    "primary": {
                        "id": "eipalloc-020e283cf5a1ac264",
                        "attributes": {
                            "association_id": "",
                            "domain": "vpc",
                            "id": "eipalloc-020e283cf5a1ac264",
                            "instance": "",
                            "network_interface": "",
                            "private_ip": "",
                            "public_ip": "52.57.71.118",
                            "public_ipv4_pool": "amazon",
                            "tags.%": "0",
                            "vpc": "true"
                        },
                        "meta": {
                            "e2bfb730-ecaa-11e6-8f88-34363bc7c4c0": {
                                "delete": 180000000000,
                                "read": 900000000000,
                                "update": 300000000000
                            }
                        },
                        "tainted": false
                    },
                    "deposed": [],
                    "provider": "provider.aws"
                },
                "aws_eip.nat": {
                    "type": "aws_eip",
                    "depends_on": [],
                    "primary": {
                        "id": "eipalloc-09fdc603190e831ce",
                        "attributes": {
                            "association_id": "eipassoc-9750eb5a",
                            "domain": "vpc",
                            "id": "eipalloc-09fdc603190e831ce",
                            "instance": "",
                            "network_interface": "eni-02fbe294284b80d70",
                            "private_ip": "172.24.0.137",
                            "public_ip": "18.194.35.173",
                            "public_ipv4_pool": "amazon",
                            "tags.%": "0",
                            "vpc": "true"
                        },
                        "meta": {
                            "e2bfb730-ecaa-11e6-8f88-34363bc7c4c0": {
                                "delete": 180000000000,
                                "read": 900000000000,
                                "update": 300000000000
                            }
                        },
                        "tainted": false
                    },
                    "deposed": [],
                    "provider": "provider.aws"
                },
                "aws_eip.openvpn_eip": {
                    "type": "aws_eip",
                    "depends_on": [
                        "aws_instance.openvpn"
                    ],
                    "primary": {
                        "id": "eipalloc-0904ce943e37d46ff",
                        "attributes": {
                            "association_id": "eipassoc-087618ec6c6956cac",
                            "domain": "vpc",
                            "id": "eipalloc-0904ce943e37d46ff",
                            "instance": "i-0cd6aa28308c106e4",
                            "network_interface": "eni-0a002e7d4c78e9965",
                            "private_ip": "172.24.0.74",
                            "public_ip": "3.122.96.162",
                            "public_ipv4_pool": "amazon",
                            "tags.%": "0",
                            "vpc": "true"
                        },
                        "meta": {
                            "e2bfb730-ecaa-11e6-8f88-34363bc7c4c0": {
                                "delete": 180000000000,
                                "read": 900000000000,
                                "update": 300000000000
                            }
                        },
                        "tainted": false
                    },
                    "deposed": [],
                    "provider": "provider.aws"
                },
                "aws_eip.ops_monitoring_ip": {
                    "type": "aws_eip",
                    "depends_on": [
                        "aws_instance.ops_monitoring"
                    ],
                    "primary": {
                        "id": "eipalloc-037a1990d2368f619",
                        "attributes": {
                            "association_id": "eipassoc-0b5ac78046fd0c490",
                            "domain": "vpc",
                            "id": "eipalloc-037a1990d2368f619",
                            "instance": "i-06e548440ee777bc9",
                            "network_interface": "eni-0ddee2d9976047c9f",
                            "private_ip": "172.24.0.96",
                            "public_ip": "3.121.62.127",
                            "public_ipv4_pool": "amazon",
                            "tags.%": "0",
                            "vpc": "true"
                        },
                        "meta": {
                            "e2bfb730-ecaa-11e6-8f88-34363bc7c4c0": {
                                "delete": 180000000000,
                                "read": 900000000000,
                                "update": 300000000000
                            }
                        },
                        "tainted": false
                    },
                    "deposed": [],
                    "provider": "provider.aws"
                },
                "aws_eip.web_host_ip": {
                    "type": "aws_eip",
                    "depends_on": [
                        "aws_instance.csportal-web-azc.1"
                    ],
                    "primary": {
                        "id": "eipalloc-07fb9e2f8a527d287",
                        "attributes": {
                            "association_id": "eipassoc-0058902e8ed82683f",
                            "domain": "vpc",
                            "id": "eipalloc-07fb9e2f8a527d287",
                            "instance": "i-09f8d60bd6c1d2bd7",
                            "network_interface": "eni-043a94d3461c348d6",
                            "private_ip": "172.24.1.46",
                            "public_ip": "3.121.9.41",
                            "public_ipv4_pool": "amazon",
                            "tags.%": "0",
                            "vpc": "true"
                        },
                        "meta": {
                            "e2bfb730-ecaa-11e6-8f88-34363bc7c4c0": {
                                "delete": 180000000000,
                                "read": 900000000000,
                                "update": 300000000000
                            }
                        },
                        "tainted": false
                    },
                    "deposed": [],
                    "provider": "provider.aws"
                },
                "aws_elb.20min-sportal-de": {
                    "type": "aws_elb",
                    "depends_on": [
                        "aws_instance.csportal-web-aza.*",
                        "aws_instance.csportal-web-azb.*",
                        "aws_instance.csportal-web-azc.*",
                        "aws_security_group.sportal_web_elb",
                        "aws_subnet.webelbfe_subnet_a",
                        "aws_subnet.webelbfe_subnet_b",
                        "aws_subnet.webelbfe_subnet_c"
                    ],
                    "primary": {
                        "id": "20min-sportal-de-elb",
                        "attributes": {
                            "access_logs.#": "0",
                            "arn": "arn:aws:elasticloadbalancing:eu-central-1:884237813524:loadbalancer/20min-sportal-de-elb",
                            "availability_zones.#": "3",
                            "availability_zones.1126047633": "eu-central-1a",
                            "availability_zones.2903539389": "eu-central-1c",
                            "availability_zones.3658960427": "eu-central-1b",
                            "connection_draining": "false",
                            "connection_draining_timeout": "300",
                            "cross_zone_load_balancing": "true",
                            "dns_name": "20min-sportal-de-elb-70978194.eu-central-1.elb.amazonaws.com",
                            "health_check.#": "1",
                            "health_check.0.healthy_threshold": "2",
                            "health_check.0.interval": "30",
                            "health_check.0.target": "TCP:87",
                            "health_check.0.timeout": "12",
                            "health_check.0.unhealthy_threshold": "2",
                            "id": "20min-sportal-de-elb",
                            "idle_timeout": "60",
                            "instances.#": "9",
                            "instances.1010178335": "i-0a4c0235a65c39f17",
                            "instances.1749792901": "i-005cb5084a37985f7",
                            "instances.2128215844": "i-0f71d417bfe59f233",
                            "instances.2342276430": "i-0af264bad61562812",
                            "instances.2679981726": "i-0889729dc5ab2830e",
                            "instances.3358504846": "i-055c19718f88f58be",
                            "instances.3384238626": "i-09520924fbdc797a7",
                            "instances.393007974": "i-09f8d60bd6c1d2bd7",
                            "instances.938778138": "i-0a71142ff56841860",
                            "internal": "false",
                            "listener.#": "2",
                            "listener.1271003239.instance_port": "87",
                            "listener.1271003239.instance_protocol": "http",
                            "listener.1271003239.lb_port": "80",
                            "listener.1271003239.lb_protocol": "http",
                            "listener.1271003239.ssl_certificate_id": "",
                            "listener.1475322439.instance_port": "450",
                            "listener.1475322439.instance_protocol": "https",
                            "listener.1475322439.lb_port": "443",
                            "listener.1475322439.lb_protocol": "https",
                            "listener.1475322439.ssl_certificate_id": "arn:aws:acm:eu-central-1:884237813524:certificate/fc6ac4bd-e117-4fb9-b57f-9ef43f43a340",
                            "name": "20min-sportal-de-elb",
                            "security_groups.#": "1",
                            "security_groups.1487966470": "sg-0135fc3269e1651bd",
                            "source_security_group": "884237813524/sportal_web_elb",
                            "source_security_group_id": "sg-0135fc3269e1651bd",
                            "subnets.#": "3",
                            "subnets.246962480": "subnet-06dcda9dd9f1376be",
                            "subnets.2830814760": "subnet-00693552676500b00",
                            "subnets.3420166853": "subnet-0f87709761c4ca4f7",
                            "tags.%": "0",
                            "zone_id": "Z215JYRZR1TBD5"
                        },
                        "meta": {},
                        "tainted": false
                    },
                    "deposed": [],
                    "provider": "provider.aws"
                },
                "aws_elb.kurier-sportal-de": {
                    "type": "aws_elb",
                    "depends_on": [
                        "aws_instance.csportal-web-aza.*",
                        "aws_instance.csportal-web-azb.*",
                        "aws_instance.csportal-web-azc.*",
                        "aws_security_group.sportal_web_elb",
                        "aws_subnet.webelbfe_subnet_a",
                        "aws_subnet.webelbfe_subnet_b",
                        "aws_subnet.webelbfe_subnet_c"
                    ],
                    "primary": {
                        "id": "kurier-sportal-de-elb",
                        "attributes": {
                            "access_logs.#": "0",
                            "arn": "arn:aws:elasticloadbalancing:eu-central-1:884237813524:loadbalancer/kurier-sportal-de-elb",
                            "availability_zones.#": "3",
                            "availability_zones.1126047633": "eu-central-1a",
                            "availability_zones.2903539389": "eu-central-1c",
                            "availability_zones.3658960427": "eu-central-1b",
                            "connection_draining": "false",
                            "connection_draining_timeout": "300",
                            "cross_zone_load_balancing": "true",
                            "dns_name": "kurier-sportal-de-elb-1819495539.eu-central-1.elb.amazonaws.com",
                            "health_check.#": "1",
                            "health_check.0.healthy_threshold": "2",
                            "health_check.0.interval": "30",
                            "health_check.0.target": "TCP:88",
                            "health_check.0.timeout": "12",
                            "health_check.0.unhealthy_threshold": "2",
                            "id": "kurier-sportal-de-elb",
                            "idle_timeout": "60",
                            "instances.#": "9",
                            "instances.1010178335": "i-0a4c0235a65c39f17",
                            "instances.1749792901": "i-005cb5084a37985f7",
                            "instances.2128215844": "i-0f71d417bfe59f233",
                            "instances.2342276430": "i-0af264bad61562812",
                            "instances.2679981726": "i-0889729dc5ab2830e",
                            "instances.3358504846": "i-055c19718f88f58be",
                            "instances.3384238626": "i-09520924fbdc797a7",
                            "instances.393007974": "i-09f8d60bd6c1d2bd7",
                            "instances.938778138": "i-0a71142ff56841860",
                            "internal": "false",
                            "listener.#": "2",
                            "listener.2340409009.instance_port": "451",
                            "listener.2340409009.instance_protocol": "https",
                            "listener.2340409009.lb_port": "443",
                            "listener.2340409009.lb_protocol": "https",
                            "listener.2340409009.ssl_certificate_id": "arn:aws:acm:eu-central-1:884237813524:certificate/930f3e90-2003-4111-8348-cae11c2cd011",
                            "listener.3307970397.instance_port": "88",
                            "listener.3307970397.instance_protocol": "http",
                            "listener.3307970397.lb_port": "80",
                            "listener.3307970397.lb_protocol": "http",
                            "listener.3307970397.ssl_certificate_id": "",
                            "name": "kurier-sportal-de-elb",
                            "security_groups.#": "1",
                            "security_groups.1487966470": "sg-0135fc3269e1651bd",
                            "source_security_group": "884237813524/sportal_web_elb",
                            "source_security_group_id": "sg-0135fc3269e1651bd",
                            "subnets.#": "3",
                            "subnets.246962480": "subnet-06dcda9dd9f1376be",
                            "subnets.2830814760": "subnet-00693552676500b00",
                            "subnets.3420166853": "subnet-0f87709761c4ca4f7",
                            "tags.%": "0",
                            "zone_id": "Z215JYRZR1TBD5"
                        },
                        "meta": {},
                        "tainted": false
                    },
                    "deposed": [],
                    "provider": "provider.aws"
                },
                "aws_elb.liveticker-stern-de": {
                    "type": "aws_elb",
                    "depends_on": [
                        "aws_instance.csportal-web-aza.*",
                        "aws_instance.csportal-web-azb.*",
                        "aws_instance.csportal-web-azc.*",
                        "aws_security_group.sportal_web_elb",
                        "aws_subnet.webelbfe_subnet_a",
                        "aws_subnet.webelbfe_subnet_b",
                        "aws_subnet.webelbfe_subnet_c"
                    ],
                    "primary": {
                        "id": "liveticker-stern-de-elb",
                        "attributes": {
                            "access_logs.#": "0",
                            "arn": "arn:aws:elasticloadbalancing:eu-central-1:884237813524:loadbalancer/liveticker-stern-de-elb",
                            "availability_zones.#": "3",
                            "availability_zones.1126047633": "eu-central-1a",
                            "availability_zones.2903539389": "eu-central-1c",
                            "availability_zones.3658960427": "eu-central-1b",
                            "connection_draining": "false",
                            "connection_draining_timeout": "300",
                            "cross_zone_load_balancing": "true",
                            "dns_name": "liveticker-stern-de-elb-1337098794.eu-central-1.elb.amazonaws.com",
                            "health_check.#": "1",
                            "health_check.0.healthy_threshold": "2",
                            "health_check.0.interval": "30",
                            "health_check.0.target": "TCP:85",
                            "health_check.0.timeout": "12",
                            "health_check.0.unhealthy_threshold": "2",
                            "id": "liveticker-stern-de-elb",
                            "idle_timeout": "60",
                            "instances.#": "9",
                            "instances.1010178335": "i-0a4c0235a65c39f17",
                            "instances.1749792901": "i-005cb5084a37985f7",
                            "instances.2128215844": "i-0f71d417bfe59f233",
                            "instances.2342276430": "i-0af264bad61562812",
                            "instances.2679981726": "i-0889729dc5ab2830e",
                            "instances.3358504846": "i-055c19718f88f58be",
                            "instances.3384238626": "i-09520924fbdc797a7",
                            "instances.393007974": "i-09f8d60bd6c1d2bd7",
                            "instances.938778138": "i-0a71142ff56841860",
                            "internal": "false",
                            "listener.#": "2",
                            "listener.3428965636.instance_port": "85",
                            "listener.3428965636.instance_protocol": "http",
                            "listener.3428965636.lb_port": "80",
                            "listener.3428965636.lb_protocol": "http",
                            "listener.3428965636.ssl_certificate_id": "",
                            "listener.3563355931.instance_port": "448",
                            "listener.3563355931.instance_protocol": "https",
                            "listener.3563355931.lb_port": "443",
                            "listener.3563355931.lb_protocol": "https",
                            "listener.3563355931.ssl_certificate_id": "arn:aws:acm:eu-central-1:884237813524:certificate/d29a35f4-ab63-4c6c-8857-41c0d7565eb6",
                            "name": "liveticker-stern-de-elb",
                            "security_groups.#": "1",
                            "security_groups.1487966470": "sg-0135fc3269e1651bd",
                            "source_security_group": "884237813524/sportal_web_elb",
                            "source_security_group_id": "sg-0135fc3269e1651bd",
                            "subnets.#": "3",
                            "subnets.246962480": "subnet-06dcda9dd9f1376be",
                            "subnets.2830814760": "subnet-00693552676500b00",
                            "subnets.3420166853": "subnet-0f87709761c4ca4f7",
                            "tags.%": "0",
                            "zone_id": "Z215JYRZR1TBD5"
                        },
                        "meta": {},
                        "tainted": false
                    },
                    "deposed": [],
                    "provider": "provider.aws"
                },
                "aws_elb.liveticker-sueddeutsche-de": {
                    "type": "aws_elb",
                    "depends_on": [
                        "aws_instance.csportal-web-aza.*",
                        "aws_instance.csportal-web-azb.*",
                        "aws_instance.csportal-web-azc.*",
                        "aws_security_group.sportal_web_elb",
                        "aws_subnet.webelbfe_subnet_a",
                        "aws_subnet.webelbfe_subnet_b",
                        "aws_subnet.webelbfe_subnet_c"
                    ],
                    "primary": {
                        "id": "liveticker-sueddeutsche-de-elb",
                        "attributes": {
                            "access_logs.#": "0",
                            "arn": "arn:aws:elasticloadbalancing:eu-central-1:884237813524:loadbalancer/liveticker-sueddeutsche-de-elb",
                            "availability_zones.#": "3",
                            "availability_zones.1126047633": "eu-central-1a",
                            "availability_zones.2903539389": "eu-central-1c",
                            "availability_zones.3658960427": "eu-central-1b",
                            "connection_draining": "false",
                            "connection_draining_timeout": "300",
                            "cross_zone_load_balancing": "true",
                            "dns_name": "liveticker-sueddeutsche-de-elb-1296670408.eu-central-1.elb.amazonaws.com",
                            "health_check.#": "1",
                            "health_check.0.healthy_threshold": "2",
                            "health_check.0.interval": "30",
                            "health_check.0.target": "TCP:82",
                            "health_check.0.timeout": "12",
                            "health_check.0.unhealthy_threshold": "2",
                            "id": "liveticker-sueddeutsche-de-elb",
                            "idle_timeout": "60",
                            "instances.#": "9",
                            "instances.1010178335": "i-0a4c0235a65c39f17",
                            "instances.1749792901": "i-005cb5084a37985f7",
                            "instances.2128215844": "i-0f71d417bfe59f233",
                            "instances.2342276430": "i-0af264bad61562812",
                            "instances.2679981726": "i-0889729dc5ab2830e",
                            "instances.3358504846": "i-055c19718f88f58be",
                            "instances.3384238626": "i-09520924fbdc797a7",
                            "instances.393007974": "i-09f8d60bd6c1d2bd7",
                            "instances.938778138": "i-0a71142ff56841860",
                            "internal": "false",
                            "listener.#": "2",
                            "listener.432033633.instance_port": "445",
                            "listener.432033633.instance_protocol": "https",
                            "listener.432033633.lb_port": "443",
                            "listener.432033633.lb_protocol": "https",
                            "listener.432033633.ssl_certificate_id": "arn:aws:acm:eu-central-1:884237813524:certificate/fb8d7199-d1a0-4cdf-8320-53fe5744d4d9",
                            "listener.832054641.instance_port": "82",
                            "listener.832054641.instance_protocol": "http",
                            "listener.832054641.lb_port": "80",
                            "listener.832054641.lb_protocol": "http",
                            "listener.832054641.ssl_certificate_id": "",
                            "name": "liveticker-sueddeutsche-de-elb",
                            "security_groups.#": "1",
                            "security_groups.1487966470": "sg-0135fc3269e1651bd",
                            "source_security_group": "884237813524/sportal_web_elb",
                            "source_security_group_id": "sg-0135fc3269e1651bd",
                            "subnets.#": "3",
                            "subnets.246962480": "subnet-06dcda9dd9f1376be",
                            "subnets.2830814760": "subnet-00693552676500b00",
                            "subnets.3420166853": "subnet-0f87709761c4ca4f7",
                            "tags.%": "0",
                            "zone_id": "Z215JYRZR1TBD5"
                        },
                        "meta": {},
                        "tainted": false
                    },
                    "deposed": [],
                    "provider": "provider.aws"
                },
                "aws_elb.opta-sky-de": {
                    "type": "aws_elb",
                    "depends_on": [
                        "aws_instance.csportal-web-aza.*",
                        "aws_instance.csportal-web-azb.*",
                        "aws_instance.csportal-web-azc.*",
                        "aws_security_group.sportal_web_elb",
                        "aws_subnet.webelbfe_subnet_a",
                        "aws_subnet.webelbfe_subnet_b",
                        "aws_subnet.webelbfe_subnet_c"
                    ],
                    "primary": {
                        "id": "opta-sky-de-elb",
                        "attributes": {
                            "access_logs.#": "0",
                            "arn": "arn:aws:elasticloadbalancing:eu-central-1:884237813524:loadbalancer/opta-sky-de-elb",
                            "availability_zones.#": "3",
                            "availability_zones.1126047633": "eu-central-1a",
                            "availability_zones.2903539389": "eu-central-1c",
                            "availability_zones.3658960427": "eu-central-1b",
                            "connection_draining": "false",
                            "connection_draining_timeout": "300",
                            "cross_zone_load_balancing": "true",
                            "dns_name": "opta-sky-de-elb-1830275674.eu-central-1.elb.amazonaws.com",
                            "health_check.#": "1",
                            "health_check.0.healthy_threshold": "2",
                            "health_check.0.interval": "30",
                            "health_check.0.target": "TCP:86",
                            "health_check.0.timeout": "12",
                            "health_check.0.unhealthy_threshold": "2",
                            "id": "opta-sky-de-elb",
                            "idle_timeout": "60",
                            "instances.#": "9",
                            "instances.1010178335": "i-0a4c0235a65c39f17",
                            "instances.1749792901": "i-005cb5084a37985f7",
                            "instances.2128215844": "i-0f71d417bfe59f233",
                            "instances.2342276430": "i-0af264bad61562812",
                            "instances.2679981726": "i-0889729dc5ab2830e",
                            "instances.3358504846": "i-055c19718f88f58be",
                            "instances.3384238626": "i-09520924fbdc797a7",
                            "instances.393007974": "i-09f8d60bd6c1d2bd7",
                            "instances.938778138": "i-0a71142ff56841860",
                            "internal": "false",
                            "listener.#": "2",
                            "listener.2057276430.instance_port": "449",
                            "listener.2057276430.instance_protocol": "https",
                            "listener.2057276430.lb_port": "443",
                            "listener.2057276430.lb_protocol": "https",
                            "listener.2057276430.ssl_certificate_id": "arn:aws:iam::884237813524:server-certificate/opta.sky.de",
                            "listener.3853085174.instance_port": "86",
                            "listener.3853085174.instance_protocol": "http",
                            "listener.3853085174.lb_port": "80",
                            "listener.3853085174.lb_protocol": "http",
                            "listener.3853085174.ssl_certificate_id": "",
                            "name": "opta-sky-de-elb",
                            "security_groups.#": "1",
                            "security_groups.1487966470": "sg-0135fc3269e1651bd",
                            "source_security_group": "884237813524/sportal_web_elb",
                            "source_security_group_id": "sg-0135fc3269e1651bd",
                            "subnets.#": "3",
                            "subnets.246962480": "subnet-06dcda9dd9f1376be",
                            "subnets.2830814760": "subnet-00693552676500b00",
                            "subnets.3420166853": "subnet-0f87709761c4ca4f7",
                            "tags.%": "0",
                            "zone_id": "Z215JYRZR1TBD5"
                        },
                        "meta": {},
                        "tainted": false
                    },
                    "deposed": [],
                    "provider": "provider.aws"
                },
                "aws_elb.sportal_web_elb": {
                    "type": "aws_elb",
                    "depends_on": [
                        "aws_instance.csportal-web-aza.*",
                        "aws_instance.csportal-web-azb.*",
                        "aws_instance.csportal-web-azc.*",
                        "aws_security_group.sportal_web_elb",
                        "aws_subnet.webfe_subnet_a",
                        "aws_subnet.webfe_subnet_b",
                        "aws_subnet.webfe_subnet_c"
                    ],
                    "primary": {
                        "id": "sportal-webelb",
                        "attributes": {
                            "access_logs.#": "0",
                            "arn": "arn:aws:elasticloadbalancing:eu-central-1:884237813524:loadbalancer/sportal-webelb",
                            "availability_zones.#": "3",
                            "availability_zones.1126047633": "eu-central-1a",
                            "availability_zones.2903539389": "eu-central-1c",
                            "availability_zones.3658960427": "eu-central-1b",
                            "connection_draining": "false",
                            "connection_draining_timeout": "300",
                            "cross_zone_load_balancing": "true",
                            "dns_name": "sportal-webelb-30611696.eu-central-1.elb.amazonaws.com",
                            "health_check.#": "1",
                            "health_check.0.healthy_threshold": "2",
                            "health_check.0.interval": "30",
                            "health_check.0.target": "HTTP:80/",
                            "health_check.0.timeout": "12",
                            "health_check.0.unhealthy_threshold": "2",
                            "id": "sportal-webelb",
                            "idle_timeout": "60",
                            "instances.#": "9",
                            "instances.1010178335": "i-0a4c0235a65c39f17",
                            "instances.1749792901": "i-005cb5084a37985f7",
                            "instances.2128215844": "i-0f71d417bfe59f233",
                            "instances.2342276430": "i-0af264bad61562812",
                            "instances.2679981726": "i-0889729dc5ab2830e",
                            "instances.3358504846": "i-055c19718f88f58be",
                            "instances.3384238626": "i-09520924fbdc797a7",
                            "instances.393007974": "i-09f8d60bd6c1d2bd7",
                            "instances.938778138": "i-0a71142ff56841860",
                            "internal": "false",
                            "listener.#": "1",
                            "listener.3057123346.instance_port": "80",
                            "listener.3057123346.instance_protocol": "http",
                            "listener.3057123346.lb_port": "80",
                            "listener.3057123346.lb_protocol": "http",
                            "listener.3057123346.ssl_certificate_id": "",
                            "name": "sportal-webelb",
                            "security_groups.#": "1",
                            "security_groups.1487966470": "sg-0135fc3269e1651bd",
                            "source_security_group": "884237813524/sportal_web_elb",
                            "source_security_group_id": "sg-0135fc3269e1651bd",
                            "subnets.#": "3",
                            "subnets.2628463423": "subnet-086d5fa09a94a02c9",
                            "subnets.3014338737": "subnet-0e5eb1aceaca1d777",
                            "subnets.3025807505": "subnet-0f7a66b358b9c13cb",
                            "tags.%": "0",
                            "zone_id": "Z215JYRZR1TBD5"
                        },
                        "meta": {},
                        "tainted": false
                    },
                    "deposed": [],
                    "provider": "provider.aws"
                },
                "aws_elb.sportdaten-welt-de": {
                    "type": "aws_elb",
                    "depends_on": [
                        "aws_instance.csportal-web-aza.*",
                        "aws_instance.csportal-web-azb.*",
                        "aws_instance.csportal-web-azc.*",
                        "aws_security_group.sportal_web_elb",
                        "aws_subnet.webelbfe_subnet_a",
                        "aws_subnet.webelbfe_subnet_b",
                        "aws_subnet.webelbfe_subnet_c"
                    ],
                    "primary": {
                        "id": "sportdaten-welt-de-elb",
                        "attributes": {
                            "access_logs.#": "0",
                            "arn": "arn:aws:elasticloadbalancing:eu-central-1:884237813524:loadbalancer/sportdaten-welt-de-elb",
                            "availability_zones.#": "3",
                            "availability_zones.1126047633": "eu-central-1a",
                            "availability_zones.2903539389": "eu-central-1c",
                            "availability_zones.3658960427": "eu-central-1b",
                            "connection_draining": "false",
                            "connection_draining_timeout": "300",
                            "cross_zone_load_balancing": "true",
                            "dns_name": "sportdaten-welt-de-elb-1093382424.eu-central-1.elb.amazonaws.com",
                            "health_check.#": "1",
                            "health_check.0.healthy_threshold": "2",
                            "health_check.0.interval": "30",
                            "health_check.0.target": "TCP:84",
                            "health_check.0.timeout": "12",
                            "health_check.0.unhealthy_threshold": "2",
                            "id": "sportdaten-welt-de-elb",
                            "idle_timeout": "60",
                            "instances.#": "9",
                            "instances.1010178335": "i-0a4c0235a65c39f17",
                            "instances.1749792901": "i-005cb5084a37985f7",
                            "instances.2128215844": "i-0f71d417bfe59f233",
                            "instances.2342276430": "i-0af264bad61562812",
                            "instances.2679981726": "i-0889729dc5ab2830e",
                            "instances.3358504846": "i-055c19718f88f58be",
                            "instances.3384238626": "i-09520924fbdc797a7",
                            "instances.393007974": "i-09f8d60bd6c1d2bd7",
                            "instances.938778138": "i-0a71142ff56841860",
                            "internal": "false",
                            "listener.#": "2",
                            "listener.1644776597.instance_port": "84",
                            "listener.1644776597.instance_protocol": "http",
                            "listener.1644776597.lb_port": "80",
                            "listener.1644776597.lb_protocol": "http",
                            "listener.1644776597.ssl_certificate_id": "",
                            "listener.3692934557.instance_port": "447",
                            "listener.3692934557.instance_protocol": "https",
                            "listener.3692934557.lb_port": "443",
                            "listener.3692934557.lb_protocol": "https",
                            "listener.3692934557.ssl_certificate_id": "arn:aws:acm:eu-central-1:884237813524:certificate/02732ca7-7ff2-45fe-8d26-cf84bb8696fa",
                            "name": "sportdaten-welt-de-elb",
                            "security_groups.#": "1",
                            "security_groups.1487966470": "sg-0135fc3269e1651bd",
                            "source_security_group": "884237813524/sportal_web_elb",
                            "source_security_group_id": "sg-0135fc3269e1651bd",
                            "subnets.#": "3",
                            "subnets.246962480": "subnet-06dcda9dd9f1376be",
                            "subnets.2830814760": "subnet-00693552676500b00",
                            "subnets.3420166853": "subnet-0f87709761c4ca4f7",
                            "tags.%": "0",
                            "zone_id": "Z215JYRZR1TBD5"
                        },
                        "meta": {},
                        "tainted": false
                    },
                    "deposed": [],
                    "provider": "provider.aws"
                },
                "aws_elb.sportergebnisse-sueddeutsche": {
                    "type": "aws_elb",
                    "depends_on": [
                        "aws_instance.csportal-web-aza.*",
                        "aws_instance.csportal-web-azb.*",
                        "aws_instance.csportal-web-azc.*",
                        "aws_security_group.sportal_web_elb",
                        "aws_subnet.webelbfe_subnet_a",
                        "aws_subnet.webelbfe_subnet_b",
                        "aws_subnet.webelbfe_subnet_c"
                    ],
                    "primary": {
                        "id": "sportergebnisse-sueddeutsche-elb",
                        "attributes": {
                            "access_logs.#": "0",
                            "arn": "arn:aws:elasticloadbalancing:eu-central-1:884237813524:loadbalancer/sportergebnisse-sueddeutsche-elb",
                            "availability_zones.#": "3",
                            "availability_zones.1126047633": "eu-central-1a",
                            "availability_zones.2903539389": "eu-central-1c",
                            "availability_zones.3658960427": "eu-central-1b",
                            "connection_draining": "false",
                            "connection_draining_timeout": "300",
                            "cross_zone_load_balancing": "true",
                            "dns_name": "sportergebnisse-sueddeutsche-elb-1005613897.eu-central-1.elb.amazonaws.com",
                            "health_check.#": "1",
                            "health_check.0.healthy_threshold": "2",
                            "health_check.0.interval": "30",
                            "health_check.0.target": "TCP:83",
                            "health_check.0.timeout": "12",
                            "health_check.0.unhealthy_threshold": "2",
                            "id": "sportergebnisse-sueddeutsche-elb",
                            "idle_timeout": "60",
                            "instances.#": "9",
                            "instances.1010178335": "i-0a4c0235a65c39f17",
                            "instances.1749792901": "i-005cb5084a37985f7",
                            "instances.2128215844": "i-0f71d417bfe59f233",
                            "instances.2342276430": "i-0af264bad61562812",
                            "instances.2679981726": "i-0889729dc5ab2830e",
                            "instances.3358504846": "i-055c19718f88f58be",
                            "instances.3384238626": "i-09520924fbdc797a7",
                            "instances.393007974": "i-09f8d60bd6c1d2bd7",
                            "instances.938778138": "i-0a71142ff56841860",
                            "internal": "false",
                            "listener.#": "2",
                            "listener.124600201.instance_port": "446",
                            "listener.124600201.instance_protocol": "https",
                            "listener.124600201.lb_port": "443",
                            "listener.124600201.lb_protocol": "https",
                            "listener.124600201.ssl_certificate_id": "arn:aws:acm:eu-central-1:884237813524:certificate/34ad5a5c-b350-4ba6-bee2-a1b42bd3333a",
                            "listener.2683352288.instance_port": "83",
                            "listener.2683352288.instance_protocol": "http",
                            "listener.2683352288.lb_port": "80",
                            "listener.2683352288.lb_protocol": "http",
                            "listener.2683352288.ssl_certificate_id": "",
                            "name": "sportergebnisse-sueddeutsche-elb",
                            "security_groups.#": "1",
                            "security_groups.1487966470": "sg-0135fc3269e1651bd",
                            "source_security_group": "884237813524/sportal_web_elb",
                            "source_security_group_id": "sg-0135fc3269e1651bd",
                            "subnets.#": "3",
                            "subnets.246962480": "subnet-06dcda9dd9f1376be",
                            "subnets.2830814760": "subnet-00693552676500b00",
                            "subnets.3420166853": "subnet-0f87709761c4ca4f7",
                            "tags.%": "0",
                            "zone_id": "Z215JYRZR1TBD5"
                        },
                        "meta": {},
                        "tainted": false
                    },
                    "deposed": [],
                    "provider": "provider.aws"
                },
                "aws_elb.t-online-sportal-de": {
                    "type": "aws_elb",
                    "depends_on": [
                        "aws_instance.csportal-web-aza.*",
                        "aws_instance.csportal-web-azb.*",
                        "aws_instance.csportal-web-azc.*",
                        "aws_security_group.sportal_web_elb",
                        "aws_subnet.webelbfe_subnet_a",
                        "aws_subnet.webelbfe_subnet_b",
                        "aws_subnet.webelbfe_subnet_c"
                    ],
                    "primary": {
                        "id": "t-online-sportal-de-elb",
                        "attributes": {
                            "access_logs.#": "0",
                            "arn": "arn:aws:elasticloadbalancing:eu-central-1:884237813524:loadbalancer/t-online-sportal-de-elb",
                            "availability_zones.#": "3",
                            "availability_zones.1126047633": "eu-central-1a",
                            "availability_zones.2903539389": "eu-central-1c",
                            "availability_zones.3658960427": "eu-central-1b",
                            "connection_draining": "false",
                            "connection_draining_timeout": "300",
                            "cross_zone_load_balancing": "true",
                            "dns_name": "t-online-sportal-de-elb-639410126.eu-central-1.elb.amazonaws.com",
                            "health_check.#": "1",
                            "health_check.0.healthy_threshold": "2",
                            "health_check.0.interval": "30",
                            "health_check.0.target": "TCP:89",
                            "health_check.0.timeout": "12",
                            "health_check.0.unhealthy_threshold": "2",
                            "id": "t-online-sportal-de-elb",
                            "idle_timeout": "60",
                            "instances.#": "9",
                            "instances.1010178335": "i-0a4c0235a65c39f17",
                            "instances.1749792901": "i-005cb5084a37985f7",
                            "instances.2128215844": "i-0f71d417bfe59f233",
                            "instances.2342276430": "i-0af264bad61562812",
                            "instances.2679981726": "i-0889729dc5ab2830e",
                            "instances.3358504846": "i-055c19718f88f58be",
                            "instances.3384238626": "i-09520924fbdc797a7",
                            "instances.393007974": "i-09f8d60bd6c1d2bd7",
                            "instances.938778138": "i-0a71142ff56841860",
                            "internal": "false",
                            "listener.#": "2",
                            "listener.1799556812.instance_port": "89",
                            "listener.1799556812.instance_protocol": "http",
                            "listener.1799556812.lb_port": "80",
                            "listener.1799556812.lb_protocol": "http",
                            "listener.1799556812.ssl_certificate_id": "",
                            "listener.4289612730.instance_port": "452",
                            "listener.4289612730.instance_protocol": "https",
                            "listener.4289612730.lb_port": "443",
                            "listener.4289612730.lb_protocol": "https",
                            "listener.4289612730.ssl_certificate_id": "arn:aws:acm:eu-central-1:884237813524:certificate/c1b5aeed-f249-4ea3-8a45-3cd2e8245a3f",
                            "name": "t-online-sportal-de-elb",
                            "security_groups.#": "1",
                            "security_groups.1487966470": "sg-0135fc3269e1651bd",
                            "source_security_group": "884237813524/sportal_web_elb",
                            "source_security_group_id": "sg-0135fc3269e1651bd",
                            "subnets.#": "3",
                            "subnets.246962480": "subnet-06dcda9dd9f1376be",
                            "subnets.2830814760": "subnet-00693552676500b00",
                            "subnets.3420166853": "subnet-0f87709761c4ca4f7",
                            "tags.%": "0",
                            "zone_id": "Z215JYRZR1TBD5"
                        },
                        "meta": {},
                        "tainted": false
                    },
                    "deposed": [],
                    "provider": "provider.aws"
                },
                "aws_elb.welt-sportal-de": {
                    "type": "aws_elb",
                    "depends_on": [
                        "aws_instance.csportal-web-aza.*",
                        "aws_instance.csportal-web-azb.*",
                        "aws_instance.csportal-web-azc.*",
                        "aws_security_group.sportal_web_elb",
                        "aws_subnet.webelbfe_subnet_a",
                        "aws_subnet.webelbfe_subnet_b",
                        "aws_subnet.webelbfe_subnet_c"
                    ],
                    "primary": {
                        "id": "welt-sportal-de-elb",
                        "attributes": {
                            "access_logs.#": "0",
                            "arn": "arn:aws:elasticloadbalancing:eu-central-1:884237813524:loadbalancer/welt-sportal-de-elb",
                            "availability_zones.#": "3",
                            "availability_zones.1126047633": "eu-central-1a",
                            "availability_zones.2903539389": "eu-central-1c",
                            "availability_zones.3658960427": "eu-central-1b",
                            "connection_draining": "false",
                            "connection_draining_timeout": "300",
                            "cross_zone_load_balancing": "true",
                            "dns_name": "welt-sportal-de-elb-2066768743.eu-central-1.elb.amazonaws.com",
                            "health_check.#": "1",
                            "health_check.0.healthy_threshold": "2",
                            "health_check.0.interval": "30",
                            "health_check.0.target": "TCP:90",
                            "health_check.0.timeout": "12",
                            "health_check.0.unhealthy_threshold": "2",
                            "id": "welt-sportal-de-elb",
                            "idle_timeout": "60",
                            "instances.#": "9",
                            "instances.1010178335": "i-0a4c0235a65c39f17",
                            "instances.1749792901": "i-005cb5084a37985f7",
                            "instances.2128215844": "i-0f71d417bfe59f233",
                            "instances.2342276430": "i-0af264bad61562812",
                            "instances.2679981726": "i-0889729dc5ab2830e",
                            "instances.3358504846": "i-055c19718f88f58be",
                            "instances.3384238626": "i-09520924fbdc797a7",
                            "instances.393007974": "i-09f8d60bd6c1d2bd7",
                            "instances.938778138": "i-0a71142ff56841860",
                            "internal": "false",
                            "listener.#": "2",
                            "listener.2668662903.instance_port": "453",
                            "listener.2668662903.instance_protocol": "https",
                            "listener.2668662903.lb_port": "443",
                            "listener.2668662903.lb_protocol": "https",
                            "listener.2668662903.ssl_certificate_id": "arn:aws:acm:eu-central-1:884237813524:certificate/ca0a50e5-e9c5-4990-a5aa-6ab22f584184",
                            "listener.832490321.instance_port": "90",
                            "listener.832490321.instance_protocol": "http",
                            "listener.832490321.lb_port": "80",
                            "listener.832490321.lb_protocol": "http",
                            "listener.832490321.ssl_certificate_id": "",
                            "name": "welt-sportal-de-elb",
                            "security_groups.#": "1",
                            "security_groups.1487966470": "sg-0135fc3269e1651bd",
                            "source_security_group": "884237813524/sportal_web_elb",
                            "source_security_group_id": "sg-0135fc3269e1651bd",
                            "subnets.#": "3",
                            "subnets.246962480": "subnet-06dcda9dd9f1376be",
                            "subnets.2830814760": "subnet-00693552676500b00",
                            "subnets.3420166853": "subnet-0f87709761c4ca4f7",
                            "tags.%": "0",
                            "zone_id": "Z215JYRZR1TBD5"
                        },
                        "meta": {},
                        "tainted": false
                    },
                    "deposed": [],
                    "provider": "provider.aws"
                },
                "aws_elb.wintersport-kleinezeitung-at": {
                    "type": "aws_elb",
                    "depends_on": [
                        "aws_instance.csportal-web-aza.*",
                        "aws_instance.csportal-web-azb.*",
                        "aws_instance.csportal-web-azc.*",
                        "aws_security_group.sportal_web_elb",
                        "aws_subnet.webelbfe_subnet_a",
                        "aws_subnet.webelbfe_subnet_b",
                        "aws_subnet.webelbfe_subnet_c"
                    ],
                    "primary": {
                        "id": "wintersport-kleinezeitung-at-elb",
                        "attributes": {
                            "access_logs.#": "0",
                            "arn": "arn:aws:elasticloadbalancing:eu-central-1:884237813524:loadbalancer/wintersport-kleinezeitung-at-elb",
                            "availability_zones.#": "3",
                            "availability_zones.1126047633": "eu-central-1a",
                            "availability_zones.2903539389": "eu-central-1c",
                            "availability_zones.3658960427": "eu-central-1b",
                            "connection_draining": "false",
                            "connection_draining_timeout": "300",
                            "cross_zone_load_balancing": "true",
                            "dns_name": "wintersport-kleinezeitung-at-elb-233915842.eu-central-1.elb.amazonaws.com",
                            "health_check.#": "1",
                            "health_check.0.healthy_threshold": "2",
                            "health_check.0.interval": "30",
                            "health_check.0.target": "HTTP:81/",
                            "health_check.0.timeout": "12",
                            "health_check.0.unhealthy_threshold": "2",
                            "id": "wintersport-kleinezeitung-at-elb",
                            "idle_timeout": "60",
                            "instances.#": "9",
                            "instances.1010178335": "i-0a4c0235a65c39f17",
                            "instances.1749792901": "i-005cb5084a37985f7",
                            "instances.2128215844": "i-0f71d417bfe59f233",
                            "instances.2342276430": "i-0af264bad61562812",
                            "instances.2679981726": "i-0889729dc5ab2830e",
                            "instances.3358504846": "i-055c19718f88f58be",
                            "instances.3384238626": "i-09520924fbdc797a7",
                            "instances.393007974": "i-09f8d60bd6c1d2bd7",
                            "instances.938778138": "i-0a71142ff56841860",
                            "internal": "false",
                            "listener.#": "2",
                            "listener.2519544316.instance_port": "444",
                            "listener.2519544316.instance_protocol": "https",
                            "listener.2519544316.lb_port": "443",
                            "listener.2519544316.lb_protocol": "https",
                            "listener.2519544316.ssl_certificate_id": "arn:aws:acm:eu-central-1:884237813524:certificate/9494a276-d29e-413c-9375-043e75ed47d1",
                            "listener.407933315.instance_port": "81",
                            "listener.407933315.instance_protocol": "http",
                            "listener.407933315.lb_port": "80",
                            "listener.407933315.lb_protocol": "http",
                            "listener.407933315.ssl_certificate_id": "",
                            "name": "wintersport-kleinezeitung-at-elb",
                            "security_groups.#": "1",
                            "security_groups.1487966470": "sg-0135fc3269e1651bd",
                            "source_security_group": "884237813524/sportal_web_elb",
                            "source_security_group_id": "sg-0135fc3269e1651bd",
                            "subnets.#": "3",
                            "subnets.246962480": "subnet-06dcda9dd9f1376be",
                            "subnets.2830814760": "subnet-00693552676500b00",
                            "subnets.3420166853": "subnet-0f87709761c4ca4f7",
                            "tags.%": "0",
                            "zone_id": "Z215JYRZR1TBD5"
                        },
                        "meta": {},
                        "tainted": false
                    },
                    "deposed": [],
                    "provider": "provider.aws"
                },
                "aws_iam_group.admin-users": {
                    "type": "aws_iam_group",
                    "depends_on": [],
                    "primary": {
                        "id": "admin-users",
                        "attributes": {
                            "arn": "arn:aws:iam::884237813524:group/admin-users",
                            "id": "admin-users",
                            "name": "admin-users",
                            "path": "/",
                            "unique_id": "AGPAJFDRJTXREKBSPDEJA"
                        },
                        "meta": {},
                        "tainted": false
                    },
                    "deposed": [],
                    "provider": "provider.aws"
                },
                "aws_iam_group_membership.admin-user-membership": {
                    "type": "aws_iam_group_membership",
                    "depends_on": [
                        "aws_iam_group.admin-users",
                        "aws_iam_user.bernddielacher",
                        "aws_iam_user.bostjanbele",
                        "aws_iam_user.chrismuzyunda",
                        "aws_iam_user.christianmarko",
                        "aws_iam_user.christianringhofer",
                        "aws_iam_user.gernotheschl",
                        "aws_iam_user.haraldsaringer",
                        "aws_iam_user.volkerhutten"
                    ],
                    "primary": {
                        "id": "admin-user-membership",
                        "attributes": {
                            "group": "admin-users",
                            "id": "admin-user-membership",
                            "name": "admin-user-membership",
                            "users.#": "8",
                            "users.120475139": "harald.saringer",
                            "users.1327211884": "chris.muzyunda",
                            "users.2346269551": "volker.hutten",
                            "users.2588959472": "bernd.dielacher",
                            "users.3303679852": "christian.ringhofer",
                            "users.3353835798": "bostjan.bele",
                            "users.4268297838": "gernot.heschl",
                            "users.683845121": "christian.marko"
                        },
                        "meta": {},
                        "tainted": false
                    },
                    "deposed": [],
                    "provider": "provider.aws"
                },
                "aws_iam_group_policy.explicit-admin": {
                    "type": "aws_iam_group_policy",
                    "depends_on": [
                        "aws_iam_group.admin-users"
                    ],
                    "primary": {
                        "id": "admin-users:explicit-admin",
                        "attributes": {
                            "group": "admin-users",
                            "id": "admin-users:explicit-admin",
                            "name": "explicit-admin",
                            "policy": "{\n  \"Version\": \"2012-10-17\",\n  \"Statement\": [\n    {\n      \"Action\": \"*\",\n      \"Effect\": \"Allow\",\n      \"Resource\": \"*\"\n    }\n  ]\n}\n"
                        },
                        "meta": {},
                        "tainted": false
                    },
                    "deposed": [],
                    "provider": "provider.aws"
                },
                "aws_iam_user.bernddielacher": {
                    "type": "aws_iam_user",
                    "depends_on": [],
                    "primary": {
                        "id": "bernd.dielacher",
                        "attributes": {
                            "arn": "arn:aws:iam::884237813524:user/bernd.dielacher",
                            "force_destroy": "false",
                            "id": "bernd.dielacher",
                            "name": "bernd.dielacher",
                            "path": "/",
                            "tags.%": "0",
                            "unique_id": "AIDAICSCBONIYX22ELHTI"
                        },
                        "meta": {},
                        "tainted": false
                    },
                    "deposed": [],
                    "provider": "provider.aws"
                },
                "aws_iam_user.bostjanbele": {
                    "type": "aws_iam_user",
                    "depends_on": [],
                    "primary": {
                        "id": "bostjan.bele",
                        "attributes": {
                            "arn": "arn:aws:iam::884237813524:user/bostjan.bele",
                            "force_destroy": "false",
                            "id": "bostjan.bele",
                            "name": "bostjan.bele",
                            "path": "/",
                            "tags.%": "0",
                            "unique_id": "AIDAICRZJZNWGAP46W5AQ"
                        },
                        "meta": {},
                        "tainted": false
                    },
                    "deposed": [],
                    "provider": "provider.aws"
                },
                "aws_iam_user.chrismuzyunda": {
                    "type": "aws_iam_user",
                    "depends_on": [],
                    "primary": {
                        "id": "chris.muzyunda",
                        "attributes": {
                            "arn": "arn:aws:iam::884237813524:user/chris.muzyunda",
                            "force_destroy": "false",
                            "id": "chris.muzyunda",
                            "name": "chris.muzyunda",
                            "path": "/",
                            "tags.%": "0",
                            "unique_id": "AIDAJFCISTB46ZOREBWNC"
                        },
                        "meta": {},
                        "tainted": false
                    },
                    "deposed": [],
                    "provider": "provider.aws"
                },
                "aws_iam_user.christianmarko": {
                    "type": "aws_iam_user",
                    "depends_on": [],
                    "primary": {
                        "id": "christian.marko",
                        "attributes": {
                            "arn": "arn:aws:iam::884237813524:user/christian.marko",
                            "force_destroy": "false",
                            "id": "christian.marko",
                            "name": "christian.marko",
                            "path": "/",
                            "tags.%": "0",
                            "unique_id": "AIDA43YFOI4KDQKNWP5VB"
                        },
                        "meta": {},
                        "tainted": false
                    },
                    "deposed": [],
                    "provider": "provider.aws"
                },
                "aws_iam_user.christianringhofer": {
                    "type": "aws_iam_user",
                    "depends_on": [],
                    "primary": {
                        "id": "christian.ringhofer",
                        "attributes": {
                            "arn": "arn:aws:iam::884237813524:user/christian.ringhofer",
                            "force_destroy": "false",
                            "id": "christian.ringhofer",
                            "name": "christian.ringhofer",
                            "path": "/",
                            "tags.%": "0",
                            "unique_id": "AIDA43YFOI4KOTSWCR2GD"
                        },
                        "meta": {},
                        "tainted": false
                    },
                    "deposed": [],
                    "provider": "provider.aws"
                },
                "aws_iam_user.gernotheschl": {
                    "type": "aws_iam_user",
                    "depends_on": [],
                    "primary": {
                        "id": "gernot.heschl",
                        "attributes": {
                            "arn": "arn:aws:iam::884237813524:user/gernot.heschl",
                            "force_destroy": "false",
                            "id": "gernot.heschl",
                            "name": "gernot.heschl",
                            "path": "/",
                            "tags.%": "0",
                            "unique_id": "AIDAJ7WBRUDZQMCSNXS4Y"
                        },
                        "meta": {},
                        "tainted": false
                    },
                    "deposed": [],
                    "provider": "provider.aws"
                },
                "aws_iam_user.haraldsaringer": {
                    "type": "aws_iam_user",
                    "depends_on": [],
                    "primary": {
                        "id": "harald.saringer",
                        "attributes": {
                            "arn": "arn:aws:iam::884237813524:user/harald.saringer",
                            "force_destroy": "false",
                            "id": "harald.saringer",
                            "name": "harald.saringer",
                            "path": "/",
                            "tags.%": "0",
                            "unique_id": "AIDAI3MGQOVCUJCCTCXAG"
                        },
                        "meta": {},
                        "tainted": false
                    },
                    "deposed": [],
                    "provider": "provider.aws"
                },
                "aws_iam_user.volkerhutten": {
                    "type": "aws_iam_user",
                    "depends_on": [],
                    "primary": {
                        "id": "volker.hutten",
                        "attributes": {
                            "arn": "arn:aws:iam::884237813524:user/volker.hutten",
                            "force_destroy": "false",
                            "id": "volker.hutten",
                            "name": "volker.hutten",
                            "path": "/",
                            "tags.%": "0",
                            "unique_id": "AIDAIAC3QWWKCGPHACQNU"
                        },
                        "meta": {},
                        "tainted": false
                    },
                    "deposed": [],
                    "provider": "provider.aws"
                },
                "aws_instance.Sportal_Ansible_Host": {
                    "type": "aws_instance",
                    "depends_on": [
                        "aws_security_group.Ansible_SSH_Access",
                        "aws_subnet.public_subnet_a"
                    ],
                    "primary": {
                        "id": "i-07442e163c1cf0cfe",
                        "attributes": {
                            "ami": "ami-0963f4d997fb2de41",
                            "arn": "arn:aws:ec2:eu-central-1:884237813524:instance/i-07442e163c1cf0cfe",
                            "associate_public_ip_address": "true",
                            "availability_zone": "eu-central-1a",
                            "cpu_core_count": "1",
                            "cpu_threads_per_core": "1",
                            "credit_specification.#": "1",
                            "credit_specification.0.cpu_credits": "standard",
                            "disable_api_termination": "false",
                            "ebs_block_device.#": "0",
                            "ebs_optimized": "false",
                            "ephemeral_block_device.#": "0",
                            "get_password_data": "false",
                            "iam_instance_profile": "",
                            "id": "i-07442e163c1cf0cfe",
                            "instance_state": "running",
                            "instance_type": "t2.micro",
                            "ipv6_addresses.#": "0",
                            "key_name": "sportal-frankfurt",
                            "monitoring": "false",
                            "network_interface.#": "0",
                            "network_interface_id": "eni-0d7852b2c0e226753",
                            "password_data": "",
                            "placement_group": "",
                            "primary_network_interface_id": "eni-0d7852b2c0e226753",
                            "private_dns": "ip-172-24-0-120.eu-central-1.compute.internal",
                            "private_ip": "172.24.0.120",
                            "public_dns": "ec2-18-195-47-4.eu-central-1.compute.amazonaws.com",
                            "public_ip": "18.195.47.4",
                            "root_block_device.#": "1",
                            "root_block_device.0.delete_on_termination": "false",
                            "root_block_device.0.iops": "0",
                            "root_block_device.0.volume_id": "vol-040885fedc7a3e65a",
                            "root_block_device.0.volume_size": "30",
                            "root_block_device.0.volume_type": "standard",
                            "security_groups.#": "0",
                            "source_dest_check": "true",
                            "subnet_id": "subnet-046b009526aa19447",
                            "tags.%": "1",
                            "tags.Name": "csportal-ansible",
                            "tenancy": "default",
                            "user_data": "9d8c9c504ae0f0969bb08d22fb76f23ed69fb1fd",
                            "volume_tags.%": "0",
                            "vpc_security_group_ids.#": "1",
                            "vpc_security_group_ids.3632289113": "sg-06e2c452f91f85f5c"
                        },
                        "meta": {
                            "e2bfb730-ecaa-11e6-8f88-34363bc7c4c0": {
                                "create": 600000000000,
                                "delete": 1200000000000,
                                "update": 600000000000
                            },
                            "schema_version": "1"
                        },
                        "tainted": false
                    },
                    "deposed": [],
                    "provider": "provider.aws"
                },
                "aws_instance.csportal-cms-aza": {
                    "type": "aws_instance",
                    "depends_on": [
                        "aws_security_group.sportal_cms",
                        "aws_subnet.cms_subnet_a"
                    ],
                    "primary": {
                        "id": "i-0f167e748a183dec6",
                        "attributes": {
                            "ami": "ami-0963f4d997fb2de41",
                            "arn": "arn:aws:ec2:eu-central-1:884237813524:instance/i-0f167e748a183dec6",
                            "associate_public_ip_address": "true",
                            "availability_zone": "eu-central-1a",
                            "cpu_core_count": "1",
                            "cpu_threads_per_core": "2",
                            "credit_specification.#": "1",
                            "credit_specification.0.cpu_credits": "unlimited",
                            "disable_api_termination": "false",
                            "ebs_block_device.#": "0",
                            "ebs_optimized": "false",
                            "ephemeral_block_device.#": "0",
                            "get_password_data": "false",
                            "iam_instance_profile": "",
                            "id": "i-0f167e748a183dec6",
                            "instance_state": "running",
                            "instance_type": "t3.medium",
                            "ipv6_addresses.#": "0",
                            "key_name": "sportal-frankfurt",
                            "monitoring": "false",
                            "network_interface.#": "0",
                            "network_interface_id": "eni-001ab2440e2961371",
                            "password_data": "",
                            "placement_group": "",
                            "primary_network_interface_id": "eni-001ab2440e2961371",
                            "private_dns": "ip-172-24-1-57.eu-central-1.compute.internal",
                            "private_ip": "172.24.1.57",
                            "public_dns": "ec2-54-93-183-105.eu-central-1.compute.amazonaws.com",
                            "public_ip": "54.93.183.105",
                            "root_block_device.#": "1",
                            "root_block_device.0.delete_on_termination": "false",
                            "root_block_device.0.iops": "0",
                            "root_block_device.0.volume_id": "vol-0aa01b0afc13a25d0",
                            "root_block_device.0.volume_size": "30",
                            "root_block_device.0.volume_type": "standard",
                            "security_groups.#": "0",
                            "source_dest_check": "true",
                            "subnet_id": "subnet-058bd5ce4ba7e992a",
                            "tags.%": "1",
                            "tags.Name": "csportal-cms01",
                            "tenancy": "default",
                            "volume_tags.%": "0",
                            "vpc_security_group_ids.#": "1",
                            "vpc_security_group_ids.1080142277": "sg-029a341b4dae233b6"
                        },
                        "meta": {
                            "e2bfb730-ecaa-11e6-8f88-34363bc7c4c0": {
                                "create": 600000000000,
                                "delete": 1200000000000,
                                "update": 600000000000
                            },
                            "schema_version": "1"
                        },
                        "tainted": false
                    },
                    "deposed": [],
                    "provider": "provider.aws"
                },
                "aws_instance.csportal-web-azb.0": {
                    "type": "aws_instance",
                    "depends_on": [
                        "aws_security_group.sportal_web",
                        "aws_subnet.webfe_subnet_b"
                    ],
                    "primary": {
                        "id": "i-09520924fbdc797a7",
                        "attributes": {
                            "ami": "ami-0bd268590d727a0e9",
                            "arn": "arn:aws:ec2:eu-central-1:884237813524:instance/i-09520924fbdc797a7",
                            "associate_public_ip_address": "true",
                            "availability_zone": "eu-central-1b",
                            "cpu_core_count": "1",
                            "cpu_threads_per_core": "2",
                            "credit_specification.#": "1",
                            "credit_specification.0.cpu_credits": "unlimited",
                            "disable_api_termination": "false",
                            "ebs_block_device.#": "0",
                            "ebs_optimized": "false",
                            "ephemeral_block_device.#": "0",
                            "get_password_data": "false",
                            "iam_instance_profile": "",
                            "id": "i-09520924fbdc797a7",
                            "instance_state": "running",
                            "instance_type": "t3.medium",
                            "ipv6_addresses.#": "0",
                            "key_name": "sportal-frankfurt",
                            "monitoring": "false",
                            "network_interface.#": "0",
                            "network_interface_id": "eni-0abd1d0a2c27c2a83",
                            "password_data": "",
                            "placement_group": "",
                            "primary_network_interface_id": "eni-0abd1d0a2c27c2a83",
                            "private_dns": "ip-172-24-1-30.eu-central-1.compute.internal",
                            "private_ip": "172.24.1.30",
                            "public_dns": "ec2-18-185-96-174.eu-central-1.compute.amazonaws.com",
                            "public_ip": "18.185.96.174",
                            "root_block_device.#": "1",
                            "root_block_device.0.delete_on_termination": "true",
                            "root_block_device.0.iops": "120",
                            "root_block_device.0.volume_id": "vol-067cfa95548e02bd8",
                            "root_block_device.0.volume_size": "40",
                            "root_block_device.0.volume_type": "gp2",
                            "security_groups.#": "0",
                            "source_dest_check": "true",
                            "subnet_id": "subnet-086d5fa09a94a02c9",
                            "tags.%": "1",
                            "tags.Name": "csportal-web-b01",
                            "tenancy": "default",
                            "volume_tags.%": "0",
                            "vpc_security_group_ids.#": "1",
                            "vpc_security_group_ids.1783083486": "sg-0d2de14d420ad42b6"
                        },
                        "meta": {
                            "e2bfb730-ecaa-11e6-8f88-34363bc7c4c0": {
                                "create": 600000000000,
                                "delete": 1200000000000,
                                "update": 600000000000
                            },
                            "schema_version": "1"
                        },
                        "tainted": false
                    },
                    "deposed": [],
                    "provider": "provider.aws"
                },
                "aws_instance.csportal-web-azb.1": {
                    "type": "aws_instance",
                    "depends_on": [
                        "aws_security_group.sportal_web",
                        "aws_subnet.webfe_subnet_b"
                    ],
                    "primary": {
                        "id": "i-0af264bad61562812",
                        "attributes": {
                            "ami": "ami-0bd268590d727a0e9",
                            "arn": "arn:aws:ec2:eu-central-1:884237813524:instance/i-0af264bad61562812",
                            "associate_public_ip_address": "true",
                            "availability_zone": "eu-central-1b",
                            "cpu_core_count": "1",
                            "cpu_threads_per_core": "2",
                            "credit_specification.#": "1",
                            "credit_specification.0.cpu_credits": "unlimited",
                            "disable_api_termination": "false",
                            "ebs_block_device.#": "0",
                            "ebs_optimized": "false",
                            "ephemeral_block_device.#": "0",
                            "get_password_data": "false",
                            "iam_instance_profile": "",
                            "id": "i-0af264bad61562812",
                            "instance_state": "running",
                            "instance_type": "t3.medium",
                            "ipv6_addresses.#": "0",
                            "key_name": "sportal-frankfurt",
                            "monitoring": "false",
                            "network_interface.#": "0",
                            "network_interface_id": "eni-0229680bd928acfd9",
                            "password_data": "",
                            "placement_group": "",
                            "primary_network_interface_id": "eni-0229680bd928acfd9",
                            "private_dns": "ip-172-24-1-23.eu-central-1.compute.internal",
                            "private_ip": "172.24.1.23",
                            "public_dns": "ec2-18-185-61-1.eu-central-1.compute.amazonaws.com",
                            "public_ip": "18.185.61.1",
                            "root_block_device.#": "1",
                            "root_block_device.0.delete_on_termination": "true",
                            "root_block_device.0.iops": "120",
                            "root_block_device.0.volume_id": "vol-090c66b2e6a21bf2c",
                            "root_block_device.0.volume_size": "40",
                            "root_block_device.0.volume_type": "gp2",
                            "security_groups.#": "0",
                            "source_dest_check": "true",
                            "subnet_id": "subnet-086d5fa09a94a02c9",
                            "tags.%": "1",
                            "tags.Name": "csportal-web-b02",
                            "tenancy": "default",
                            "volume_tags.%": "0",
                            "vpc_security_group_ids.#": "1",
                            "vpc_security_group_ids.1783083486": "sg-0d2de14d420ad42b6"
                        },
                        "meta": {
                            "e2bfb730-ecaa-11e6-8f88-34363bc7c4c0": {
                                "create": 600000000000,
                                "delete": 1200000000000,
                                "update": 600000000000
                            },
                            "schema_version": "1"
                        },
                        "tainted": false
                    },
                    "deposed": [],
                    "provider": "provider.aws"
                },
                "aws_instance.csportal-web-azb.2": {
                    "type": "aws_instance",
                    "depends_on": [
                        "aws_security_group.sportal_web",
                        "aws_subnet.webfe_subnet_b"
                    ],
                    "primary": {
                        "id": "i-005cb5084a37985f7",
                        "attributes": {
                            "ami": "ami-0bd268590d727a0e9",
                            "arn": "arn:aws:ec2:eu-central-1:884237813524:instance/i-005cb5084a37985f7",
                            "associate_public_ip_address": "true",
                            "availability_zone": "eu-central-1b",
                            "cpu_core_count": "1",
                            "cpu_threads_per_core": "2",
                            "credit_specification.#": "1",
                            "credit_specification.0.cpu_credits": "unlimited",
                            "disable_api_termination": "false",
                            "ebs_block_device.#": "0",
                            "ebs_optimized": "false",
                            "ephemeral_block_device.#": "0",
                            "get_password_data": "false",
                            "iam_instance_profile": "",
                            "id": "i-005cb5084a37985f7",
                            "instance_state": "running",
                            "instance_type": "t3.medium",
                            "ipv6_addresses.#": "0",
                            "key_name": "sportal-frankfurt",
                            "monitoring": "false",
                            "network_interface.#": "0",
                            "network_interface_id": "eni-0e5f1f31a3c67cf17",
                            "password_data": "",
                            "placement_group": "",
                            "primary_network_interface_id": "eni-0e5f1f31a3c67cf17",
                            "private_dns": "ip-172-24-1-25.eu-central-1.compute.internal",
                            "private_ip": "172.24.1.25",
                            "public_dns": "ec2-18-185-138-145.eu-central-1.compute.amazonaws.com",
                            "public_ip": "18.185.138.145",
                            "root_block_device.#": "1",
                            "root_block_device.0.delete_on_termination": "true",
                            "root_block_device.0.iops": "120",
                            "root_block_device.0.volume_id": "vol-0fb2c50422c071ea3",
                            "root_block_device.0.volume_size": "40",
                            "root_block_device.0.volume_type": "gp2",
                            "security_groups.#": "0",
                            "source_dest_check": "true",
                            "subnet_id": "subnet-086d5fa09a94a02c9",
                            "tags.%": "1",
                            "tags.Name": "csportal-web-b03",
                            "tenancy": "default",
                            "volume_tags.%": "0",
                            "vpc_security_group_ids.#": "1",
                            "vpc_security_group_ids.1783083486": "sg-0d2de14d420ad42b6"
                        },
                        "meta": {
                            "e2bfb730-ecaa-11e6-8f88-34363bc7c4c0": {
                                "create": 600000000000,
                                "delete": 1200000000000,
                                "update": 600000000000
                            },
                            "schema_version": "1"
                        },
                        "tainted": false
                    },
                    "deposed": [],
                    "provider": "provider.aws"
                },
                "aws_instance.csportal-web-azc.0": {
                    "type": "aws_instance",
                    "depends_on": [
                        "aws_security_group.sportal_web",
                        "aws_subnet.webfe_subnet_c"
                    ],
                    "primary": {
                        "id": "i-0a4c0235a65c39f17",
                        "attributes": {
                            "ami": "ami-0bd268590d727a0e9",
                            "arn": "arn:aws:ec2:eu-central-1:884237813524:instance/i-0a4c0235a65c39f17",
                            "associate_public_ip_address": "true",
                            "availability_zone": "eu-central-1c",
                            "cpu_core_count": "1",
                            "cpu_threads_per_core": "2",
                            "credit_specification.#": "1",
                            "credit_specification.0.cpu_credits": "unlimited",
                            "disable_api_termination": "false",
                            "ebs_block_device.#": "0",
                            "ebs_optimized": "false",
                            "ephemeral_block_device.#": "0",
                            "get_password_data": "false",
                            "iam_instance_profile": "",
                            "id": "i-0a4c0235a65c39f17",
                            "instance_state": "running",
                            "instance_type": "t3.medium",
                            "ipv6_addresses.#": "0",
                            "key_name": "sportal-frankfurt",
                            "monitoring": "false",
                            "network_interface.#": "0",
                            "network_interface_id": "eni-0d5fcbec9bbc5cd96",
                            "password_data": "",
                            "placement_group": "",
                            "primary_network_interface_id": "eni-0d5fcbec9bbc5cd96",
                            "private_dns": "ip-172-24-1-43.eu-central-1.compute.internal",
                            "private_ip": "172.24.1.43",
                            "public_dns": "ec2-35-158-128-149.eu-central-1.compute.amazonaws.com",
                            "public_ip": "35.158.128.149",
                            "root_block_device.#": "1",
                            "root_block_device.0.delete_on_termination": "true",
                            "root_block_device.0.iops": "120",
                            "root_block_device.0.volume_id": "vol-0e3ec38975890b799",
                            "root_block_device.0.volume_size": "40",
                            "root_block_device.0.volume_type": "gp2",
                            "security_groups.#": "0",
                            "source_dest_check": "true",
                            "subnet_id": "subnet-0e5eb1aceaca1d777",
                            "tags.%": "1",
                            "tags.Name": "csportal-web-c01",
                            "tenancy": "default",
                            "volume_tags.%": "0",
                            "vpc_security_group_ids.#": "1",
                            "vpc_security_group_ids.1783083486": "sg-0d2de14d420ad42b6"
                        },
                        "meta": {
                            "e2bfb730-ecaa-11e6-8f88-34363bc7c4c0": {
                                "create": 600000000000,
                                "delete": 1200000000000,
                                "update": 600000000000
                            },
                            "schema_version": "1"
                        },
                        "tainted": false
                    },
                    "deposed": [],
                    "provider": "provider.aws"
                },
                "aws_instance.csportal-web-azc.1": {
                    "type": "aws_instance",
                    "depends_on": [
                        "aws_security_group.sportal_web",
                        "aws_subnet.webfe_subnet_c"
                    ],
                    "primary": {
                        "id": "i-09f8d60bd6c1d2bd7",
                        "attributes": {
                            "ami": "ami-0bd268590d727a0e9",
                            "arn": "arn:aws:ec2:eu-central-1:884237813524:instance/i-09f8d60bd6c1d2bd7",
                            "associate_public_ip_address": "true",
                            "availability_zone": "eu-central-1c",
                            "cpu_core_count": "1",
                            "cpu_threads_per_core": "2",
                            "credit_specification.#": "1",
                            "credit_specification.0.cpu_credits": "unlimited",
                            "disable_api_termination": "false",
                            "ebs_block_device.#": "0",
                            "ebs_optimized": "false",
                            "ephemeral_block_device.#": "0",
                            "get_password_data": "false",
                            "iam_instance_profile": "",
                            "id": "i-09f8d60bd6c1d2bd7",
                            "instance_state": "running",
                            "instance_type": "t3.medium",
                            "ipv6_addresses.#": "0",
                            "key_name": "sportal-frankfurt",
                            "monitoring": "false",
                            "network_interface.#": "0",
                            "network_interface_id": "eni-043a94d3461c348d6",
                            "password_data": "",
                            "placement_group": "",
                            "primary_network_interface_id": "eni-043a94d3461c348d6",
                            "private_dns": "ip-172-24-1-46.eu-central-1.compute.internal",
                            "private_ip": "172.24.1.46",
                            "public_dns": "ec2-3-121-9-41.eu-central-1.compute.amazonaws.com",
                            "public_ip": "3.121.9.41",
                            "root_block_device.#": "1",
                            "root_block_device.0.delete_on_termination": "true",
                            "root_block_device.0.iops": "120",
                            "root_block_device.0.volume_id": "vol-09da2a17c970af8a7",
                            "root_block_device.0.volume_size": "40",
                            "root_block_device.0.volume_type": "gp2",
                            "security_groups.#": "0",
                            "source_dest_check": "true",
                            "subnet_id": "subnet-0e5eb1aceaca1d777",
                            "tags.%": "1",
                            "tags.Name": "csportal-web-c02",
                            "tenancy": "default",
                            "volume_tags.%": "0",
                            "vpc_security_group_ids.#": "1",
                            "vpc_security_group_ids.1783083486": "sg-0d2de14d420ad42b6"
                        },
                        "meta": {
                            "e2bfb730-ecaa-11e6-8f88-34363bc7c4c0": {
                                "create": 600000000000,
                                "delete": 1200000000000,
                                "update": 600000000000
                            },
                            "schema_version": "1"
                        },
                        "tainted": false
                    },
                    "deposed": [],
                    "provider": "provider.aws"
                },
                "aws_instance.csportal-web-azc.2": {
                    "type": "aws_instance",
                    "depends_on": [
                        "aws_security_group.sportal_web",
                        "aws_subnet.webfe_subnet_c"
                    ],
                    "primary": {
                        "id": "i-0a71142ff56841860",
                        "attributes": {
                            "ami": "ami-0bd268590d727a0e9",
                            "arn": "arn:aws:ec2:eu-central-1:884237813524:instance/i-0a71142ff56841860",
                            "associate_public_ip_address": "true",
                            "availability_zone": "eu-central-1c",
                            "cpu_core_count": "1",
                            "cpu_threads_per_core": "2",
                            "credit_specification.#": "1",
                            "credit_specification.0.cpu_credits": "unlimited",
                            "disable_api_termination": "false",
                            "ebs_block_device.#": "0",
                            "ebs_optimized": "false",
                            "ephemeral_block_device.#": "0",
                            "get_password_data": "false",
                            "iam_instance_profile": "",
                            "id": "i-0a71142ff56841860",
                            "instance_state": "running",
                            "instance_type": "t3.medium",
                            "ipv6_addresses.#": "0",
                            "key_name": "sportal-frankfurt",
                            "monitoring": "false",
                            "network_interface.#": "0",
                            "network_interface_id": "eni-025da7f94d06c89e1",
                            "password_data": "",
                            "placement_group": "",
                            "primary_network_interface_id": "eni-025da7f94d06c89e1",
                            "private_dns": "ip-172-24-1-38.eu-central-1.compute.internal",
                            "private_ip": "172.24.1.38",
                            "public_dns": "ec2-52-29-119-164.eu-central-1.compute.amazonaws.com",
                            "public_ip": "52.29.119.164",
                            "root_block_device.#": "1",
                            "root_block_device.0.delete_on_termination": "true",
                            "root_block_device.0.iops": "120",
                            "root_block_device.0.volume_id": "vol-017384f6fd0aeb6e8",
                            "root_block_device.0.volume_size": "40",
                            "root_block_device.0.volume_type": "gp2",
                            "security_groups.#": "0",
                            "source_dest_check": "true",
                            "subnet_id": "subnet-0e5eb1aceaca1d777",
                            "tags.%": "1",
                            "tags.Name": "csportal-web-c03",
                            "tenancy": "default",
                            "volume_tags.%": "0",
                            "vpc_security_group_ids.#": "1",
                            "vpc_security_group_ids.1783083486": "sg-0d2de14d420ad42b6"
                        },
                        "meta": {
                            "e2bfb730-ecaa-11e6-8f88-34363bc7c4c0": {
                                "create": 600000000000,
                                "delete": 1200000000000,
                                "update": 600000000000
                            },
                            "schema_version": "1"
                        },
                        "tainted": false
                    },
                    "deposed": [],
                    "provider": "provider.aws"
                },
                "aws_instance.openvpn": {
                    "type": "aws_instance",
                    "depends_on": [
                        "aws_security_group.openvpn",
                        "aws_subnet.public_subnet_a"
                    ],
                    "primary": {
                        "id": "i-0cd6aa28308c106e4",
                        "attributes": {
                            "ami": "ami-05c15237ad9de71f5",
                            "arn": "arn:aws:ec2:eu-central-1:884237813524:instance/i-0cd6aa28308c106e4",
                            "associate_public_ip_address": "true",
                            "availability_zone": "eu-central-1a",
                            "cpu_core_count": "1",
                            "cpu_threads_per_core": "1",
                            "credit_specification.#": "1",
                            "credit_specification.0.cpu_credits": "standard",
                            "disable_api_termination": "false",
                            "ebs_block_device.#": "0",
                            "ebs_optimized": "false",
                            "ephemeral_block_device.#": "0",
                            "get_password_data": "false",
                            "iam_instance_profile": "",
                            "id": "i-0cd6aa28308c106e4",
                            "instance_state": "running",
                            "instance_type": "t2.small",
                            "ipv6_addresses.#": "0",
                            "key_name": "sportal-frankfurt",
                            "monitoring": "false",
                            "network_interface.#": "0",
                            "network_interface_id": "eni-0a002e7d4c78e9965",
                            "password_data": "",
                            "placement_group": "",
                            "primary_network_interface_id": "eni-0a002e7d4c78e9965",
                            "private_dns": "ip-172-24-0-74.eu-central-1.compute.internal",
                            "private_ip": "172.24.0.74",
                            "public_dns": "ec2-3-122-96-162.eu-central-1.compute.amazonaws.com",
                            "public_ip": "3.122.96.162",
                            "root_block_device.#": "1",
                            "root_block_device.0.delete_on_termination": "true",
                            "root_block_device.0.iops": "0",
                            "root_block_device.0.volume_id": "vol-08535612bbf8e4a36",
                            "root_block_device.0.volume_size": "8",
                            "root_block_device.0.volume_type": "standard",
                            "security_groups.#": "0",
                            "source_dest_check": "true",
                            "subnet_id": "subnet-046b009526aa19447",
                            "tags.%": "1",
                            "tags.Name": "csportal-ovpn01",
                            "tenancy": "default",
                            "volume_tags.%": "0",
                            "vpc_security_group_ids.#": "1",
                            "vpc_security_group_ids.714054683": "sg-03c8caf9e90af1f2c"
                        },
                        "meta": {
                            "e2bfb730-ecaa-11e6-8f88-34363bc7c4c0": {
                                "create": 600000000000,
                                "delete": 1200000000000,
                                "update": 600000000000
                            },
                            "schema_version": "1"
                        },
                        "tainted": false
                    },
                    "deposed": [],
                    "provider": "provider.aws"
                },
                "aws_instance.ops_monitoring": {
                    "type": "aws_instance",
                    "depends_on": [
                        "aws_security_group.ops_monitoring",
                        "aws_subnet.public_subnet_a"
                    ],
                    "primary": {
                        "id": "i-06e548440ee777bc9",
                        "attributes": {
                            "ami": "ami-0a5f61c2d8cfc4bad",
                            "arn": "arn:aws:ec2:eu-central-1:884237813524:instance/i-06e548440ee777bc9",
                            "associate_public_ip_address": "true",
                            "availability_zone": "eu-central-1a",
                            "cpu_core_count": "1",
                            "cpu_threads_per_core": "2",
                            "credit_specification.#": "1",
                            "credit_specification.0.cpu_credits": "unlimited",
                            "disable_api_termination": "false",
                            "ebs_block_device.#": "0",
                            "ebs_optimized": "false",
                            "ephemeral_block_device.#": "0",
                            "get_password_data": "false",
                            "iam_instance_profile": "",
                            "id": "i-06e548440ee777bc9",
                            "instance_state": "running",
                            "instance_type": "t3.medium",
                            "ipv6_addresses.#": "0",
                            "key_name": "sportal-frankfurt",
                            "monitoring": "false",
                            "network_interface.#": "0",
                            "network_interface_id": "eni-0ddee2d9976047c9f",
                            "password_data": "",
                            "placement_group": "",
                            "primary_network_interface_id": "eni-0ddee2d9976047c9f",
                            "private_dns": "ip-172-24-0-96.eu-central-1.compute.internal",
                            "private_ip": "172.24.0.96",
                            "public_dns": "ec2-3-121-62-127.eu-central-1.compute.amazonaws.com",
                            "public_ip": "3.121.62.127",
                            "root_block_device.#": "1",
                            "root_block_device.0.delete_on_termination": "false",
                            "root_block_device.0.iops": "100",
                            "root_block_device.0.volume_id": "vol-0a94274c66180db96",
                            "root_block_device.0.volume_size": "30",
                            "root_block_device.0.volume_type": "gp2",
                            "security_groups.#": "0",
                            "source_dest_check": "true",
                            "subnet_id": "subnet-046b009526aa19447",
                            "tags.%": "1",
                            "tags.Name": "csportal-mon01",
                            "tenancy": "default",
                            "volume_tags.%": "0",
                            "vpc_security_group_ids.#": "1",
                            "vpc_security_group_ids.3479134177": "sg-020deaf2df7483e0d"
                        },
                        "meta": {
                            "e2bfb730-ecaa-11e6-8f88-34363bc7c4c0": {
                                "create": 600000000000,
                                "delete": 1200000000000,
                                "update": 600000000000
                            },
                            "schema_version": "1"
                        },
                        "tainted": false
                    },
                    "deposed": [],
                    "provider": "provider.aws"
                },
                "aws_internet_gateway.main-ig": {
                    "type": "aws_internet_gateway",
                    "depends_on": [
                        "aws_vpc.main"
                    ],
                    "primary": {
                        "id": "igw-0cab9903d4a97a27e",
                        "attributes": {
                            "id": "igw-0cab9903d4a97a27e",
                            "owner_id": "884237813524",
                            "tags.%": "2",
                            "tags.Application": "sportal",
                            "tags.Name": "main IG",
                            "vpc_id": "vpc-0f1442d73f6cd5b16"
                        },
                        "meta": {},
                        "tainted": false
                    },
                    "deposed": [],
                    "provider": "provider.aws"
                },
                "aws_nat_gateway.nat": {
                    "type": "aws_nat_gateway",
                    "depends_on": [
                        "aws_eip.nat",
                        "aws_subnet.public_subnet_a"
                    ],
                    "primary": {
                        "id": "nat-0bd330c4a246814b9",
                        "attributes": {
                            "allocation_id": "eipalloc-09fdc603190e831ce",
                            "id": "nat-0bd330c4a246814b9",
                            "network_interface_id": "eni-02fbe294284b80d70",
                            "private_ip": "172.24.0.137",
                            "public_ip": "18.194.35.173",
                            "subnet_id": "subnet-046b009526aa19447",
                            "tags.%": "1",
                            "tags.Name": "main VPC NAT"
                        },
                        "meta": {},
                        "tainted": false
                    },
                    "deposed": [],
                    "provider": "provider.aws"
                },
                "aws_rds_cluster.ops-monitoring-cluster": {
                    "type": "aws_rds_cluster",
                    "depends_on": [
                        "aws_db_subnet_group.sportal_subnet_group",
                        "aws_security_group.ops_monitoring_db"
                    ],
                    "primary": {
                        "id": "ops-monitoring-cluster",
                        "attributes": {
                            "arn": "arn:aws:rds:eu-central-1:884237813524:cluster:ops-monitoring-cluster",
                            "availability_zones.#": "3",
                            "availability_zones.1126047633": "eu-central-1a",
                            "availability_zones.2903539389": "eu-central-1c",
                            "availability_zones.3658960427": "eu-central-1b",
                            "backtrack_window": "0",
                            "backup_retention_period": "14",
                            "cluster_identifier": "ops-monitoring-cluster",
                            "cluster_members.#": "0",
                            "cluster_resource_id": "cluster-4EWKWDOZJHFO7H2E25OSFAEEAQ",
                            "db_cluster_parameter_group_name": "default.aurora5.6",
                            "db_subnet_group_name": "sportal-prod_aurora_db_subnet_group",
                            "deletion_protection": "true",
                            "enabled_cloudwatch_logs_exports.#": "0",
                            "endpoint": "ops-monitoring-cluster.cluster-ctap8klh1uup.eu-central-1.rds.amazonaws.com",
                            "engine": "aurora",
                            "engine_mode": "serverless",
                            "engine_version": "5.6.10a",
                            "final_snapshot_identifier": "ops-monitoring-cluster",
                            "global_cluster_identifier": "",
                            "hosted_zone_id": "Z1RLNUO7B9Q6NB",
                            "iam_database_authentication_enabled": "false",
                            "iam_roles.#": "0",
                            "id": "ops-monitoring-cluster",
                            "kms_key_id": "arn:aws:kms:eu-central-1:884237813524:key/a240654d-8b77-4630-afc1-de86ff20fd6c",
                            "master_password": "alkiadt!",
                            "master_username": "admin",
                            "port": "3306",
                            "preferred_backup_window": "02:00-03:00",
                            "preferred_maintenance_window": "mon:03:00-mon:04:00",
                            "reader_endpoint": "",
                            "replication_source_identifier": "",
                            "scaling_configuration.#": "1",
                            "scaling_configuration.0.auto_pause": "false",
                            "scaling_configuration.0.max_capacity": "64",
                            "scaling_configuration.0.min_capacity": "2",
                            "scaling_configuration.0.seconds_until_auto_pause": "300",
                            "skip_final_snapshot": "false",
                            "storage_encrypted": "true",
                            "tags.%": "4",
                            "tags.Application": "sportal",
                            "tags.Environment": "ops-monitoring",
                            "tags.ManagedBy": "terraform",
                            "tags.Name": "ops-monitoring-Aurora-DB-Cluster",
                            "vpc_security_group_ids.#": "1",
                            "vpc_security_group_ids.3863711467": "sg-0394df24b17a74c9d"
                        },
                        "meta": {
                            "e2bfb730-ecaa-11e6-8f88-34363bc7c4c0": {
                                "create": 7200000000000,
                                "delete": 7200000000000,
                                "update": 7200000000000
                            }
                        },
                        "tainted": false
                    },
                    "deposed": [],
                    "provider": "provider.aws"
                },
                "aws_rds_cluster.sportal-cluster": {
                    "type": "aws_rds_cluster",
                    "depends_on": [
                        "aws_db_subnet_group.sportal_subnet_group",
                        "aws_security_group.sportal_db"
                    ],
                    "primary": {
                        "id": "sportal-prod-cluster",
                        "attributes": {
                            "arn": "arn:aws:rds:eu-central-1:884237813524:cluster:sportal-prod-cluster",
                            "availability_zones.#": "3",
                            "availability_zones.1126047633": "eu-central-1a",
                            "availability_zones.2903539389": "eu-central-1c",
                            "availability_zones.3658960427": "eu-central-1b",
                            "backtrack_window": "0",
                            "backup_retention_period": "14",
                            "cluster_identifier": "sportal-prod-cluster",
                            "cluster_members.#": "0",
                            "cluster_resource_id": "cluster-PY5ERVJWLPOIWZSHDXCX6KALUY",
                            "db_cluster_parameter_group_name": "default.aurora5.6",
                            "db_subnet_group_name": "sportal-prod_aurora_db_subnet_group",
                            "deletion_protection": "true",
                            "enabled_cloudwatch_logs_exports.#": "0",
                            "endpoint": "sportal-prod-cluster.cluster-ctap8klh1uup.eu-central-1.rds.amazonaws.com",
                            "engine": "aurora",
                            "engine_mode": "serverless",
                            "engine_version": "5.6.10a",
                            "final_snapshot_identifier": "sportal-prod-cluster",
                            "global_cluster_identifier": "",
                            "hosted_zone_id": "Z1RLNUO7B9Q6NB",
                            "iam_database_authentication_enabled": "false",
                            "iam_roles.#": "0",
                            "id": "sportal-prod-cluster",
                            "kms_key_id": "arn:aws:kms:eu-central-1:884237813524:key/a240654d-8b77-4630-afc1-de86ff20fd6c",
                            "master_password": "alkiadt!",
                            "master_username": "admin",
                            "port": "3306",
                            "preferred_backup_window": "02:00-03:00",
                            "preferred_maintenance_window": "mon:03:00-mon:04:00",
                            "reader_endpoint": "",
                            "replication_source_identifier": "",
                            "scaling_configuration.#": "1",
                            "scaling_configuration.0.auto_pause": "false",
                            "scaling_configuration.0.max_capacity": "64",
                            "scaling_configuration.0.min_capacity": "2",
                            "scaling_configuration.0.seconds_until_auto_pause": "300",
                            "skip_final_snapshot": "false",
                            "storage_encrypted": "true",
                            "tags.%": "4",
                            "tags.Application": "sportal",
                            "tags.Environment": "sportal-prod",
                            "tags.ManagedBy": "terraform",
                            "tags.Name": "sportal-prod-Aurora-DB-Cluster",
                            "vpc_security_group_ids.#": "1",
                            "vpc_security_group_ids.1452288815": "sg-063ceff35a1730274"
                        },
                        "meta": {
                            "e2bfb730-ecaa-11e6-8f88-34363bc7c4c0": {
                                "create": 7200000000000,
                                "delete": 7200000000000,
                                "update": 7200000000000
                            }
                        },
                        "tainted": false
                    },
                    "deposed": [],
                    "provider": "provider.aws"
                },
                "aws_route53_record.ansible-host": {
                    "type": "aws_route53_record",
                    "depends_on": [
                        "aws_instance.Sportal_Ansible_Host",
                        "aws_route53_zone.sportal"
                    ],
                    "primary": {
                        "id": "Z3B4I853J3I0BK_csportal-ansible_A",
                        "attributes": {
                            "allow_overwrite": "true",
                            "fqdn": "csportal-ansible.sportal.local",
                            "health_check_id": "",
                            "id": "Z3B4I853J3I0BK_csportal-ansible_A",
                            "name": "csportal-ansible",
                            "records.#": "1",
                            "records.2056508249": "172.24.0.120",
                            "set_identifier": "",
                            "ttl": "300",
                            "type": "A",
                            "zone_id": "Z3B4I853J3I0BK"
                        },
                        "meta": {
                            "schema_version": "2"
                        },
                        "tainted": false
                    },
                    "deposed": [],
                    "provider": "provider.aws"
                },
                "aws_route53_record.csportal-cms-a": {
                    "type": "aws_route53_record",
                    "depends_on": [
                        "aws_instance.csportal-cms-aza.*",
                        "aws_route53_zone.sportal"
                    ],
                    "primary": {
                        "id": "Z3B4I853J3I0BK_csportal-cms01_A",
                        "attributes": {
                            "allow_overwrite": "true",
                            "fqdn": "csportal-cms01.sportal.local",
                            "health_check_id": "",
                            "id": "Z3B4I853J3I0BK_csportal-cms01_A",
                            "name": "csportal-cms01",
                            "records.#": "1",
                            "records.1515837299": "172.24.1.57",
                            "set_identifier": "",
                            "ttl": "300",
                            "type": "A",
                            "zone_id": "Z3B4I853J3I0BK"
                        },
                        "meta": {
                            "schema_version": "2"
                        },
                        "tainted": false
                    },
                    "deposed": [],
                    "provider": "provider.aws"
                },
                "aws_route53_record.csportal-mon": {
                    "type": "aws_route53_record",
                    "depends_on": [
                        "aws_instance.ops_monitoring.*",
                        "aws_route53_zone.sportal"
                    ],
                    "primary": {
                        "id": "Z3B4I853J3I0BK_csportal-mon01_A",
                        "attributes": {
                            "allow_overwrite": "true",
                            "fqdn": "csportal-mon01.sportal.local",
                            "health_check_id": "",
                            "id": "Z3B4I853J3I0BK_csportal-mon01_A",
                            "name": "csportal-mon01",
                            "records.#": "1",
                            "records.962056076": "172.24.0.96",
                            "set_identifier": "",
                            "ttl": "300",
                            "type": "A",
                            "zone_id": "Z3B4I853J3I0BK"
                        },
                        "meta": {
                            "schema_version": "2"
                        },
                        "tainted": false
                    },
                    "deposed": [],
                    "provider": "provider.aws"
                },
                "aws_route53_record.csportal-web-aza.0": {
                    "type": "aws_route53_record",
                    "depends_on": [
                        "aws_instance.csportal-web-aza.*",
                        "aws_route53_zone.sportal"
                    ],
                    "primary": {
                        "id": "Z3B4I853J3I0BK_csportal-web-a01_A",
                        "attributes": {
                            "allow_overwrite": "true",
                            "fqdn": "csportal-web-a01.sportal.local",
                            "id": "Z3B4I853J3I0BK_csportal-web-a01_A",
                            "name": "csportal-web-a01",
                            "records.#": "1",
                            "records.1398937839": "172.24.1.5",
                            "ttl": "300",
                            "type": "A",
                            "zone_id": "Z3B4I853J3I0BK"
                        },
                        "meta": {
                            "schema_version": "2"
                        },
                        "tainted": false
                    },
                    "deposed": [],
                    "provider": "provider.aws"
                },
                "aws_route53_record.csportal-web-aza.1": {
                    "type": "aws_route53_record",
                    "depends_on": [
                        "aws_instance.csportal-web-aza.*",
                        "aws_route53_zone.sportal"
                    ],
                    "primary": {
                        "id": "Z3B4I853J3I0BK_csportal-web-a02_A",
                        "attributes": {
                            "allow_overwrite": "true",
                            "fqdn": "csportal-web-a02.sportal.local",
                            "id": "Z3B4I853J3I0BK_csportal-web-a02_A",
                            "name": "csportal-web-a02",
                            "records.#": "1",
                            "records.3612784450": "172.24.1.11",
                            "ttl": "300",
                            "type": "A",
                            "zone_id": "Z3B4I853J3I0BK"
                        },
                        "meta": {
                            "schema_version": "2"
                        },
                        "tainted": false
                    },
                    "deposed": [],
                    "provider": "provider.aws"
                },
                "aws_route53_record.csportal-web-aza.2": {
                    "type": "aws_route53_record",
                    "depends_on": [
                        "aws_instance.csportal-web-aza.*",
                        "aws_route53_zone.sportal"
                    ],
                    "primary": {
                        "id": "Z3B4I853J3I0BK_csportal-web-a03_A",
                        "attributes": {
                            "allow_overwrite": "true",
                            "fqdn": "csportal-web-a03.sportal.local",
                            "id": "Z3B4I853J3I0BK_csportal-web-a03_A",
                            "name": "csportal-web-a03",
                            "records.#": "1",
                            "records.2805744589": "172.24.1.14",
                            "ttl": "300",
                            "type": "A",
                            "zone_id": "Z3B4I853J3I0BK"
                        },
                        "meta": {
                            "schema_version": "2"
                        },
                        "tainted": false
                    },
                    "deposed": [],
                    "provider": "provider.aws"
                },
                "aws_route53_record.csportal-web-azb.0": {
                    "type": "aws_route53_record",
                    "depends_on": [
                        "aws_instance.csportal-web-azb.*",
                        "aws_route53_zone.sportal"
                    ],
                    "primary": {
                        "id": "Z3B4I853J3I0BK_csportal-web-b01_A",
                        "attributes": {
                            "allow_overwrite": "true",
                            "fqdn": "csportal-web-b01.sportal.local",
                            "id": "Z3B4I853J3I0BK_csportal-web-b01_A",
                            "name": "csportal-web-b01",
                            "records.#": "1",
                            "records.2456282454": "172.24.1.30",
                            "ttl": "300",
                            "type": "A",
                            "zone_id": "Z3B4I853J3I0BK"
                        },
                        "meta": {
                            "schema_version": "2"
                        },
                        "tainted": false
                    },
                    "deposed": [],
                    "provider": "provider.aws"
                },
                "aws_route53_record.csportal-web-azb.1": {
                    "type": "aws_route53_record",
                    "depends_on": [
                        "aws_instance.csportal-web-azb.*",
                        "aws_route53_zone.sportal"
                    ],
                    "primary": {
                        "id": "Z3B4I853J3I0BK_csportal-web-b02_A",
                        "attributes": {
                            "allow_overwrite": "true",
                            "fqdn": "csportal-web-b02.sportal.local",
                            "id": "Z3B4I853J3I0BK_csportal-web-b02_A",
                            "name": "csportal-web-b02",
                            "records.#": "1",
                            "records.309691821": "172.24.1.23",
                            "ttl": "300",
                            "type": "A",
                            "zone_id": "Z3B4I853J3I0BK"
                        },
                        "meta": {
                            "schema_version": "2"
                        },
                        "tainted": false
                    },
                    "deposed": [],
                    "provider": "provider.aws"
                },
                "aws_route53_record.csportal-web-azb.2": {
                    "type": "aws_route53_record",
                    "depends_on": [
                        "aws_instance.csportal-web-azb.*",
                        "aws_route53_zone.sportal"
                    ],
                    "primary": {
                        "id": "Z3B4I853J3I0BK_csportal-web-b03_A",
                        "attributes": {
                            "allow_overwrite": "true",
                            "fqdn": "csportal-web-b03.sportal.local",
                            "id": "Z3B4I853J3I0BK_csportal-web-b03_A",
                            "name": "csportal-web-b03",
                            "records.#": "1",
                            "records.4212531352": "172.24.1.25",
                            "ttl": "300",
                            "type": "A",
                            "zone_id": "Z3B4I853J3I0BK"
                        },
                        "meta": {
                            "schema_version": "2"
                        },
                        "tainted": false
                    },
                    "deposed": [],
                    "provider": "provider.aws"
                },
                "aws_route53_record.csportal-web-azc.0": {
                    "type": "aws_route53_record",
                    "depends_on": [
                        "aws_instance.csportal-web-azc.*",
                        "aws_route53_zone.sportal"
                    ],
                    "primary": {
                        "id": "Z3B4I853J3I0BK_csportal-web-c01_A",
                        "attributes": {
                            "allow_overwrite": "true",
                            "fqdn": "csportal-web-c01.sportal.local",
                            "id": "Z3B4I853J3I0BK_csportal-web-c01_A",
                            "name": "csportal-web-c01",
                            "records.#": "1",
                            "records.1143939627": "172.24.1.43",
                            "ttl": "300",
                            "type": "A",
                            "zone_id": "Z3B4I853J3I0BK"
                        },
                        "meta": {
                            "schema_version": "2"
                        },
                        "tainted": false
                    },
                    "deposed": [],
                    "provider": "provider.aws"
                },
                "aws_route53_record.csportal-web-azc.1": {
                    "type": "aws_route53_record",
                    "depends_on": [
                        "aws_instance.csportal-web-azc.*",
                        "aws_route53_zone.sportal"
                    ],
                    "primary": {
                        "id": "Z3B4I853J3I0BK_csportal-web-c02_A",
                        "attributes": {
                            "allow_overwrite": "true",
                            "fqdn": "csportal-web-c02.sportal.local",
                            "id": "Z3B4I853J3I0BK_csportal-web-c02_A",
                            "name": "csportal-web-c02",
                            "records.#": "1",
                            "records.876992164": "172.24.1.46",
                            "ttl": "300",
                            "type": "A",
                            "zone_id": "Z3B4I853J3I0BK"
                        },
                        "meta": {
                            "schema_version": "2"
                        },
                        "tainted": false
                    },
                    "deposed": [],
                    "provider": "provider.aws"
                },
                "aws_route53_record.csportal-web-azc.2": {
                    "type": "aws_route53_record",
                    "depends_on": [
                        "aws_instance.csportal-web-azc.*",
                        "aws_route53_zone.sportal"
                    ],
                    "primary": {
                        "id": "Z3B4I853J3I0BK_csportal-web-c03_A",
                        "attributes": {
                            "allow_overwrite": "true",
                            "fqdn": "csportal-web-c03.sportal.local",
                            "id": "Z3B4I853J3I0BK_csportal-web-c03_A",
                            "name": "csportal-web-c03",
                            "records.#": "1",
                            "records.2629594468": "172.24.1.38",
                            "ttl": "300",
                            "type": "A",
                            "zone_id": "Z3B4I853J3I0BK"
                        },
                        "meta": {
                            "schema_version": "2"
                        },
                        "tainted": false
                    },
                    "deposed": [],
                    "provider": "provider.aws"
                },
                "aws_route53_record.efs-cms": {
                    "type": "aws_route53_record",
                    "depends_on": [
                        "aws_efs_file_system.sportal-cms",
                        "aws_route53_zone.sportal"
                    ],
                    "primary": {
                        "id": "Z3B4I853J3I0BK_efs-cms_CNAME",
                        "attributes": {
                            "allow_overwrite": "true",
                            "fqdn": "efs-cms.sportal.local",
                            "health_check_id": "",
                            "id": "Z3B4I853J3I0BK_efs-cms_CNAME",
                            "name": "efs-cms",
                            "records.#": "1",
                            "records.2800277210": "fs-2261ff7b.efs.eu-central-1.amazonaws.com",
                            "set_identifier": "",
                            "ttl": "300",
                            "type": "CNAME",
                            "zone_id": "Z3B4I853J3I0BK"
                        },
                        "meta": {
                            "schema_version": "2"
                        },
                        "tainted": false
                    },
                    "deposed": [],
                    "provider": "provider.aws"
                },
                "aws_route53_record.efs-web": {
                    "type": "aws_route53_record",
                    "depends_on": [
                        "aws_efs_file_system.sportal-web",
                        "aws_route53_zone.sportal"
                    ],
                    "primary": {
                        "id": "Z3B4I853J3I0BK_efs-web_CNAME",
                        "attributes": {
                            "allow_overwrite": "true",
                            "fqdn": "efs-web.sportal.local",
                            "health_check_id": "",
                            "id": "Z3B4I853J3I0BK_efs-web_CNAME",
                            "name": "efs-web",
                            "records.#": "1",
                            "records.1491942065": "fs-2161ff78.efs.eu-central-1.amazonaws.com",
                            "set_identifier": "",
                            "ttl": "300",
                            "type": "CNAME",
                            "zone_id": "Z3B4I853J3I0BK"
                        },
                        "meta": {
                            "schema_version": "2"
                        },
                        "tainted": false
                    },
                    "deposed": [],
                    "provider": "provider.aws"
                },
                "aws_route53_record.efs-web2": {
                    "type": "aws_route53_record",
                    "depends_on": [
                        "aws_efs_file_system.sportal-web2",
                        "aws_route53_zone.sportal"
                    ],
                    "primary": {
                        "id": "Z3B4I853J3I0BK_efs-web2_CNAME",
                        "attributes": {
                            "allow_overwrite": "true",
                            "fqdn": "efs-web2.sportal.local",
                            "health_check_id": "",
                            "id": "Z3B4I853J3I0BK_efs-web2_CNAME",
                            "name": "efs-web2",
                            "records.#": "1",
                            "records.739542920": "fs-bb7e1ce2.efs.eu-central-1.amazonaws.com",
                            "set_identifier": "",
                            "ttl": "300",
                            "type": "CNAME",
                            "zone_id": "Z3B4I853J3I0BK"
                        },
                        "meta": {
                            "schema_version": "2"
                        },
                        "tainted": false
                    },
                    "deposed": [],
                    "provider": "provider.aws"
                },
                "aws_route53_record.ops-monitoring-db": {
                    "type": "aws_route53_record",
                    "depends_on": [
                        "aws_rds_cluster.ops-monitoring-cluster",
                        "aws_route53_zone.sportal"
                    ],
                    "primary": {
                        "id": "Z3B4I853J3I0BK_opsmonitoringdb_CNAME",
                        "attributes": {
                            "allow_overwrite": "true",
                            "fqdn": "opsmonitoringdb.sportal.local",
                            "health_check_id": "",
                            "id": "Z3B4I853J3I0BK_opsmonitoringdb_CNAME",
                            "name": "opsmonitoringdb",
                            "records.#": "1",
                            "records.2604355053": "ops-monitoring-cluster.cluster-ctap8klh1uup.eu-central-1.rds.amazonaws.com",
                            "set_identifier": "",
                            "ttl": "300",
                            "type": "CNAME",
                            "zone_id": "Z3B4I853J3I0BK"
                        },
                        "meta": {
                            "schema_version": "2"
                        },
                        "tainted": false
                    },
                    "deposed": [],
                    "provider": "provider.aws"
                },
                "aws_route53_record.sportal-db": {
                    "type": "aws_route53_record",
                    "depends_on": [
                        "aws_rds_cluster.sportal-cluster",
                        "aws_route53_zone.sportal"
                    ],
                    "primary": {
                        "id": "Z3B4I853J3I0BK_sportaldb_CNAME",
                        "attributes": {
                            "allow_overwrite": "true",
                            "fqdn": "sportaldb.sportal.local",
                            "health_check_id": "",
                            "id": "Z3B4I853J3I0BK_sportaldb_CNAME",
                            "name": "sportaldb",
                            "records.#": "1",
                            "records.4258616128": "sportal-prod-cluster.cluster-ctap8klh1uup.eu-central-1.rds.amazonaws.com",
                            "set_identifier": "",
                            "ttl": "300",
                            "type": "CNAME",
                            "zone_id": "Z3B4I853J3I0BK"
                        },
                        "meta": {
                            "schema_version": "2"
                        },
                        "tainted": false
                    },
                    "deposed": [],
                    "provider": "provider.aws"
                },
                "aws_route53_zone.sportal": {
                    "type": "aws_route53_zone",
                    "depends_on": [
                        "aws_vpc.main",
                        "local.description"
                    ],
                    "primary": {
                        "id": "Z3B4I853J3I0BK",
                        "attributes": {
                            "comment": "Private zone for sportal.local",
                            "delegation_set_id": "",
                            "force_destroy": "false",
                            "id": "Z3B4I853J3I0BK",
                            "name": "sportal.local.",
                            "name_servers.#": "4",
                            "name_servers.0": "ns-0.awsdns-00.com.",
                            "name_servers.1": "ns-1024.awsdns-00.org.",
                            "name_servers.2": "ns-1536.awsdns-00.co.uk.",
                            "name_servers.3": "ns-512.awsdns-00.net.",
                            "tags.%": "4",
                            "tags.Application": "Sportal",
                            "tags.Description": "Private zone for sportal.local",
                            "tags.ManagedBy": "Terraform",
                            "tags.Name": "sportal.local",
                            "vpc.#": "1",
                            "vpc.508851667.vpc_id": "vpc-0f1442d73f6cd5b16",
                            "vpc.508851667.vpc_region": "eu-central-1",
                            "vpc_id": "vpc-0f1442d73f6cd5b16",
                            "vpc_region": "eu-central-1",
                            "zone_id": "Z3B4I853J3I0BK"
                        },
                        "meta": {},
                        "tainted": false
                    },
                    "deposed": [],
                    "provider": "provider.aws"
                },
                "aws_route_table.private_routetable": {
                    "type": "aws_route_table",
                    "depends_on": [
                        "aws_nat_gateway.nat",
                        "aws_vpc.main"
                    ],
                    "primary": {
                        "id": "rtb-035bd75af17d91b82",
                        "attributes": {
                            "id": "rtb-035bd75af17d91b82",
                            "owner_id": "884237813524",
                            "propagating_vgws.#": "0",
                            "route.#": "1",
                            "route.3613601697.cidr_block": "0.0.0.0/0",
                            "route.3613601697.egress_only_gateway_id": "",
                            "route.3613601697.gateway_id": "",
                            "route.3613601697.instance_id": "",
                            "route.3613601697.ipv6_cidr_block": "",
                            "route.3613601697.nat_gateway_id": "nat-0bd330c4a246814b9",
                            "route.3613601697.network_interface_id": "",
                            "route.3613601697.transit_gateway_id": "",
                            "route.3613601697.vpc_peering_connection_id": "",
                            "tags.%": "1",
                            "tags.label": "Sportal",
                            "vpc_id": "vpc-0f1442d73f6cd5b16"
                        },
                        "meta": {},
                        "tainted": false
                    },
                    "deposed": [],
                    "provider": "provider.aws"
                },
                "aws_route_table.public_routetable": {
                    "type": "aws_route_table",
                    "depends_on": [
                        "aws_internet_gateway.main-ig",
                        "aws_vpc.main"
                    ],
                    "primary": {
                        "id": "rtb-06c377acf6f076b04",
                        "attributes": {
                            "id": "rtb-06c377acf6f076b04",
                            "owner_id": "884237813524",
                            "propagating_vgws.#": "0",
                            "route.#": "1",
                            "route.196672045.cidr_block": "0.0.0.0/0",
                            "route.196672045.egress_only_gateway_id": "",
                            "route.196672045.gateway_id": "igw-0cab9903d4a97a27e",
                            "route.196672045.instance_id": "",
                            "route.196672045.ipv6_cidr_block": "",
                            "route.196672045.nat_gateway_id": "",
                            "route.196672045.network_interface_id": "",
                            "route.196672045.transit_gateway_id": "",
                            "route.196672045.vpc_peering_connection_id": "",
                            "tags.%": "1",
                            "tags.label": "Sportal",
                            "vpc_id": "vpc-0f1442d73f6cd5b16"
                        },
                        "meta": {},
                        "tainted": false
                    },
                    "deposed": [],
                    "provider": "provider.aws"
                },
                "aws_route_table_association.cms_subnet_a": {
                    "type": "aws_route_table_association",
                    "depends_on": [
                        "aws_route_table.public_routetable",
                        "aws_subnet.cms_subnet_a"
                    ],
                    "primary": {
                        "id": "rtbassoc-0c792ded9b6a12938",
                        "attributes": {
                            "id": "rtbassoc-0c792ded9b6a12938",
                            "route_table_id": "rtb-06c377acf6f076b04",
                            "subnet_id": "subnet-058bd5ce4ba7e992a"
                        },
                        "meta": {},
                        "tainted": false
                    },
                    "deposed": [],
                    "provider": "provider.aws"
                },
                "aws_route_table_association.cms_subnet_b": {
                    "type": "aws_route_table_association",
                    "depends_on": [
                        "aws_route_table.public_routetable",
                        "aws_subnet.cms_subnet_b"
                    ],
                    "primary": {
                        "id": "rtbassoc-0210e14d6ecb95efe",
                        "attributes": {
                            "id": "rtbassoc-0210e14d6ecb95efe",
                            "route_table_id": "rtb-06c377acf6f076b04",
                            "subnet_id": "subnet-048f154327eb92e56"
                        },
                        "meta": {},
                        "tainted": false
                    },
                    "deposed": [],
                    "provider": "provider.aws"
                },
                "aws_route_table_association.db_subnet_a": {
                    "type": "aws_route_table_association",
                    "depends_on": [
                        "aws_route_table.private_routetable",
                        "aws_subnet.db_subnet_a"
                    ],
                    "primary": {
                        "id": "rtbassoc-06712edc45ac73c92",
                        "attributes": {
                            "id": "rtbassoc-06712edc45ac73c92",
                            "route_table_id": "rtb-035bd75af17d91b82",
                            "subnet_id": "subnet-03a85e5a1c073c63e"
                        },
                        "meta": {},
                        "tainted": false
                    },
                    "deposed": [],
                    "provider": "provider.aws"
                },
                "aws_route_table_association.db_subnet_b": {
                    "type": "aws_route_table_association",
                    "depends_on": [
                        "aws_route_table.private_routetable",
                        "aws_subnet.db_subnet_b"
                    ],
                    "primary": {
                        "id": "rtbassoc-0fa0fbf60e40721dc",
                        "attributes": {
                            "id": "rtbassoc-0fa0fbf60e40721dc",
                            "route_table_id": "rtb-035bd75af17d91b82",
                            "subnet_id": "subnet-0b58400b0db9a3c44"
                        },
                        "meta": {},
                        "tainted": false
                    },
                    "deposed": [],
                    "provider": "provider.aws"
                },
                "aws_route_table_association.db_subnet_c": {
                    "type": "aws_route_table_association",
                    "depends_on": [
                        "aws_route_table.private_routetable",
                        "aws_subnet.db_subnet_c"
                    ],
                    "primary": {
                        "id": "rtbassoc-0568f570d9eefa806",
                        "attributes": {
                            "id": "rtbassoc-0568f570d9eefa806",
                            "route_table_id": "rtb-035bd75af17d91b82",
                            "subnet_id": "subnet-009978f7ad234ba51"
                        },
                        "meta": {},
                        "tainted": false
                    },
                    "deposed": [],
                    "provider": "provider.aws"
                },
                "aws_route_table_association.public_subnet_a": {
                    "type": "aws_route_table_association",
                    "depends_on": [
                        "aws_route_table.public_routetable",
                        "aws_subnet.public_subnet_a"
                    ],
                    "primary": {
                        "id": "rtbassoc-0c69698981e537a9d",
                        "attributes": {
                            "id": "rtbassoc-0c69698981e537a9d",
                            "route_table_id": "rtb-06c377acf6f076b04",
                            "subnet_id": "subnet-046b009526aa19447"
                        },
                        "meta": {},
                        "tainted": false
                    },
                    "deposed": [],
                    "provider": "provider.aws"
                },
                "aws_route_table_association.webelbfe_subnet_a": {
                    "type": "aws_route_table_association",
                    "depends_on": [
                        "aws_route_table.public_routetable",
                        "aws_subnet.webelbfe_subnet_a"
                    ],
                    "primary": {
                        "id": "rtbassoc-04ecfe8be9b22a47c",
                        "attributes": {
                            "id": "rtbassoc-04ecfe8be9b22a47c",
                            "route_table_id": "rtb-06c377acf6f076b04",
                            "subnet_id": "subnet-00693552676500b00"
                        },
                        "meta": {},
                        "tainted": false
                    },
                    "deposed": [],
                    "provider": "provider.aws"
                },
                "aws_route_table_association.webelbfe_subnet_b": {
                    "type": "aws_route_table_association",
                    "depends_on": [
                        "aws_route_table.public_routetable",
                        "aws_subnet.webelbfe_subnet_b"
                    ],
                    "primary": {
                        "id": "rtbassoc-015cbbb7b55a338c4",
                        "attributes": {
                            "id": "rtbassoc-015cbbb7b55a338c4",
                            "route_table_id": "rtb-06c377acf6f076b04",
                            "subnet_id": "subnet-0f87709761c4ca4f7"
                        },
                        "meta": {},
                        "tainted": false
                    },
                    "deposed": [],
                    "provider": "provider.aws"
                },
                "aws_route_table_association.webelbfe_subnet_c": {
                    "type": "aws_route_table_association",
                    "depends_on": [
                        "aws_route_table.public_routetable",
                        "aws_subnet.webelbfe_subnet_c"
                    ],
                    "primary": {
                        "id": "rtbassoc-04ae62e603598c514",
                        "attributes": {
                            "id": "rtbassoc-04ae62e603598c514",
                            "route_table_id": "rtb-06c377acf6f076b04",
                            "subnet_id": "subnet-06dcda9dd9f1376be"
                        },
                        "meta": {},
                        "tainted": false
                    },
                    "deposed": [],
                    "provider": "provider.aws"
                },
                "aws_route_table_association.webfe_subnet_a": {
                    "type": "aws_route_table_association",
                    "depends_on": [
                        "aws_route_table.public_routetable",
                        "aws_subnet.webfe_subnet_a"
                    ],
                    "primary": {
                        "id": "rtbassoc-0c22ac608168f2ebd",
                        "attributes": {
                            "id": "rtbassoc-0c22ac608168f2ebd",
                            "route_table_id": "rtb-06c377acf6f076b04",
                            "subnet_id": "subnet-0f7a66b358b9c13cb"
                        },
                        "meta": {},
                        "tainted": false
                    },
                    "deposed": [],
                    "provider": "provider.aws"
                },
                "aws_route_table_association.webfe_subnet_b": {
                    "type": "aws_route_table_association",
                    "depends_on": [
                        "aws_route_table.public_routetable",
                        "aws_subnet.webfe_subnet_b"
                    ],
                    "primary": {
                        "id": "rtbassoc-0f6849dec1c9032f6",
                        "attributes": {
                            "id": "rtbassoc-0f6849dec1c9032f6",
                            "route_table_id": "rtb-06c377acf6f076b04",
                            "subnet_id": "subnet-086d5fa09a94a02c9"
                        },
                        "meta": {},
                        "tainted": false
                    },
                    "deposed": [],
                    "provider": "provider.aws"
                },
                "aws_route_table_association.webfe_subnet_c": {
                    "type": "aws_route_table_association",
                    "depends_on": [
                        "aws_route_table.public_routetable",
                        "aws_subnet.webfe_subnet_c"
                    ],
                    "primary": {
                        "id": "rtbassoc-012cfa256f550d782",
                        "attributes": {
                            "id": "rtbassoc-012cfa256f550d782",
                            "route_table_id": "rtb-06c377acf6f076b04",
                            "subnet_id": "subnet-0e5eb1aceaca1d777"
                        },
                        "meta": {},
                        "tainted": false
                    },
                    "deposed": [],
                    "provider": "provider.aws"
                },
                "aws_security_group.Ansible_SSH_Access": {
                    "type": "aws_security_group",
                    "depends_on": [
                        "aws_vpc.main"
                    ],
                    "primary": {
                        "id": "sg-06e2c452f91f85f5c",
                        "attributes": {
                            "arn": "arn:aws:ec2:eu-central-1:884237813524:security-group/sg-06e2c452f91f85f5c",
                            "description": "Ansible SSH access SG",
                            "egress.#": "1",
                            "egress.482069346.cidr_blocks.#": "1",
                            "egress.482069346.cidr_blocks.0": "0.0.0.0/0",
                            "egress.482069346.description": "",
                            "egress.482069346.from_port": "0",
                            "egress.482069346.ipv6_cidr_blocks.#": "0",
                            "egress.482069346.prefix_list_ids.#": "0",
                            "egress.482069346.protocol": "-1",
                            "egress.482069346.security_groups.#": "0",
                            "egress.482069346.self": "false",
                            "egress.482069346.to_port": "0",
                            "id": "sg-06e2c452f91f85f5c",
                            "ingress.#": "1",
                            "ingress.2710694041.cidr_blocks.#": "8",
                            "ingress.2710694041.cidr_blocks.0": "62.253.83.190/32",
                            "ingress.2710694041.cidr_blocks.1": "82.11.218.115/32",
                            "ingress.2710694041.cidr_blocks.2": "82.25.7.144/32",
                            "ingress.2710694041.cidr_blocks.3": "82.27.144.252/32",
                            "ingress.2710694041.cidr_blocks.4": "109.73.148.70/32",
                            "ingress.2710694041.cidr_blocks.5": "185.42.236.254/32",
                            "ingress.2710694041.cidr_blocks.6": "194.97.8.70/32",
                            "ingress.2710694041.cidr_blocks.7": "194.97.8.69/32",
                            "ingress.2710694041.description": "",
                            "ingress.2710694041.from_port": "22",
                            "ingress.2710694041.ipv6_cidr_blocks.#": "0",
                            "ingress.2710694041.prefix_list_ids.#": "0",
                            "ingress.2710694041.protocol": "tcp",
                            "ingress.2710694041.security_groups.#": "0",
                            "ingress.2710694041.self": "false",
                            "ingress.2710694041.to_port": "22",
                            "name": "ANSIBLE-SSH-ACCESS",
                            "owner_id": "884237813524",
                            "revoke_rules_on_delete": "false",
                            "tags.%": "2",
                            "tags.Application": "sportal",
                            "tags.Name": "Ansible Host SSH Access SG",
                            "vpc_id": "vpc-0f1442d73f6cd5b16"
                        },
                        "meta": {
                            "e2bfb730-ecaa-11e6-8f88-34363bc7c4c0": {
                                "create": 600000000000,
                                "delete": 600000000000
                            },
                            "schema_version": "1"
                        },
                        "tainted": false
                    },
                    "deposed": [],
                    "provider": "provider.aws"
                },
                "aws_security_group.openvpn": {
                    "type": "aws_security_group",
                    "depends_on": [
                        "aws_vpc.main"
                    ],
                    "primary": {
                        "id": "sg-03c8caf9e90af1f2c",
                        "attributes": {
                            "arn": "arn:aws:ec2:eu-central-1:884237813524:security-group/sg-03c8caf9e90af1f2c",
                            "description": "openvpn access SG",
                            "egress.#": "1",
                            "egress.482069346.cidr_blocks.#": "1",
                            "egress.482069346.cidr_blocks.0": "0.0.0.0/0",
                            "egress.482069346.description": "",
                            "egress.482069346.from_port": "0",
                            "egress.482069346.ipv6_cidr_blocks.#": "0",
                            "egress.482069346.prefix_list_ids.#": "0",
                            "egress.482069346.protocol": "-1",
                            "egress.482069346.security_groups.#": "0",
                            "egress.482069346.self": "false",
                            "egress.482069346.to_port": "0",
                            "id": "sg-03c8caf9e90af1f2c",
                            "ingress.#": "6",
                            "ingress.2305380528.cidr_blocks.#": "1",
                            "ingress.2305380528.cidr_blocks.0": "109.73.148.70/32",
                            "ingress.2305380528.description": "",
                            "ingress.2305380528.from_port": "161",
                            "ingress.2305380528.ipv6_cidr_blocks.#": "0",
                            "ingress.2305380528.prefix_list_ids.#": "0",
                            "ingress.2305380528.protocol": "udp",
                            "ingress.2305380528.security_groups.#": "0",
                            "ingress.2305380528.self": "false",
                            "ingress.2305380528.to_port": "161",
                            "ingress.2322246585.cidr_blocks.#": "6",
                            "ingress.2322246585.cidr_blocks.0": "62.253.83.190/32",
                            "ingress.2322246585.cidr_blocks.1": "82.11.218.115/32",
                            "ingress.2322246585.cidr_blocks.2": "82.25.7.144/32",
                            "ingress.2322246585.cidr_blocks.3": "82.27.144.252/32",
                            "ingress.2322246585.cidr_blocks.4": "176.26.193.114/32",
                            "ingress.2322246585.cidr_blocks.5": "109.73.148.70/32",
                            "ingress.2322246585.description": "",
                            "ingress.2322246585.from_port": "943",
                            "ingress.2322246585.ipv6_cidr_blocks.#": "0",
                            "ingress.2322246585.prefix_list_ids.#": "0",
                            "ingress.2322246585.protocol": "tcp",
                            "ingress.2322246585.security_groups.#": "0",
                            "ingress.2322246585.self": "false",
                            "ingress.2322246585.to_port": "943",
                            "ingress.2617001939.cidr_blocks.#": "1",
                            "ingress.2617001939.cidr_blocks.0": "0.0.0.0/0",
                            "ingress.2617001939.description": "",
                            "ingress.2617001939.from_port": "443",
                            "ingress.2617001939.ipv6_cidr_blocks.#": "0",
                            "ingress.2617001939.prefix_list_ids.#": "0",
                            "ingress.2617001939.protocol": "tcp",
                            "ingress.2617001939.security_groups.#": "0",
                            "ingress.2617001939.self": "false",
                            "ingress.2617001939.to_port": "443",
                            "ingress.3433489895.cidr_blocks.#": "6",
                            "ingress.3433489895.cidr_blocks.0": "62.253.83.190/32",
                            "ingress.3433489895.cidr_blocks.1": "82.11.218.115/32",
                            "ingress.3433489895.cidr_blocks.2": "82.25.7.144/32",
                            "ingress.3433489895.cidr_blocks.3": "82.27.144.252/32",
                            "ingress.3433489895.cidr_blocks.4": "176.26.193.114/32",
                            "ingress.3433489895.cidr_blocks.5": "109.73.148.70/32",
                            "ingress.3433489895.description": "",
                            "ingress.3433489895.from_port": "22",
                            "ingress.3433489895.ipv6_cidr_blocks.#": "0",
                            "ingress.3433489895.prefix_list_ids.#": "0",
                            "ingress.3433489895.protocol": "tcp",
                            "ingress.3433489895.security_groups.#": "0",
                            "ingress.3433489895.self": "false",
                            "ingress.3433489895.to_port": "22",
                            "ingress.4178520169.cidr_blocks.#": "1",
                            "ingress.4178520169.cidr_blocks.0": "0.0.0.0/0",
                            "ingress.4178520169.description": "",
                            "ingress.4178520169.from_port": "1194",
                            "ingress.4178520169.ipv6_cidr_blocks.#": "0",
                            "ingress.4178520169.prefix_list_ids.#": "0",
                            "ingress.4178520169.protocol": "udp",
                            "ingress.4178520169.security_groups.#": "0",
                            "ingress.4178520169.self": "false",
                            "ingress.4178520169.to_port": "1194",
                            "ingress.974450863.cidr_blocks.#": "1",
                            "ingress.974450863.cidr_blocks.0": "109.73.148.70/32",
                            "ingress.974450863.description": "",
                            "ingress.974450863.from_port": "-1",
                            "ingress.974450863.ipv6_cidr_blocks.#": "0",
                            "ingress.974450863.prefix_list_ids.#": "0",
                            "ingress.974450863.protocol": "icmp",
                            "ingress.974450863.security_groups.#": "0",
                            "ingress.974450863.self": "false",
                            "ingress.974450863.to_port": "-1",
                            "name": "openvpn-sg",
                            "owner_id": "884237813524",
                            "revoke_rules_on_delete": "false",
                            "tags.%": "2",
                            "tags.Application": "sportal",
                            "tags.Name": "openvpn Access SG",
                            "vpc_id": "vpc-0f1442d73f6cd5b16"
                        },
                        "meta": {
                            "e2bfb730-ecaa-11e6-8f88-34363bc7c4c0": {
                                "create": 600000000000,
                                "delete": 600000000000
                            },
                            "schema_version": "1"
                        },
                        "tainted": false
                    },
                    "deposed": [],
                    "provider": "provider.aws"
                },
                "aws_security_group.ops_monitoring": {
                    "type": "aws_security_group",
                    "depends_on": [
                        "aws_eip.openvpn_eip",
                        "aws_security_group.Ansible_SSH_Access",
                        "aws_vpc.main"
                    ],
                    "primary": {
                        "id": "sg-020deaf2df7483e0d",
                        "attributes": {
                            "arn": "arn:aws:ec2:eu-central-1:884237813524:security-group/sg-020deaf2df7483e0d",
                            "description": "Sportal monitoring access SG",
                            "egress.#": "1",
                            "egress.482069346.cidr_blocks.#": "1",
                            "egress.482069346.cidr_blocks.0": "0.0.0.0/0",
                            "egress.482069346.description": "",
                            "egress.482069346.from_port": "0",
                            "egress.482069346.ipv6_cidr_blocks.#": "0",
                            "egress.482069346.prefix_list_ids.#": "0",
                            "egress.482069346.protocol": "-1",
                            "egress.482069346.security_groups.#": "0",
                            "egress.482069346.self": "false",
                            "egress.482069346.to_port": "0",
                            "id": "sg-020deaf2df7483e0d",
                            "ingress.#": "6",
                            "ingress.1517519828.cidr_blocks.#": "0",
                            "ingress.1517519828.description": "",
                            "ingress.1517519828.from_port": "22",
                            "ingress.1517519828.ipv6_cidr_blocks.#": "0",
                            "ingress.1517519828.prefix_list_ids.#": "0",
                            "ingress.1517519828.protocol": "tcp",
                            "ingress.1517519828.security_groups.#": "1",
                            "ingress.1517519828.security_groups.3632289113": "sg-06e2c452f91f85f5c",
                            "ingress.1517519828.self": "true",
                            "ingress.1517519828.to_port": "22",
                            "ingress.2305380528.cidr_blocks.#": "1",
                            "ingress.2305380528.cidr_blocks.0": "109.73.148.70/32",
                            "ingress.2305380528.description": "",
                            "ingress.2305380528.from_port": "161",
                            "ingress.2305380528.ipv6_cidr_blocks.#": "0",
                            "ingress.2305380528.prefix_list_ids.#": "0",
                            "ingress.2305380528.protocol": "udp",
                            "ingress.2305380528.security_groups.#": "0",
                            "ingress.2305380528.self": "false",
                            "ingress.2305380528.to_port": "161",
                            "ingress.2950132291.cidr_blocks.#": "4",
                            "ingress.2950132291.cidr_blocks.0": "3.122.96.162/32",
                            "ingress.2950132291.cidr_blocks.1": "109.73.148.70/32",
                            "ingress.2950132291.cidr_blocks.2": "62.253.83.190/32",
                            "ingress.2950132291.cidr_blocks.3": "172.27.224.0/20",
                            "ingress.2950132291.description": "",
                            "ingress.2950132291.from_port": "3000",
                            "ingress.2950132291.ipv6_cidr_blocks.#": "0",
                            "ingress.2950132291.prefix_list_ids.#": "0",
                            "ingress.2950132291.protocol": "tcp",
                            "ingress.2950132291.security_groups.#": "0",
                            "ingress.2950132291.self": "false",
                            "ingress.2950132291.to_port": "3000",
                            "ingress.3386436521.cidr_blocks.#": "3",
                            "ingress.3386436521.cidr_blocks.0": "82.25.7.144/32",
                            "ingress.3386436521.cidr_blocks.1": "62.253.83.190/32",
                            "ingress.3386436521.cidr_blocks.2": "109.73.148.70/32",
                            "ingress.3386436521.description": "",
                            "ingress.3386436521.from_port": "22",
                            "ingress.3386436521.ipv6_cidr_blocks.#": "0",
                            "ingress.3386436521.prefix_list_ids.#": "0",
                            "ingress.3386436521.protocol": "tcp",
                            "ingress.3386436521.security_groups.#": "0",
                            "ingress.3386436521.self": "false",
                            "ingress.3386436521.to_port": "22",
                            "ingress.882471082.cidr_blocks.#": "4",
                            "ingress.882471082.cidr_blocks.0": "3.122.96.162/32",
                            "ingress.882471082.cidr_blocks.1": "109.73.148.70/32",
                            "ingress.882471082.cidr_blocks.2": "62.253.83.190/32",
                            "ingress.882471082.cidr_blocks.3": "172.27.224.0/20",
                            "ingress.882471082.description": "",
                            "ingress.882471082.from_port": "80",
                            "ingress.882471082.ipv6_cidr_blocks.#": "0",
                            "ingress.882471082.prefix_list_ids.#": "0",
                            "ingress.882471082.protocol": "tcp",
                            "ingress.882471082.security_groups.#": "0",
                            "ingress.882471082.self": "false",
                            "ingress.882471082.to_port": "80",
                            "ingress.974450863.cidr_blocks.#": "1",
                            "ingress.974450863.cidr_blocks.0": "109.73.148.70/32",
                            "ingress.974450863.description": "",
                            "ingress.974450863.from_port": "-1",
                            "ingress.974450863.ipv6_cidr_blocks.#": "0",
                            "ingress.974450863.prefix_list_ids.#": "0",
                            "ingress.974450863.protocol": "icmp",
                            "ingress.974450863.security_groups.#": "0",
                            "ingress.974450863.self": "false",
                            "ingress.974450863.to_port": "-1",
                            "name": "monitoring",
                            "owner_id": "884237813524",
                            "revoke_rules_on_delete": "false",
                            "tags.%": "2",
                            "tags.Application": "sportal",
                            "tags.Name": "Sportal Monitoring SG",
                            "vpc_id": "vpc-0f1442d73f6cd5b16"
                        },
                        "meta": {
                            "e2bfb730-ecaa-11e6-8f88-34363bc7c4c0": {
                                "create": 600000000000,
                                "delete": 600000000000
                            },
                            "schema_version": "1"
                        },
                        "tainted": false
                    },
                    "deposed": [],
                    "provider": "provider.aws"
                },
                "aws_security_group.ops_monitoring_db": {
                    "type": "aws_security_group",
                    "depends_on": [
                        "aws_security_group.ops_monitoring",
                        "aws_vpc.main"
                    ],
                    "primary": {
                        "id": "sg-0394df24b17a74c9d",
                        "attributes": {
                            "arn": "arn:aws:ec2:eu-central-1:884237813524:security-group/sg-0394df24b17a74c9d",
                            "description": "ops-monitoring DB access SG",
                            "egress.#": "0",
                            "id": "sg-0394df24b17a74c9d",
                            "ingress.#": "1",
                            "ingress.2138608390.cidr_blocks.#": "0",
                            "ingress.2138608390.description": "",
                            "ingress.2138608390.from_port": "3306",
                            "ingress.2138608390.ipv6_cidr_blocks.#": "0",
                            "ingress.2138608390.prefix_list_ids.#": "0",
                            "ingress.2138608390.protocol": "tcp",
                            "ingress.2138608390.security_groups.#": "1",
                            "ingress.2138608390.security_groups.3479134177": "sg-020deaf2df7483e0d",
                            "ingress.2138608390.self": "true",
                            "ingress.2138608390.to_port": "3306",
                            "name": "ops_monitoring_sg",
                            "owner_id": "884237813524",
                            "revoke_rules_on_delete": "false",
                            "tags.%": "2",
                            "tags.Application": "sportal",
                            "tags.Name": "ops-monitoring DB SG",
                            "vpc_id": "vpc-0f1442d73f6cd5b16"
                        },
                        "meta": {
                            "e2bfb730-ecaa-11e6-8f88-34363bc7c4c0": {
                                "create": 600000000000,
                                "delete": 600000000000
                            },
                            "schema_version": "1"
                        },
                        "tainted": false
                    },
                    "deposed": [],
                    "provider": "provider.aws"
                },
                "aws_security_group.sportal_cms": {
                    "type": "aws_security_group",
                    "depends_on": [
                        "aws_eip.ansible_host_ip",
                        "aws_security_group.Ansible_SSH_Access",
                        "aws_security_group.openvpn",
                        "aws_security_group.ops_monitoring",
                        "aws_security_group.sportal_cms_elb",
                        "aws_vpc.main"
                    ],
                    "primary": {
                        "id": "sg-029a341b4dae233b6",
                        "attributes": {
                            "arn": "arn:aws:ec2:eu-central-1:884237813524:security-group/sg-029a341b4dae233b6",
                            "description": "Sportal CMS Server access SG",
                            "egress.#": "1",
                            "egress.482069346.cidr_blocks.#": "1",
                            "egress.482069346.cidr_blocks.0": "0.0.0.0/0",
                            "egress.482069346.description": "",
                            "egress.482069346.from_port": "0",
                            "egress.482069346.ipv6_cidr_blocks.#": "0",
                            "egress.482069346.prefix_list_ids.#": "0",
                            "egress.482069346.protocol": "-1",
                            "egress.482069346.security_groups.#": "0",
                            "egress.482069346.self": "false",
                            "egress.482069346.to_port": "0",
                            "id": "sg-029a341b4dae233b6",
                            "ingress.#": "12",
                            "ingress.11478141.cidr_blocks.#": "0",
                            "ingress.11478141.description": "",
                            "ingress.11478141.from_port": "81",
                            "ingress.11478141.ipv6_cidr_blocks.#": "0",
                            "ingress.11478141.prefix_list_ids.#": "0",
                            "ingress.11478141.protocol": "tcp",
                            "ingress.11478141.security_groups.#": "1",
                            "ingress.11478141.security_groups.714054683": "sg-03c8caf9e90af1f2c",
                            "ingress.11478141.self": "true",
                            "ingress.11478141.to_port": "81",
                            "ingress.1444391616.cidr_blocks.#": "0",
                            "ingress.1444391616.description": "",
                            "ingress.1444391616.from_port": "4000",
                            "ingress.1444391616.ipv6_cidr_blocks.#": "0",
                            "ingress.1444391616.prefix_list_ids.#": "0",
                            "ingress.1444391616.protocol": "udp",
                            "ingress.1444391616.security_groups.#": "1",
                            "ingress.1444391616.security_groups.714054683": "sg-03c8caf9e90af1f2c",
                            "ingress.1444391616.self": "true",
                            "ingress.1444391616.to_port": "4000",
                            "ingress.1552399876.cidr_blocks.#": "6",
                            "ingress.1552399876.cidr_blocks.0": "91.201.212.0/23",
                            "ingress.1552399876.cidr_blocks.1": "81.19.62.64/26",
                            "ingress.1552399876.cidr_blocks.2": "81.19.48.109/32",
                            "ingress.1552399876.cidr_blocks.3": "81.19.48.69/32",
                            "ingress.1552399876.cidr_blocks.4": "213.86.2.16/28",
                            "ingress.1552399876.cidr_blocks.5": "213.86.2.20/32",
                            "ingress.1552399876.description": "",
                            "ingress.1552399876.from_port": "20",
                            "ingress.1552399876.ipv6_cidr_blocks.#": "0",
                            "ingress.1552399876.prefix_list_ids.#": "0",
                            "ingress.1552399876.protocol": "tcp",
                            "ingress.1552399876.security_groups.#": "0",
                            "ingress.1552399876.self": "false",
                            "ingress.1552399876.to_port": "20",
                            "ingress.2162391191.cidr_blocks.#": "0",
                            "ingress.2162391191.description": "",
                            "ingress.2162391191.from_port": "-1",
                            "ingress.2162391191.ipv6_cidr_blocks.#": "0",
                            "ingress.2162391191.prefix_list_ids.#": "0",
                            "ingress.2162391191.protocol": "icmp",
                            "ingress.2162391191.security_groups.#": "1",
                            "ingress.2162391191.security_groups.3479134177": "sg-020deaf2df7483e0d",
                            "ingress.2162391191.self": "false",
                            "ingress.2162391191.to_port": "-1",
                            "ingress.2310148021.cidr_blocks.#": "4",
                            "ingress.2310148021.cidr_blocks.0": "82.25.7.144/32",
                            "ingress.2310148021.cidr_blocks.1": "62.253.83.190/32",
                            "ingress.2310148021.cidr_blocks.2": "109.73.148.70/32",
                            "ingress.2310148021.cidr_blocks.3": "18.195.47.4/32",
                            "ingress.2310148021.description": "",
                            "ingress.2310148021.from_port": "22",
                            "ingress.2310148021.ipv6_cidr_blocks.#": "0",
                            "ingress.2310148021.prefix_list_ids.#": "0",
                            "ingress.2310148021.protocol": "tcp",
                            "ingress.2310148021.security_groups.#": "0",
                            "ingress.2310148021.self": "false",
                            "ingress.2310148021.to_port": "22",
                            "ingress.2377826119.cidr_blocks.#": "0",
                            "ingress.2377826119.description": "",
                            "ingress.2377826119.from_port": "22",
                            "ingress.2377826119.ipv6_cidr_blocks.#": "0",
                            "ingress.2377826119.prefix_list_ids.#": "0",
                            "ingress.2377826119.protocol": "tcp",
                            "ingress.2377826119.security_groups.#": "3",
                            "ingress.2377826119.security_groups.3479134177": "sg-020deaf2df7483e0d",
                            "ingress.2377826119.security_groups.3632289113": "sg-06e2c452f91f85f5c",
                            "ingress.2377826119.security_groups.714054683": "sg-03c8caf9e90af1f2c",
                            "ingress.2377826119.self": "true",
                            "ingress.2377826119.to_port": "22",
                            "ingress.2385699105.cidr_blocks.#": "1",
                            "ingress.2385699105.cidr_blocks.0": "0.0.0.0/0",
                            "ingress.2385699105.description": "",
                            "ingress.2385699105.from_port": "80",
                            "ingress.2385699105.ipv6_cidr_blocks.#": "0",
                            "ingress.2385699105.prefix_list_ids.#": "0",
                            "ingress.2385699105.protocol": "tcp",
                            "ingress.2385699105.security_groups.#": "3",
                            "ingress.2385699105.security_groups.3632289113": "sg-06e2c452f91f85f5c",
                            "ingress.2385699105.security_groups.476347760": "sg-0a681491cf9cdb63c",
                            "ingress.2385699105.security_groups.714054683": "sg-03c8caf9e90af1f2c",
                            "ingress.2385699105.self": "true",
                            "ingress.2385699105.to_port": "80",
                            "ingress.2551267445.cidr_blocks.#": "0",
                            "ingress.2551267445.description": "",
                            "ingress.2551267445.from_port": "4000",
                            "ingress.2551267445.ipv6_cidr_blocks.#": "0",
                            "ingress.2551267445.prefix_list_ids.#": "0",
                            "ingress.2551267445.protocol": "tcp",
                            "ingress.2551267445.security_groups.#": "1",
                            "ingress.2551267445.security_groups.714054683": "sg-03c8caf9e90af1f2c",
                            "ingress.2551267445.self": "true",
                            "ingress.2551267445.to_port": "4000",
                            "ingress.2568521651.cidr_blocks.#": "0",
                            "ingress.2568521651.description": "",
                            "ingress.2568521651.from_port": "161",
                            "ingress.2568521651.ipv6_cidr_blocks.#": "0",
                            "ingress.2568521651.prefix_list_ids.#": "0",
                            "ingress.2568521651.protocol": "udp",
                            "ingress.2568521651.security_groups.#": "1",
                            "ingress.2568521651.security_groups.3479134177": "sg-020deaf2df7483e0d",
                            "ingress.2568521651.self": "false",
                            "ingress.2568521651.to_port": "161",
                            "ingress.2889366849.cidr_blocks.#": "0",
                            "ingress.2889366849.description": "",
                            "ingress.2889366849.from_port": "443",
                            "ingress.2889366849.ipv6_cidr_blocks.#": "0",
                            "ingress.2889366849.prefix_list_ids.#": "0",
                            "ingress.2889366849.protocol": "tcp",
                            "ingress.2889366849.security_groups.#": "3",
                            "ingress.2889366849.security_groups.3632289113": "sg-06e2c452f91f85f5c",
                            "ingress.2889366849.security_groups.476347760": "sg-0a681491cf9cdb63c",
                            "ingress.2889366849.security_groups.714054683": "sg-03c8caf9e90af1f2c",
                            "ingress.2889366849.self": "true",
                            "ingress.2889366849.to_port": "443",
                            "ingress.371225811.cidr_blocks.#": "6",
                            "ingress.371225811.cidr_blocks.0": "91.201.212.0/23",
                            "ingress.371225811.cidr_blocks.1": "81.19.62.64/26",
                            "ingress.371225811.cidr_blocks.2": "81.19.48.109/32",
                            "ingress.371225811.cidr_blocks.3": "81.19.48.69/32",
                            "ingress.371225811.cidr_blocks.4": "213.86.2.16/28",
                            "ingress.371225811.cidr_blocks.5": "213.86.2.20/32",
                            "ingress.371225811.description": "",
                            "ingress.371225811.from_port": "21",
                            "ingress.371225811.ipv6_cidr_blocks.#": "0",
                            "ingress.371225811.prefix_list_ids.#": "0",
                            "ingress.371225811.protocol": "tcp",
                            "ingress.371225811.security_groups.#": "0",
                            "ingress.371225811.self": "false",
                            "ingress.371225811.to_port": "21",
                            "ingress.4190495298.cidr_blocks.#": "6",
                            "ingress.4190495298.cidr_blocks.0": "91.201.212.0/23",
                            "ingress.4190495298.cidr_blocks.1": "81.19.62.64/26",
                            "ingress.4190495298.cidr_blocks.2": "81.19.48.109/32",
                            "ingress.4190495298.cidr_blocks.3": "81.19.48.69/32",
                            "ingress.4190495298.cidr_blocks.4": "213.86.2.16/28",
                            "ingress.4190495298.cidr_blocks.5": "213.86.2.20/32",
                            "ingress.4190495298.description": "",
                            "ingress.4190495298.from_port": "1024",
                            "ingress.4190495298.ipv6_cidr_blocks.#": "0",
                            "ingress.4190495298.prefix_list_ids.#": "0",
                            "ingress.4190495298.protocol": "tcp",
                            "ingress.4190495298.security_groups.#": "0",
                            "ingress.4190495298.self": "false",
                            "ingress.4190495298.to_port": "1048",
                            "name": "sportal_cms",
                            "owner_id": "884237813524",
                            "revoke_rules_on_delete": "false",
                            "tags.%": "2",
                            "tags.Application": "sportal",
                            "tags.Name": "Sportal CMS SG",
                            "vpc_id": "vpc-0f1442d73f6cd5b16"
                        },
                        "meta": {
                            "e2bfb730-ecaa-11e6-8f88-34363bc7c4c0": {
                                "create": 600000000000,
                                "delete": 600000000000
                            },
                            "schema_version": "1"
                        },
                        "tainted": false
                    },
                    "deposed": [],
                    "provider": "provider.aws"
                },
                "aws_security_group.sportal_cms_efs": {
                    "type": "aws_security_group",
                    "depends_on": [
                        "aws_security_group.Ansible_SSH_Access",
                        "aws_security_group.sportal_cms",
                        "aws_vpc.main"
                    ],
                    "primary": {
                        "id": "sg-087c39b73f04941ee",
                        "attributes": {
                            "arn": "arn:aws:ec2:eu-central-1:884237813524:security-group/sg-087c39b73f04941ee",
                            "description": "Sportal CMS Efs access SG",
                            "egress.#": "0",
                            "id": "sg-087c39b73f04941ee",
                            "ingress.#": "1",
                            "ingress.1648619484.cidr_blocks.#": "0",
                            "ingress.1648619484.description": "",
                            "ingress.1648619484.from_port": "2049",
                            "ingress.1648619484.ipv6_cidr_blocks.#": "0",
                            "ingress.1648619484.prefix_list_ids.#": "0",
                            "ingress.1648619484.protocol": "tcp",
                            "ingress.1648619484.security_groups.#": "2",
                            "ingress.1648619484.security_groups.1080142277": "sg-029a341b4dae233b6",
                            "ingress.1648619484.security_groups.3632289113": "sg-06e2c452f91f85f5c",
                            "ingress.1648619484.self": "false",
                            "ingress.1648619484.to_port": "2049",
                            "name": "sportal_cms_efs",
                            "owner_id": "884237813524",
                            "revoke_rules_on_delete": "false",
                            "tags.%": "2",
                            "tags.Application": "sportal",
                            "tags.Name": "Sportal cms EFS SG",
                            "vpc_id": "vpc-0f1442d73f6cd5b16"
                        },
                        "meta": {
                            "e2bfb730-ecaa-11e6-8f88-34363bc7c4c0": {
                                "create": 600000000000,
                                "delete": 600000000000
                            },
                            "schema_version": "1"
                        },
                        "tainted": false
                    },
                    "deposed": [],
                    "provider": "provider.aws"
                },
                "aws_security_group.sportal_cms_elb": {
                    "type": "aws_security_group",
                    "depends_on": [
                        "aws_vpc.main"
                    ],
                    "primary": {
                        "id": "sg-0a681491cf9cdb63c",
                        "attributes": {
                            "arn": "arn:aws:ec2:eu-central-1:884237813524:security-group/sg-0a681491cf9cdb63c",
                            "description": "Sportal CMS ELB access SG",
                            "egress.#": "1",
                            "egress.482069346.cidr_blocks.#": "1",
                            "egress.482069346.cidr_blocks.0": "0.0.0.0/0",
                            "egress.482069346.description": "",
                            "egress.482069346.from_port": "0",
                            "egress.482069346.ipv6_cidr_blocks.#": "0",
                            "egress.482069346.prefix_list_ids.#": "0",
                            "egress.482069346.protocol": "-1",
                            "egress.482069346.security_groups.#": "0",
                            "egress.482069346.self": "false",
                            "egress.482069346.to_port": "0",
                            "id": "sg-0a681491cf9cdb63c",
                            "ingress.#": "2",
                            "ingress.2214680975.cidr_blocks.#": "1",
                            "ingress.2214680975.cidr_blocks.0": "0.0.0.0/0",
                            "ingress.2214680975.description": "",
                            "ingress.2214680975.from_port": "80",
                            "ingress.2214680975.ipv6_cidr_blocks.#": "0",
                            "ingress.2214680975.prefix_list_ids.#": "0",
                            "ingress.2214680975.protocol": "tcp",
                            "ingress.2214680975.security_groups.#": "0",
                            "ingress.2214680975.self": "false",
                            "ingress.2214680975.to_port": "80",
                            "ingress.2617001939.cidr_blocks.#": "1",
                            "ingress.2617001939.cidr_blocks.0": "0.0.0.0/0",
                            "ingress.2617001939.description": "",
                            "ingress.2617001939.from_port": "443",
                            "ingress.2617001939.ipv6_cidr_blocks.#": "0",
                            "ingress.2617001939.prefix_list_ids.#": "0",
                            "ingress.2617001939.protocol": "tcp",
                            "ingress.2617001939.security_groups.#": "0",
                            "ingress.2617001939.self": "false",
                            "ingress.2617001939.to_port": "443",
                            "name": "sportal_cms_elb",
                            "owner_id": "884237813524",
                            "revoke_rules_on_delete": "false",
                            "tags.%": "2",
                            "tags.Application": "sportal",
                            "tags.Name": "Sportal CMS ELB SG",
                            "vpc_id": "vpc-0f1442d73f6cd5b16"
                        },
                        "meta": {
                            "e2bfb730-ecaa-11e6-8f88-34363bc7c4c0": {
                                "create": 600000000000,
                                "delete": 600000000000
                            },
                            "schema_version": "1"
                        },
                        "tainted": false
                    },
                    "deposed": [],
                    "provider": "provider.aws"
                },
                "aws_security_group.sportal_db": {
                    "type": "aws_security_group",
                    "depends_on": [
                        "aws_security_group.Ansible_SSH_Access",
                        "aws_security_group.openvpn",
                        "aws_security_group.sportal_cms",
                        "aws_security_group.sportal_web",
                        "aws_vpc.main"
                    ],
                    "primary": {
                        "id": "sg-063ceff35a1730274",
                        "attributes": {
                            "arn": "arn:aws:ec2:eu-central-1:884237813524:security-group/sg-063ceff35a1730274",
                            "description": "Sportal DB access SG",
                            "egress.#": "0",
                            "id": "sg-063ceff35a1730274",
                            "ingress.#": "1",
                            "ingress.2689403035.cidr_blocks.#": "0",
                            "ingress.2689403035.description": "",
                            "ingress.2689403035.from_port": "3306",
                            "ingress.2689403035.ipv6_cidr_blocks.#": "0",
                            "ingress.2689403035.prefix_list_ids.#": "0",
                            "ingress.2689403035.protocol": "tcp",
                            "ingress.2689403035.security_groups.#": "4",
                            "ingress.2689403035.security_groups.1080142277": "sg-029a341b4dae233b6",
                            "ingress.2689403035.security_groups.1783083486": "sg-0d2de14d420ad42b6",
                            "ingress.2689403035.security_groups.3632289113": "sg-06e2c452f91f85f5c",
                            "ingress.2689403035.security_groups.714054683": "sg-03c8caf9e90af1f2c",
                            "ingress.2689403035.self": "true",
                            "ingress.2689403035.to_port": "3306",
                            "name": "sportal_dg",
                            "owner_id": "884237813524",
                            "revoke_rules_on_delete": "false",
                            "tags.%": "2",
                            "tags.Application": "sportal",
                            "tags.Name": "Sportal DB SG",
                            "vpc_id": "vpc-0f1442d73f6cd5b16"
                        },
                        "meta": {
                            "e2bfb730-ecaa-11e6-8f88-34363bc7c4c0": {
                                "create": 600000000000,
                                "delete": 600000000000
                            },
                            "schema_version": "1"
                        },
                        "tainted": false
                    },
                    "deposed": [],
                    "provider": "provider.aws"
                },
                "aws_security_group.sportal_web": {
                    "type": "aws_security_group",
                    "depends_on": [
                        "aws_eip.ansible_host_ip",
                        "aws_security_group.Ansible_SSH_Access",
                        "aws_security_group.openvpn",
                        "aws_security_group.ops_monitoring",
                        "aws_security_group.sportal_web_elb",
                        "aws_vpc.main"
                    ],
                    "primary": {
                        "id": "sg-0d2de14d420ad42b6",
                        "attributes": {
                            "arn": "arn:aws:ec2:eu-central-1:884237813524:security-group/sg-0d2de14d420ad42b6",
                            "description": "Sportal Web Server access SG",
                            "egress.#": "1",
                            "egress.482069346.cidr_blocks.#": "1",
                            "egress.482069346.cidr_blocks.0": "0.0.0.0/0",
                            "egress.482069346.description": "",
                            "egress.482069346.from_port": "0",
                            "egress.482069346.ipv6_cidr_blocks.#": "0",
                            "egress.482069346.prefix_list_ids.#": "0",
                            "egress.482069346.protocol": "-1",
                            "egress.482069346.security_groups.#": "0",
                            "egress.482069346.self": "false",
                            "egress.482069346.to_port": "0",
                            "id": "sg-0d2de14d420ad42b6",
                            "ingress.#": "7",
                            "ingress.1599392250.cidr_blocks.#": "4",
                            "ingress.1599392250.cidr_blocks.0": "172.24.0.120/32",
                            "ingress.1599392250.cidr_blocks.1": "82.25.7.144/32",
                            "ingress.1599392250.cidr_blocks.2": "62.253.83.190/32",
                            "ingress.1599392250.cidr_blocks.3": "109.73.148.70/32",
                            "ingress.1599392250.description": "",
                            "ingress.1599392250.from_port": "22",
                            "ingress.1599392250.ipv6_cidr_blocks.#": "0",
                            "ingress.1599392250.prefix_list_ids.#": "0",
                            "ingress.1599392250.protocol": "tcp",
                            "ingress.1599392250.security_groups.#": "0",
                            "ingress.1599392250.self": "false",
                            "ingress.1599392250.to_port": "22",
                            "ingress.2162391191.cidr_blocks.#": "0",
                            "ingress.2162391191.description": "",
                            "ingress.2162391191.from_port": "-1",
                            "ingress.2162391191.ipv6_cidr_blocks.#": "0",
                            "ingress.2162391191.prefix_list_ids.#": "0",
                            "ingress.2162391191.protocol": "icmp",
                            "ingress.2162391191.security_groups.#": "1",
                            "ingress.2162391191.security_groups.3479134177": "sg-020deaf2df7483e0d",
                            "ingress.2162391191.self": "false",
                            "ingress.2162391191.to_port": "-1",
                            "ingress.2377826119.cidr_blocks.#": "0",
                            "ingress.2377826119.description": "",
                            "ingress.2377826119.from_port": "22",
                            "ingress.2377826119.ipv6_cidr_blocks.#": "0",
                            "ingress.2377826119.prefix_list_ids.#": "0",
                            "ingress.2377826119.protocol": "tcp",
                            "ingress.2377826119.security_groups.#": "3",
                            "ingress.2377826119.security_groups.3479134177": "sg-020deaf2df7483e0d",
                            "ingress.2377826119.security_groups.3632289113": "sg-06e2c452f91f85f5c",
                            "ingress.2377826119.security_groups.714054683": "sg-03c8caf9e90af1f2c",
                            "ingress.2377826119.self": "true",
                            "ingress.2377826119.to_port": "22",
                            "ingress.2568521651.cidr_blocks.#": "0",
                            "ingress.2568521651.description": "",
                            "ingress.2568521651.from_port": "161",
                            "ingress.2568521651.ipv6_cidr_blocks.#": "0",
                            "ingress.2568521651.prefix_list_ids.#": "0",
                            "ingress.2568521651.protocol": "udp",
                            "ingress.2568521651.security_groups.#": "1",
                            "ingress.2568521651.security_groups.3479134177": "sg-020deaf2df7483e0d",
                            "ingress.2568521651.self": "false",
                            "ingress.2568521651.to_port": "161",
                            "ingress.4246188394.cidr_blocks.#": "1",
                            "ingress.4246188394.cidr_blocks.0": "0.0.0.0/0",
                            "ingress.4246188394.description": "",
                            "ingress.4246188394.from_port": "80",
                            "ingress.4246188394.ipv6_cidr_blocks.#": "0",
                            "ingress.4246188394.prefix_list_ids.#": "0",
                            "ingress.4246188394.protocol": "tcp",
                            "ingress.4246188394.security_groups.#": "0",
                            "ingress.4246188394.self": "true",
                            "ingress.4246188394.to_port": "80",
                            "ingress.48754650.cidr_blocks.#": "0",
                            "ingress.48754650.description": "",
                            "ingress.48754650.from_port": "443",
                            "ingress.48754650.ipv6_cidr_blocks.#": "0",
                            "ingress.48754650.prefix_list_ids.#": "0",
                            "ingress.48754650.protocol": "tcp",
                            "ingress.48754650.security_groups.#": "2",
                            "ingress.48754650.security_groups.1487966470": "sg-0135fc3269e1651bd",
                            "ingress.48754650.security_groups.714054683": "sg-03c8caf9e90af1f2c",
                            "ingress.48754650.self": "true",
                            "ingress.48754650.to_port": "453",
                            "ingress.760132092.cidr_blocks.#": "0",
                            "ingress.760132092.description": "",
                            "ingress.760132092.from_port": "80",
                            "ingress.760132092.ipv6_cidr_blocks.#": "0",
                            "ingress.760132092.prefix_list_ids.#": "0",
                            "ingress.760132092.protocol": "tcp",
                            "ingress.760132092.security_groups.#": "2",
                            "ingress.760132092.security_groups.1487966470": "sg-0135fc3269e1651bd",
                            "ingress.760132092.security_groups.714054683": "sg-03c8caf9e90af1f2c",
                            "ingress.760132092.self": "true",
                            "ingress.760132092.to_port": "90",
                            "name": "sportal_web",
                            "owner_id": "884237813524",
                            "revoke_rules_on_delete": "false",
                            "tags.%": "2",
                            "tags.Application": "sportal",
                            "tags.Name": "Sportal Web SG",
                            "vpc_id": "vpc-0f1442d73f6cd5b16"
                        },
                        "meta": {
                            "e2bfb730-ecaa-11e6-8f88-34363bc7c4c0": {
                                "create": 600000000000,
                                "delete": 600000000000
                            },
                            "schema_version": "1"
                        },
                        "tainted": false
                    },
                    "deposed": [],
                    "provider": "provider.aws"
                },
                "aws_security_group.sportal_web_efs": {
                    "type": "aws_security_group",
                    "depends_on": [
                        "aws_security_group.Ansible_SSH_Access",
                        "aws_security_group.sportal_cms",
                        "aws_security_group.sportal_web",
                        "aws_vpc.main"
                    ],
                    "primary": {
                        "id": "sg-0cdbb4032ad4e938f",
                        "attributes": {
                            "arn": "arn:aws:ec2:eu-central-1:884237813524:security-group/sg-0cdbb4032ad4e938f",
                            "description": "Sportal Web Efs access SG",
                            "egress.#": "0",
                            "id": "sg-0cdbb4032ad4e938f",
                            "ingress.#": "1",
                            "ingress.2018168235.cidr_blocks.#": "0",
                            "ingress.2018168235.description": "",
                            "ingress.2018168235.from_port": "2049",
                            "ingress.2018168235.ipv6_cidr_blocks.#": "0",
                            "ingress.2018168235.prefix_list_ids.#": "0",
                            "ingress.2018168235.protocol": "tcp",
                            "ingress.2018168235.security_groups.#": "3",
                            "ingress.2018168235.security_groups.1080142277": "sg-029a341b4dae233b6",
                            "ingress.2018168235.security_groups.1783083486": "sg-0d2de14d420ad42b6",
                            "ingress.2018168235.security_groups.3632289113": "sg-06e2c452f91f85f5c",
                            "ingress.2018168235.self": "false",
                            "ingress.2018168235.to_port": "2049",
                            "name": "sportal_web_efs",
                            "owner_id": "884237813524",
                            "revoke_rules_on_delete": "false",
                            "tags.%": "2",
                            "tags.Application": "sportal",
                            "tags.Name": "Sportal Web EFS SG",
                            "vpc_id": "vpc-0f1442d73f6cd5b16"
                        },
                        "meta": {
                            "e2bfb730-ecaa-11e6-8f88-34363bc7c4c0": {
                                "create": 600000000000,
                                "delete": 600000000000
                            },
                            "schema_version": "1"
                        },
                        "tainted": false
                    },
                    "deposed": [],
                    "provider": "provider.aws"
                },
                "aws_security_group.sportal_web_elb": {
                    "type": "aws_security_group",
                    "depends_on": [
                        "aws_vpc.main"
                    ],
                    "primary": {
                        "id": "sg-0135fc3269e1651bd",
                        "attributes": {
                            "arn": "arn:aws:ec2:eu-central-1:884237813524:security-group/sg-0135fc3269e1651bd",
                            "description": "Sportal Web ELB access SG",
                            "egress.#": "1",
                            "egress.482069346.cidr_blocks.#": "1",
                            "egress.482069346.cidr_blocks.0": "0.0.0.0/0",
                            "egress.482069346.description": "",
                            "egress.482069346.from_port": "0",
                            "egress.482069346.ipv6_cidr_blocks.#": "0",
                            "egress.482069346.prefix_list_ids.#": "0",
                            "egress.482069346.protocol": "-1",
                            "egress.482069346.security_groups.#": "0",
                            "egress.482069346.self": "false",
                            "egress.482069346.to_port": "0",
                            "id": "sg-0135fc3269e1651bd",
                            "ingress.#": "2",
                            "ingress.2214680975.cidr_blocks.#": "1",
                            "ingress.2214680975.cidr_blocks.0": "0.0.0.0/0",
                            "ingress.2214680975.description": "",
                            "ingress.2214680975.from_port": "80",
                            "ingress.2214680975.ipv6_cidr_blocks.#": "0",
                            "ingress.2214680975.prefix_list_ids.#": "0",
                            "ingress.2214680975.protocol": "tcp",
                            "ingress.2214680975.security_groups.#": "0",
                            "ingress.2214680975.self": "false",
                            "ingress.2214680975.to_port": "80",
                            "ingress.2617001939.cidr_blocks.#": "1",
                            "ingress.2617001939.cidr_blocks.0": "0.0.0.0/0",
                            "ingress.2617001939.description": "",
                            "ingress.2617001939.from_port": "443",
                            "ingress.2617001939.ipv6_cidr_blocks.#": "0",
                            "ingress.2617001939.prefix_list_ids.#": "0",
                            "ingress.2617001939.protocol": "tcp",
                            "ingress.2617001939.security_groups.#": "0",
                            "ingress.2617001939.self": "false",
                            "ingress.2617001939.to_port": "443",
                            "name": "sportal_web_elb",
                            "owner_id": "884237813524",
                            "revoke_rules_on_delete": "false",
                            "tags.%": "2",
                            "tags.Application": "sportal",
                            "tags.Name": "Sportal Web ELB SG",
                            "vpc_id": "vpc-0f1442d73f6cd5b16"
                        },
                        "meta": {
                            "e2bfb730-ecaa-11e6-8f88-34363bc7c4c0": {
                                "create": 600000000000,
                                "delete": 600000000000
                            },
                            "schema_version": "1"
                        },
                        "tainted": false
                    },
                    "deposed": [],
                    "provider": "provider.aws"
                },
                "aws_subnet.cms_subnet_a": {
                    "type": "aws_subnet",
                    "depends_on": [
                        "aws_vpc.main",
                        "data.aws_availability_zones.available"
                    ],
                    "primary": {
                        "id": "subnet-058bd5ce4ba7e992a",
                        "attributes": {
                            "arn": "arn:aws:ec2:eu-central-1:884237813524:subnet/subnet-058bd5ce4ba7e992a",
                            "assign_ipv6_address_on_creation": "false",
                            "availability_zone": "eu-central-1a",
                            "availability_zone_id": "euc1-az2",
                            "cidr_block": "172.24.1.48/28",
                            "id": "subnet-058bd5ce4ba7e992a",
                            "ipv6_cidr_block": "",
                            "ipv6_cidr_block_association_id": "",
                            "map_public_ip_on_launch": "true",
                            "owner_id": "884237813524",
                            "tags.%": "3",
                            "tags.Application": "sportal",
                            "tags.Name": "sportal_cms_a",
                            "tags.Tier": "Cms",
                            "vpc_id": "vpc-0f1442d73f6cd5b16"
                        },
                        "meta": {
                            "e2bfb730-ecaa-11e6-8f88-34363bc7c4c0": {
                                "create": 600000000000,
                                "delete": 600000000000
                            },
                            "schema_version": "1"
                        },
                        "tainted": false
                    },
                    "deposed": [],
                    "provider": "provider.aws"
                },
                "aws_subnet.cms_subnet_b": {
                    "type": "aws_subnet",
                    "depends_on": [
                        "aws_vpc.main",
                        "data.aws_availability_zones.available"
                    ],
                    "primary": {
                        "id": "subnet-048f154327eb92e56",
                        "attributes": {
                            "arn": "arn:aws:ec2:eu-central-1:884237813524:subnet/subnet-048f154327eb92e56",
                            "assign_ipv6_address_on_creation": "false",
                            "availability_zone": "eu-central-1b",
                            "availability_zone_id": "euc1-az3",
                            "cidr_block": "172.24.1.64/28",
                            "id": "subnet-048f154327eb92e56",
                            "ipv6_cidr_block": "",
                            "ipv6_cidr_block_association_id": "",
                            "map_public_ip_on_launch": "true",
                            "owner_id": "884237813524",
                            "tags.%": "3",
                            "tags.Application": "sportal",
                            "tags.Name": "sportal_cms_b",
                            "tags.Tier": "Cms",
                            "vpc_id": "vpc-0f1442d73f6cd5b16"
                        },
                        "meta": {
                            "e2bfb730-ecaa-11e6-8f88-34363bc7c4c0": {
                                "create": 600000000000,
                                "delete": 600000000000
                            },
                            "schema_version": "1"
                        },
                        "tainted": false
                    },
                    "deposed": [],
                    "provider": "provider.aws"
                },
                "aws_subnet.db_subnet_a": {
                    "type": "aws_subnet",
                    "depends_on": [
                        "aws_vpc.main",
                        "data.aws_availability_zones.available"
                    ],
                    "primary": {
                        "id": "subnet-03a85e5a1c073c63e",
                        "attributes": {
                            "arn": "arn:aws:ec2:eu-central-1:884237813524:subnet/subnet-03a85e5a1c073c63e",
                            "assign_ipv6_address_on_creation": "false",
                            "availability_zone": "eu-central-1a",
                            "availability_zone_id": "euc1-az2",
                            "cidr_block": "172.24.2.0/28",
                            "id": "subnet-03a85e5a1c073c63e",
                            "ipv6_cidr_block": "",
                            "ipv6_cidr_block_association_id": "",
                            "map_public_ip_on_launch": "false",
                            "owner_id": "884237813524",
                            "tags.%": "2",
                            "tags.Application": "sportal",
                            "tags.Name": "db_subnet_a",
                            "vpc_id": "vpc-0f1442d73f6cd5b16"
                        },
                        "meta": {
                            "e2bfb730-ecaa-11e6-8f88-34363bc7c4c0": {
                                "create": 600000000000,
                                "delete": 600000000000
                            },
                            "schema_version": "1"
                        },
                        "tainted": false
                    },
                    "deposed": [],
                    "provider": "provider.aws"
                },
                "aws_subnet.db_subnet_b": {
                    "type": "aws_subnet",
                    "depends_on": [
                        "aws_vpc.main",
                        "data.aws_availability_zones.available"
                    ],
                    "primary": {
                        "id": "subnet-0b58400b0db9a3c44",
                        "attributes": {
                            "arn": "arn:aws:ec2:eu-central-1:884237813524:subnet/subnet-0b58400b0db9a3c44",
                            "assign_ipv6_address_on_creation": "false",
                            "availability_zone": "eu-central-1b",
                            "availability_zone_id": "euc1-az3",
                            "cidr_block": "172.24.2.16/28",
                            "id": "subnet-0b58400b0db9a3c44",
                            "ipv6_cidr_block": "",
                            "ipv6_cidr_block_association_id": "",
                            "map_public_ip_on_launch": "false",
                            "owner_id": "884237813524",
                            "tags.%": "2",
                            "tags.Application": "sportal",
                            "tags.Name": "db_subnet_b",
                            "vpc_id": "vpc-0f1442d73f6cd5b16"
                        },
                        "meta": {
                            "e2bfb730-ecaa-11e6-8f88-34363bc7c4c0": {
                                "create": 600000000000,
                                "delete": 600000000000
                            },
                            "schema_version": "1"
                        },
                        "tainted": false
                    },
                    "deposed": [],
                    "provider": "provider.aws"
                },
                "aws_subnet.db_subnet_c": {
                    "type": "aws_subnet",
                    "depends_on": [
                        "aws_vpc.main",
                        "data.aws_availability_zones.available"
                    ],
                    "primary": {
                        "id": "subnet-009978f7ad234ba51",
                        "attributes": {
                            "arn": "arn:aws:ec2:eu-central-1:884237813524:subnet/subnet-009978f7ad234ba51",
                            "assign_ipv6_address_on_creation": "false",
                            "availability_zone": "eu-central-1c",
                            "availability_zone_id": "euc1-az1",
                            "cidr_block": "172.24.2.32/28",
                            "id": "subnet-009978f7ad234ba51",
                            "ipv6_cidr_block": "",
                            "ipv6_cidr_block_association_id": "",
                            "map_public_ip_on_launch": "false",
                            "owner_id": "884237813524",
                            "tags.%": "2",
                            "tags.Application": "sportal",
                            "tags.Name": "db_subnet_c",
                            "vpc_id": "vpc-0f1442d73f6cd5b16"
                        },
                        "meta": {
                            "e2bfb730-ecaa-11e6-8f88-34363bc7c4c0": {
                                "create": 600000000000,
                                "delete": 600000000000
                            },
                            "schema_version": "1"
                        },
                        "tainted": false
                    },
                    "deposed": [],
                    "provider": "provider.aws"
                },
                "aws_subnet.public_subnet_a": {
                    "type": "aws_subnet",
                    "depends_on": [
                        "aws_vpc.main",
                        "data.aws_availability_zones.available"
                    ],
                    "primary": {
                        "id": "subnet-046b009526aa19447",
                        "attributes": {
                            "arn": "arn:aws:ec2:eu-central-1:884237813524:subnet/subnet-046b009526aa19447",
                            "assign_ipv6_address_on_creation": "false",
                            "availability_zone": "eu-central-1a",
                            "availability_zone_id": "euc1-az2",
                            "cidr_block": "172.24.0.0/24",
                            "id": "subnet-046b009526aa19447",
                            "ipv6_cidr_block": "",
                            "ipv6_cidr_block_association_id": "",
                            "map_public_ip_on_launch": "true",
                            "owner_id": "884237813524",
                            "tags.%": "3",
                            "tags.Application": "sportal",
                            "tags.Name": "Sportal_mgmt",
                            "tags.Tier": "mgmt",
                            "vpc_id": "vpc-0f1442d73f6cd5b16"
                        },
                        "meta": {
                            "e2bfb730-ecaa-11e6-8f88-34363bc7c4c0": {
                                "create": 600000000000,
                                "delete": 600000000000
                            },
                            "schema_version": "1"
                        },
                        "tainted": false
                    },
                    "deposed": [],
                    "provider": "provider.aws"
                },
                "aws_subnet.sportal_cms_efs_a": {
                    "type": "aws_subnet",
                    "depends_on": [
                        "aws_vpc.main",
                        "data.aws_availability_zones.available"
                    ],
                    "primary": {
                        "id": "subnet-0741fa406770aecd2",
                        "attributes": {
                            "arn": "arn:aws:ec2:eu-central-1:884237813524:subnet/subnet-0741fa406770aecd2",
                            "assign_ipv6_address_on_creation": "false",
                            "availability_zone": "eu-central-1a",
                            "availability_zone_id": "euc1-az2",
                            "cidr_block": "172.24.1.128/28",
                            "id": "subnet-0741fa406770aecd2",
                            "ipv6_cidr_block": "",
                            "ipv6_cidr_block_association_id": "",
                            "map_public_ip_on_launch": "false",
                            "owner_id": "884237813524",
                            "tags.%": "2",
                            "tags.Application": "sportal",
                            "tags.Name": "sportal_cms_efs_a",
                            "vpc_id": "vpc-0f1442d73f6cd5b16"
                        },
                        "meta": {
                            "e2bfb730-ecaa-11e6-8f88-34363bc7c4c0": {
                                "create": 600000000000,
                                "delete": 600000000000
                            },
                            "schema_version": "1"
                        },
                        "tainted": false
                    },
                    "deposed": [],
                    "provider": "provider.aws"
                },
                "aws_subnet.sportal_cms_efs_b": {
                    "type": "aws_subnet",
                    "depends_on": [
                        "aws_vpc.main",
                        "data.aws_availability_zones.available"
                    ],
                    "primary": {
                        "id": "subnet-02975ab8183840c9e",
                        "attributes": {
                            "arn": "arn:aws:ec2:eu-central-1:884237813524:subnet/subnet-02975ab8183840c9e",
                            "assign_ipv6_address_on_creation": "false",
                            "availability_zone": "eu-central-1b",
                            "availability_zone_id": "euc1-az3",
                            "cidr_block": "172.24.1.144/28",
                            "id": "subnet-02975ab8183840c9e",
                            "ipv6_cidr_block": "",
                            "ipv6_cidr_block_association_id": "",
                            "map_public_ip_on_launch": "false",
                            "owner_id": "884237813524",
                            "tags.%": "2",
                            "tags.Application": "sportal",
                            "tags.Name": "sportal_cms_efs_b",
                            "vpc_id": "vpc-0f1442d73f6cd5b16"
                        },
                        "meta": {
                            "e2bfb730-ecaa-11e6-8f88-34363bc7c4c0": {
                                "create": 600000000000,
                                "delete": 600000000000
                            },
                            "schema_version": "1"
                        },
                        "tainted": false
                    },
                    "deposed": [],
                    "provider": "provider.aws"
                },
                "aws_subnet.sportal_cms_efs_c": {
                    "type": "aws_subnet",
                    "depends_on": [
                        "aws_vpc.main",
                        "data.aws_availability_zones.available"
                    ],
                    "primary": {
                        "id": "subnet-03b3eb00de0f176e7",
                        "attributes": {
                            "arn": "arn:aws:ec2:eu-central-1:884237813524:subnet/subnet-03b3eb00de0f176e7",
                            "assign_ipv6_address_on_creation": "false",
                            "availability_zone": "eu-central-1c",
                            "availability_zone_id": "euc1-az1",
                            "cidr_block": "172.24.1.160/28",
                            "id": "subnet-03b3eb00de0f176e7",
                            "ipv6_cidr_block": "",
                            "ipv6_cidr_block_association_id": "",
                            "map_public_ip_on_launch": "false",
                            "owner_id": "884237813524",
                            "tags.%": "2",
                            "tags.Application": "sportal",
                            "tags.Name": "sportal_cms_efs_c",
                            "vpc_id": "vpc-0f1442d73f6cd5b16"
                        },
                        "meta": {
                            "e2bfb730-ecaa-11e6-8f88-34363bc7c4c0": {
                                "create": 600000000000,
                                "delete": 600000000000
                            },
                            "schema_version": "1"
                        },
                        "tainted": false
                    },
                    "deposed": [],
                    "provider": "provider.aws"
                },
                "aws_subnet.sportal_web_efs_a": {
                    "type": "aws_subnet",
                    "depends_on": [
                        "aws_vpc.main",
                        "data.aws_availability_zones.available"
                    ],
                    "primary": {
                        "id": "subnet-05d4e355a5770aceb",
                        "attributes": {
                            "arn": "arn:aws:ec2:eu-central-1:884237813524:subnet/subnet-05d4e355a5770aceb",
                            "assign_ipv6_address_on_creation": "false",
                            "availability_zone": "eu-central-1a",
                            "availability_zone_id": "euc1-az2",
                            "cidr_block": "172.24.1.80/28",
                            "id": "subnet-05d4e355a5770aceb",
                            "ipv6_cidr_block": "",
                            "ipv6_cidr_block_association_id": "",
                            "map_public_ip_on_launch": "false",
                            "owner_id": "884237813524",
                            "tags.%": "2",
                            "tags.Application": "sportal",
                            "tags.Name": "sportal_web_efs_a",
                            "vpc_id": "vpc-0f1442d73f6cd5b16"
                        },
                        "meta": {
                            "e2bfb730-ecaa-11e6-8f88-34363bc7c4c0": {
                                "create": 600000000000,
                                "delete": 600000000000
                            },
                            "schema_version": "1"
                        },
                        "tainted": false
                    },
                    "deposed": [],
                    "provider": "provider.aws"
                },
                "aws_subnet.sportal_web_efs_b": {
                    "type": "aws_subnet",
                    "depends_on": [
                        "aws_vpc.main",
                        "data.aws_availability_zones.available"
                    ],
                    "primary": {
                        "id": "subnet-03862aedbcd22ea46",
                        "attributes": {
                            "arn": "arn:aws:ec2:eu-central-1:884237813524:subnet/subnet-03862aedbcd22ea46",
                            "assign_ipv6_address_on_creation": "false",
                            "availability_zone": "eu-central-1b",
                            "availability_zone_id": "euc1-az3",
                            "cidr_block": "172.24.1.96/28",
                            "id": "subnet-03862aedbcd22ea46",
                            "ipv6_cidr_block": "",
                            "ipv6_cidr_block_association_id": "",
                            "map_public_ip_on_launch": "false",
                            "owner_id": "884237813524",
                            "tags.%": "2",
                            "tags.Application": "sportal",
                            "tags.Name": "sportal_web_efs_b",
                            "vpc_id": "vpc-0f1442d73f6cd5b16"
                        },
                        "meta": {
                            "e2bfb730-ecaa-11e6-8f88-34363bc7c4c0": {
                                "create": 600000000000,
                                "delete": 600000000000
                            },
                            "schema_version": "1"
                        },
                        "tainted": false
                    },
                    "deposed": [],
                    "provider": "provider.aws"
                },
                "aws_subnet.sportal_web_efs_c": {
                    "type": "aws_subnet",
                    "depends_on": [
                        "aws_vpc.main",
                        "data.aws_availability_zones.available"
                    ],
                    "primary": {
                        "id": "subnet-04408bd973f28f7f2",
                        "attributes": {
                            "arn": "arn:aws:ec2:eu-central-1:884237813524:subnet/subnet-04408bd973f28f7f2",
                            "assign_ipv6_address_on_creation": "false",
                            "availability_zone": "eu-central-1c",
                            "availability_zone_id": "euc1-az1",
                            "cidr_block": "172.24.1.112/28",
                            "id": "subnet-04408bd973f28f7f2",
                            "ipv6_cidr_block": "",
                            "ipv6_cidr_block_association_id": "",
                            "map_public_ip_on_launch": "false",
                            "owner_id": "884237813524",
                            "tags.%": "2",
                            "tags.Application": "sportal",
                            "tags.Name": "sportal_web_efs_c",
                            "vpc_id": "vpc-0f1442d73f6cd5b16"
                        },
                        "meta": {
                            "e2bfb730-ecaa-11e6-8f88-34363bc7c4c0": {
                                "create": 600000000000,
                                "delete": 600000000000
                            },
                            "schema_version": "1"
                        },
                        "tainted": false
                    },
                    "deposed": [],
                    "provider": "provider.aws"
                },
                "aws_subnet.webelbfe_subnet_a": {
                    "type": "aws_subnet",
                    "depends_on": [
                        "aws_vpc.main",
                        "data.aws_availability_zones.available"
                    ],
                    "primary": {
                        "id": "subnet-00693552676500b00",
                        "attributes": {
                            "arn": "arn:aws:ec2:eu-central-1:884237813524:subnet/subnet-00693552676500b00",
                            "assign_ipv6_address_on_creation": "false",
                            "availability_zone": "eu-central-1a",
                            "availability_zone_id": "euc1-az2",
                            "cidr_block": "172.24.3.0/24",
                            "id": "subnet-00693552676500b00",
                            "ipv6_cidr_block": "",
                            "ipv6_cidr_block_association_id": "",
                            "map_public_ip_on_launch": "true",
                            "owner_id": "884237813524",
                            "tags.%": "3",
                            "tags.Application": "sportal",
                            "tags.Name": "sportal_elbwebfe_a",
                            "tags.Tier": "Fe",
                            "vpc_id": "vpc-0f1442d73f6cd5b16"
                        },
                        "meta": {
                            "e2bfb730-ecaa-11e6-8f88-34363bc7c4c0": {
                                "create": 600000000000,
                                "delete": 600000000000
                            },
                            "schema_version": "1"
                        },
                        "tainted": false
                    },
                    "deposed": [],
                    "provider": "provider.aws"
                },
                "aws_subnet.webelbfe_subnet_b": {
                    "type": "aws_subnet",
                    "depends_on": [
                        "aws_vpc.main",
                        "data.aws_availability_zones.available"
                    ],
                    "primary": {
                        "id": "subnet-0f87709761c4ca4f7",
                        "attributes": {
                            "arn": "arn:aws:ec2:eu-central-1:884237813524:subnet/subnet-0f87709761c4ca4f7",
                            "assign_ipv6_address_on_creation": "false",
                            "availability_zone": "eu-central-1b",
                            "availability_zone_id": "euc1-az3",
                            "cidr_block": "172.24.4.0/24",
                            "id": "subnet-0f87709761c4ca4f7",
                            "ipv6_cidr_block": "",
                            "ipv6_cidr_block_association_id": "",
                            "map_public_ip_on_launch": "true",
                            "owner_id": "884237813524",
                            "tags.%": "3",
                            "tags.Application": "sportal",
                            "tags.Name": "sportal_elbwebfe_b",
                            "tags.Tier": "Fe",
                            "vpc_id": "vpc-0f1442d73f6cd5b16"
                        },
                        "meta": {
                            "e2bfb730-ecaa-11e6-8f88-34363bc7c4c0": {
                                "create": 600000000000,
                                "delete": 600000000000
                            },
                            "schema_version": "1"
                        },
                        "tainted": false
                    },
                    "deposed": [],
                    "provider": "provider.aws"
                },
                "aws_subnet.webelbfe_subnet_c": {
                    "type": "aws_subnet",
                    "depends_on": [
                        "aws_vpc.main",
                        "data.aws_availability_zones.available"
                    ],
                    "primary": {
                        "id": "subnet-06dcda9dd9f1376be",
                        "attributes": {
                            "arn": "arn:aws:ec2:eu-central-1:884237813524:subnet/subnet-06dcda9dd9f1376be",
                            "assign_ipv6_address_on_creation": "false",
                            "availability_zone": "eu-central-1c",
                            "availability_zone_id": "euc1-az1",
                            "cidr_block": "172.24.5.0/24",
                            "id": "subnet-06dcda9dd9f1376be",
                            "ipv6_cidr_block": "",
                            "ipv6_cidr_block_association_id": "",
                            "map_public_ip_on_launch": "true",
                            "owner_id": "884237813524",
                            "tags.%": "3",
                            "tags.Application": "sportal",
                            "tags.Name": "sportal_elbwebfe_c",
                            "tags.Tier": "Fe",
                            "vpc_id": "vpc-0f1442d73f6cd5b16"
                        },
                        "meta": {
                            "e2bfb730-ecaa-11e6-8f88-34363bc7c4c0": {
                                "create": 600000000000,
                                "delete": 600000000000
                            },
                            "schema_version": "1"
                        },
                        "tainted": false
                    },
                    "deposed": [],
                    "provider": "provider.aws"
                },
                "aws_subnet.webfe_subnet_a": {
                    "type": "aws_subnet",
                    "depends_on": [
                        "aws_vpc.main",
                        "data.aws_availability_zones.available"
                    ],
                    "primary": {
                        "id": "subnet-0f7a66b358b9c13cb",
                        "attributes": {
                            "arn": "arn:aws:ec2:eu-central-1:884237813524:subnet/subnet-0f7a66b358b9c13cb",
                            "assign_ipv6_address_on_creation": "false",
                            "availability_zone": "eu-central-1a",
                            "availability_zone_id": "euc1-az2",
                            "cidr_block": "172.24.1.0/28",
                            "id": "subnet-0f7a66b358b9c13cb",
                            "ipv6_cidr_block": "",
                            "ipv6_cidr_block_association_id": "",
                            "map_public_ip_on_launch": "true",
                            "owner_id": "884237813524",
                            "tags.%": "3",
                            "tags.Application": "sportal",
                            "tags.Name": "sportal_webfe_a",
                            "tags.Tier": "Webfe",
                            "vpc_id": "vpc-0f1442d73f6cd5b16"
                        },
                        "meta": {
                            "e2bfb730-ecaa-11e6-8f88-34363bc7c4c0": {
                                "create": 600000000000,
                                "delete": 600000000000
                            },
                            "schema_version": "1"
                        },
                        "tainted": false
                    },
                    "deposed": [],
                    "provider": "provider.aws"
                },
                "aws_subnet.webfe_subnet_b": {
                    "type": "aws_subnet",
                    "depends_on": [
                        "aws_vpc.main"
                    ],
                    "primary": {
                        "id": "subnet-086d5fa09a94a02c9",
                        "attributes": {
                            "arn": "arn:aws:ec2:eu-central-1:884237813524:subnet/subnet-086d5fa09a94a02c9",
                            "assign_ipv6_address_on_creation": "false",
                            "availability_zone": "eu-central-1b",
                            "availability_zone_id": "euc1-az3",
                            "cidr_block": "172.24.1.16/28",
                            "id": "subnet-086d5fa09a94a02c9",
                            "ipv6_cidr_block": "",
                            "ipv6_cidr_block_association_id": "",
                            "map_public_ip_on_launch": "true",
                            "owner_id": "884237813524",
                            "tags.%": "3",
                            "tags.Application": "sportal",
                            "tags.Name": "sportal_webfe_b",
                            "tags.Tier": "Webfe",
                            "vpc_id": "vpc-0f1442d73f6cd5b16"
                        },
                        "meta": {
                            "e2bfb730-ecaa-11e6-8f88-34363bc7c4c0": {
                                "create": 600000000000,
                                "delete": 600000000000
                            },
                            "schema_version": "1"
                        },
                        "tainted": false
                    },
                    "deposed": [],
                    "provider": "provider.aws"
                },
                "aws_subnet.webfe_subnet_c": {
                    "type": "aws_subnet",
                    "depends_on": [
                        "aws_vpc.main"
                    ],
                    "primary": {
                        "id": "subnet-0e5eb1aceaca1d777",
                        "attributes": {
                            "arn": "arn:aws:ec2:eu-central-1:884237813524:subnet/subnet-0e5eb1aceaca1d777",
                            "assign_ipv6_address_on_creation": "false",
                            "availability_zone": "eu-central-1c",
                            "availability_zone_id": "euc1-az1",
                            "cidr_block": "172.24.1.32/28",
                            "id": "subnet-0e5eb1aceaca1d777",
                            "ipv6_cidr_block": "",
                            "ipv6_cidr_block_association_id": "",
                            "map_public_ip_on_launch": "true",
                            "owner_id": "884237813524",
                            "tags.%": "3",
                            "tags.Application": "sportal",
                            "tags.Name": "sportal_webfe_c",
                            "tags.Tier": "Webfe",
                            "vpc_id": "vpc-0f1442d73f6cd5b16"
                        },
                        "meta": {
                            "e2bfb730-ecaa-11e6-8f88-34363bc7c4c0": {
                                "create": 600000000000,
                                "delete": 600000000000
                            },
                            "schema_version": "1"
                        },
                        "tainted": false
                    },
                    "deposed": [],
                    "provider": "provider.aws"
                },
                "aws_vpc.main": {
                    "type": "aws_vpc",
                    "depends_on": [],
                    "primary": {
                        "id": "vpc-0f1442d73f6cd5b16",
                        "attributes": {
                            "arn": "arn:aws:ec2:eu-central-1:884237813524:vpc/vpc-0f1442d73f6cd5b16",
                            "assign_generated_ipv6_cidr_block": "false",
                            "cidr_block": "172.24.0.0/20",
                            "default_network_acl_id": "acl-0755ab44e62c666a0",
                            "default_route_table_id": "rtb-0265322b14f46c738",
                            "default_security_group_id": "sg-0fc5f52d7656eb873",
                            "dhcp_options_id": "dopt-0e50911379411a8db",
                            "enable_dns_hostnames": "true",
                            "enable_dns_support": "true",
                            "id": "vpc-0f1442d73f6cd5b16",
                            "instance_tenancy": "default",
                            "ipv6_association_id": "",
                            "ipv6_cidr_block": "",
                            "main_route_table_id": "rtb-0265322b14f46c738",
                            "owner_id": "884237813524",
                            "tags.%": "1",
                            "tags.Name": "Sportal_VPC_DE"
                        },
                        "meta": {
                            "schema_version": "1"
                        },
                        "tainted": false
                    },
                    "deposed": [],
                    "provider": "provider.aws"
                },
                "aws_vpc_dhcp_options.sportal": {
                    "type": "aws_vpc_dhcp_options",
                    "depends_on": [],
                    "primary": {
                        "id": "dopt-0e50911379411a8db",
                        "attributes": {
                            "domain_name": "sportal.local",
                            "domain_name_servers.#": "1",
                            "domain_name_servers.0": "AmazonProvidedDNS",
                            "id": "dopt-0e50911379411a8db",
                            "owner_id": "884237813524",
                            "tags.%": "0"
                        },
                        "meta": {},
                        "tainted": false
                    },
                    "deposed": [],
                    "provider": "provider.aws"
                },
                "aws_vpc_dhcp_options_association.sportal_dhcp_assoc": {
                    "type": "aws_vpc_dhcp_options_association",
                    "depends_on": [
                        "aws_vpc.main",
                        "aws_vpc_dhcp_options.sportal"
                    ],
                    "primary": {
                        "id": "dopt-0e50911379411a8db-vpc-0f1442d73f6cd5b16",
                        "attributes": {
                            "dhcp_options_id": "dopt-0e50911379411a8db",
                            "id": "dopt-0e50911379411a8db-vpc-0f1442d73f6cd5b16",
                            "vpc_id": "vpc-0f1442d73f6cd5b16"
                        },
                        "meta": {},
                        "tainted": false
                    },
                    "deposed": [],
                    "provider": "provider.aws"
                },
                "data.aws_availability_zones.available": {
                    "type": "aws_availability_zones",
                    "depends_on": [],
                    "primary": {
                        "id": "2019-04-10 09:19:49.389599 +0000 UTC",
                        "attributes": {
                            "id": "2019-04-10 09:19:49.389599 +0000 UTC",
                            "names.#": "3",
                            "names.0": "eu-central-1a",
                            "names.1": "eu-central-1b",
                            "names.2": "eu-central-1c",
                            "zone_ids.#": "3",
                            "zone_ids.0": "euc1-az2",
                            "zone_ids.1": "euc1-az3",
                            "zone_ids.2": "euc1-az1"
                        },
                        "meta": {},
                        "tainted": false
                    },
                    "deposed": [],
                    "provider": "provider.aws"
                },
                "data.aws_subnet_ids.cms": {
                    "type": "aws_subnet_ids",
                    "depends_on": [
                        "aws_subnet.cms_subnet_a",
                        "aws_vpc.main"
                    ],
                    "primary": {
                        "id": "vpc-0f1442d73f6cd5b16",
                        "attributes": {
                            "id": "vpc-0f1442d73f6cd5b16",
                            "ids.#": "5",
                            "ids.3009097426": "subnet-058bd5ce4ba7e992a",
                            "ids.3329200994": "subnet-048f154327eb92e56",
                            "ids.4081680319": "subnet-03b3eb00de0f176e7",
                            "ids.507405233": "subnet-0741fa406770aecd2",
                            "ids.72354383": "subnet-02975ab8183840c9e",
                            "tags.%": "1",
                            "tags.Name": "sportal_cms_*",
                            "vpc_id": "vpc-0f1442d73f6cd5b16"
                        },
                        "meta": {},
                        "tainted": false
                    },
                    "deposed": [],
                    "provider": "provider.aws"
                }
            },
            "depends_on": []
        }
    ]
}
